version = 1
revision = 3
requires-python = ">=3.14"

[[package]]
name = "argcomplete"
version = "3.6.3"
source = { registry = "https://pypi.org/simple" }
sdist = { url = "https://files.pythonhosted.org/packages/38/61/0b9ae6399dd4a58d8c1b1dc5a27d6f2808023d0b5dd3104bb99f45a33ff6/argcomplete-3.6.3.tar.gz", hash = "sha256:62e8ed4fd6a45864acc8235409461b72c9a28ee785a2011cc5eb78318786c89c", size = 73754, upload-time = "2025-10-20T03:33:34.741Z" }
wheels = [
    { url = "https://files.pythonhosted.org/packages/74/f5/9373290775639cb67a2fce7f629a1c240dce9f12fe927bc32b2736e16dfc/argcomplete-3.6.3-py3-none-any.whl", hash = "sha256:f5007b3a600ccac5d25bbce33089211dfd49eab4a7718da3f10e3082525a92ce", size = 43846, upload-time = "2025-10-20T03:33:33.021Z" },
]

[[package]]
name = "autocorrect-py"
version = "2.14.0"
source = { registry = "https://pypi.org/simple" }
sdist = { url = "https://files.pythonhosted.org/packages/39/d9/ee3442377fdc687fb4a5212c242240bbeb34311ccc41de45badc813b5b01/autocorrect_py-2.14.0.tar.gz", hash = "sha256:05f2ceaf9daca7cdbcc1648c20561e98123b540ba80688bb33e67fbe0ed942e4", size = 110016, upload-time = "2025-04-26T11:55:10.403Z" }
wheels = [
    { url = "https://files.pythonhosted.org/packages/de/4b/0a6f6f483a199d8ece027418474d65b2620722d30ae9fec443a1442176f9/autocorrect_py-2.14.0-cp37-abi3-macosx_10_7_x86_64.whl", hash = "sha256:fc7aa8b20e6c14bf0832e007efc9cba5e3c8b0d29adf77358caef67dbdc68570", size = 1722503, upload-time = "2025-04-26T11:54:50.53Z" },
    { url = "https://files.pythonhosted.org/packages/3b/a6/a7d7c4eb2eaa2a47e222abf617aaa4e1c9f6e3b7b36405ab9d92439bc042/autocorrect_py-2.14.0-cp37-abi3-macosx_11_0_arm64.whl", hash = "sha256:da433ed2b6b7fede2f72c6fa5bb9021ddd6dbc207b7f77a33ee2df816b82eab9", size = 1625904, upload-time = "2025-04-26T11:54:52.228Z" },
    { url = "https://files.pythonhosted.org/packages/89/13/2fa26c4910f0b559a6a4d8616d81f18fd03646207b70822fabc55be85b53/autocorrect_py-2.14.0-cp37-abi3-manylinux_2_17_aarch64.manylinux2014_aarch64.whl", hash = "sha256:b574653590d9acf6bf8c77b1fcbd459d08e7849bfb9fae21a7bef32648ca42b1", size = 1758698, upload-time = "2025-04-26T11:54:53.721Z" },
    { url = "https://files.pythonhosted.org/packages/aa/0b/231db13940b8c714256f7971382a71bd878bc172325a73d005708551fc50/autocorrect_py-2.14.0-cp37-abi3-manylinux_2_17_armv7l.manylinux2014_armv7l.whl", hash = "sha256:8b83b24363ab6be049e7ed509a85a2ad47d83dcd7df6a3f4b01a77f4eb3c46ba", size = 1740205, upload-time = "2025-04-26T11:54:55.855Z" },
    { url = "https://files.pythonhosted.org/packages/11/ad/f9916fb4626eb7f182fcc5d788e78e3d83f7c6875dd4feb0e14b3305557b/autocorrect_py-2.14.0-cp37-abi3-manylinux_2_17_ppc64le.manylinux2014_ppc64le.whl", hash = "sha256:ea1dc22d1d25780324b730b71360e9537c596a84a1bf7ce0cec7166956fe3822", size = 1868304, upload-time = "2025-04-26T11:54:56.998Z" },
    { url = "https://files.pythonhosted.org/packages/4c/73/e08761cdde740ef0e347a65c621e8270687bf6dbd0a8824f91879d895964/autocorrect_py-2.14.0-cp37-abi3-manylinux_2_17_s390x.manylinux2014_s390x.whl", hash = "sha256:c1abe772a2340d34d3f47b82f22a056f44ac99d368e3382864d747955a4ccf90", size = 2108594, upload-time = "2025-04-26T11:54:58.293Z" },
    { url = "https://files.pythonhosted.org/packages/68/6a/0d1e4cf1e14b70fec5a2df0e409462df693d71c0e3a1f776e1d9c2cd145d/autocorrect_py-2.14.0-cp37-abi3-manylinux_2_17_x86_64.manylinux2014_x86_64.whl", hash = "sha256:44756d59f7c5fb6c3d14897de15e6c775bb68093804b7fab37f5973dc07bedd4", size = 1869870, upload-time = "2025-04-26T11:54:59.412Z" },
    { url = "https://files.pythonhosted.org/packages/aa/f3/f54e8fedb38398029ec2be3885cd4b95505764971fbd78fe6a52b0035263/autocorrect_py-2.14.0-cp37-abi3-manylinux_2_5_i686.manylinux1_i686.whl", hash = "sha256:4dc87f684784d02180e1eb2abcbb2ca8967c46aac406f6e9b37b77d0196c1c23", size = 1839092, upload-time = "2025-04-26T11:55:00.649Z" },
    { url = "https://files.pythonhosted.org/packages/65/14/e76ba3f2709a81f8ab50cae8a3142ea3b2beaee8b737a0f443e11ef565a9/autocorrect_py-2.14.0-cp37-abi3-musllinux_1_2_aarch64.whl", hash = "sha256:560e939ca1aec81832fe970f1d80723d4d13f3e1385320170c187edb88e4857c", size = 1927264, upload-time = "2025-04-26T11:55:01.857Z" },
    { url = "https://files.pythonhosted.org/packages/36/77/8a40e6353a17fa397f7664d6fc1a46ab63475d4cbf0722e519d3a1060143/autocorrect_py-2.14.0-cp37-abi3-musllinux_1_2_armv7l.whl", hash = "sha256:9d2113e29ced9615b9e1ab5931e7314c91199e606d161cb075e014e495f6329e", size = 2000673, upload-time = "2025-04-26T11:55:03.793Z" },
    { url = "https://files.pythonhosted.org/packages/6d/8a/4f3a69f4da816f8f8f874beabf062c5097f19d52e794cf1b957181cc931c/autocorrect_py-2.14.0-cp37-abi3-musllinux_1_2_i686.whl", hash = "sha256:86c43b2ce86afe522fa883b3d3c3a981cfefb4833705deed0453d4ec5869bbbb", size = 1955098, upload-time = "2025-04-26T11:55:05.346Z" },
    { url = "https://files.pythonhosted.org/packages/3a/f5/3245f461713a33e09b5be339ab34e515e73a87f860289b72a4d70a80d481/autocorrect_py-2.14.0-cp37-abi3-musllinux_1_2_x86_64.whl", hash = "sha256:e30f36fb0d8c60f06ae5615d87ee3da79174dc42955a9e8c6a6f60cf92b43d2d", size = 2039624, upload-time = "2025-04-26T11:55:06.646Z" },
    { url = "https://files.pythonhosted.org/packages/42/ad/dae4d8b1d405efe2f9b84796ad6c1005ffe181f6a01c323299d50a9c8888/autocorrect_py-2.14.0-cp37-abi3-win32.whl", hash = "sha256:9b42e2e436c252ef7095ba51c23687dcf0fd7522bb528d996d789950a51647ea", size = 1367592, upload-time = "2025-04-26T11:55:08.164Z" },
    { url = "https://files.pythonhosted.org/packages/4b/de/def0e8cfac068891c988c9bc7fed1e768a15c15abb28a44636de3d3278f4/autocorrect_py-2.14.0-cp37-abi3-win_amd64.whl", hash = "sha256:bbcad5a7343ae15a5a307ccf810213dee019cdcebb10150a2f6c22cdaa61c751", size = 1587447, upload-time = "2025-04-26T11:55:09.331Z" },
]

[[package]]
name = "certifi"
version = "2025.11.12"
source = { registry = "https://pypi.org/simple" }
sdist = { url = "https://files.pythonhosted.org/packages/a2/8c/58f469717fa48465e4a50c014a0400602d3c437d7c0c468e17ada824da3a/certifi-2025.11.12.tar.gz", hash = "sha256:d8ab5478f2ecd78af242878415affce761ca6bc54a22a27e026d7c25357c3316", size = 160538, upload-time = "2025-11-12T02:54:51.517Z" }
wheels = [
    { url = "https://files.pythonhosted.org/packages/70/7d/9bc192684cea499815ff478dfcdc13835ddf401365057044fb721ec6bddb/certifi-2025.11.12-py3-none-any.whl", hash = "sha256:97de8790030bbd5c2d96b7ec782fc2f7820ef8dba6db909ccf95449f2d062d4b", size = 159438, upload-time = "2025-11-12T02:54:49.735Z" },
]

[[package]]
name = "charset-normalizer"
version = "3.4.4"
source = { registry = "https://pypi.org/simple" }
sdist = { url = "https://files.pythonhosted.org/packages/13/69/33ddede1939fdd074bce5434295f38fae7136463422fe4fd3e0e89b98062/charset_normalizer-3.4.4.tar.gz", hash = "sha256:94537985111c35f28720e43603b8e7b43a6ecfb2ce1d3058bbe955b73404e21a", size = 129418, upload-time = "2025-10-14T04:42:32.879Z" }
wheels = [
    { url = "https://files.pythonhosted.org/packages/2a/35/7051599bd493e62411d6ede36fd5af83a38f37c4767b92884df7301db25d/charset_normalizer-3.4.4-cp314-cp314-macosx_10_13_universal2.whl", hash = "sha256:da3326d9e65ef63a817ecbcc0df6e94463713b754fe293eaa03da99befb9a5bd", size = 207746, upload-time = "2025-10-14T04:41:33.773Z" },
    { url = "https://files.pythonhosted.org/packages/10/9a/97c8d48ef10d6cd4fcead2415523221624bf58bcf68a802721a6bc807c8f/charset_normalizer-3.4.4-cp314-cp314-manylinux2014_aarch64.manylinux_2_17_aarch64.manylinux_2_28_aarch64.whl", hash = "sha256:8af65f14dc14a79b924524b1e7fffe304517b2bff5a58bf64f30b98bbc5079eb", size = 147889, upload-time = "2025-10-14T04:41:34.897Z" },
    { url = "https://files.pythonhosted.org/packages/10/bf/979224a919a1b606c82bd2c5fa49b5c6d5727aa47b4312bb27b1734f53cd/charset_normalizer-3.4.4-cp314-cp314-manylinux2014_armv7l.manylinux_2_17_armv7l.manylinux_2_31_armv7l.whl", hash = "sha256:74664978bb272435107de04e36db5a9735e78232b85b77d45cfb38f758efd33e", size = 143641, upload-time = "2025-10-14T04:41:36.116Z" },
    { url = "https://files.pythonhosted.org/packages/ba/33/0ad65587441fc730dc7bd90e9716b30b4702dc7b617e6ba4997dc8651495/charset_normalizer-3.4.4-cp314-cp314-manylinux2014_ppc64le.manylinux_2_17_ppc64le.manylinux_2_28_ppc64le.whl", hash = "sha256:752944c7ffbfdd10c074dc58ec2d5a8a4cd9493b314d367c14d24c17684ddd14", size = 160779, upload-time = "2025-10-14T04:41:37.229Z" },
    { url = "https://files.pythonhosted.org/packages/67/ed/331d6b249259ee71ddea93f6f2f0a56cfebd46938bde6fcc6f7b9a3d0e09/charset_normalizer-3.4.4-cp314-cp314-manylinux2014_s390x.manylinux_2_17_s390x.manylinux_2_28_s390x.whl", hash = "sha256:d1f13550535ad8cff21b8d757a3257963e951d96e20ec82ab44bc64aeb62a191", size = 159035, upload-time = "2025-10-14T04:41:38.368Z" },
    { url = "https://files.pythonhosted.org/packages/67/ff/f6b948ca32e4f2a4576aa129d8bed61f2e0543bf9f5f2b7fc3758ed005c9/charset_normalizer-3.4.4-cp314-cp314-manylinux2014_x86_64.manylinux_2_17_x86_64.manylinux_2_28_x86_64.whl", hash = "sha256:ecaae4149d99b1c9e7b88bb03e3221956f68fd6d50be2ef061b2381b61d20838", size = 152542, upload-time = "2025-10-14T04:41:39.862Z" },
    { url = "https://files.pythonhosted.org/packages/16/85/276033dcbcc369eb176594de22728541a925b2632f9716428c851b149e83/charset_normalizer-3.4.4-cp314-cp314-manylinux_2_31_riscv64.manylinux_2_39_riscv64.whl", hash = "sha256:cb6254dc36b47a990e59e1068afacdcd02958bdcce30bb50cc1700a8b9d624a6", size = 149524, upload-time = "2025-10-14T04:41:41.319Z" },
    { url = "https://files.pythonhosted.org/packages/9e/f2/6a2a1f722b6aba37050e626530a46a68f74e63683947a8acff92569f979a/charset_normalizer-3.4.4-cp314-cp314-musllinux_1_2_aarch64.whl", hash = "sha256:c8ae8a0f02f57a6e61203a31428fa1d677cbe50c93622b4149d5c0f319c1d19e", size = 150395, upload-time = "2025-10-14T04:41:42.539Z" },
    { url = "https://files.pythonhosted.org/packages/60/bb/2186cb2f2bbaea6338cad15ce23a67f9b0672929744381e28b0592676824/charset_normalizer-3.4.4-cp314-cp314-musllinux_1_2_armv7l.whl", hash = "sha256:47cc91b2f4dd2833fddaedd2893006b0106129d4b94fdb6af1f4ce5a9965577c", size = 143680, upload-time = "2025-10-14T04:41:43.661Z" },
    { url = "https://files.pythonhosted.org/packages/7d/a5/bf6f13b772fbb2a90360eb620d52ed8f796f3c5caee8398c3b2eb7b1c60d/charset_normalizer-3.4.4-cp314-cp314-musllinux_1_2_ppc64le.whl", hash = "sha256:82004af6c302b5d3ab2cfc4cc5f29db16123b1a8417f2e25f9066f91d4411090", size = 162045, upload-time = "2025-10-14T04:41:44.821Z" },
    { url = "https://files.pythonhosted.org/packages/df/c5/d1be898bf0dc3ef9030c3825e5d3b83f2c528d207d246cbabe245966808d/charset_normalizer-3.4.4-cp314-cp314-musllinux_1_2_riscv64.whl", hash = "sha256:2b7d8f6c26245217bd2ad053761201e9f9680f8ce52f0fcd8d0755aeae5b2152", size = 149687, upload-time = "2025-10-14T04:41:46.442Z" },
    { url = "https://files.pythonhosted.org/packages/a5/42/90c1f7b9341eef50c8a1cb3f098ac43b0508413f33affd762855f67a410e/charset_normalizer-3.4.4-cp314-cp314-musllinux_1_2_s390x.whl", hash = "sha256:799a7a5e4fb2d5898c60b640fd4981d6a25f1c11790935a44ce38c54e985f828", size = 160014, upload-time = "2025-10-14T04:41:47.631Z" },
    { url = "https://files.pythonhosted.org/packages/76/be/4d3ee471e8145d12795ab655ece37baed0929462a86e72372fd25859047c/charset_normalizer-3.4.4-cp314-cp314-musllinux_1_2_x86_64.whl", hash = "sha256:99ae2cffebb06e6c22bdc25801d7b30f503cc87dbd283479e7b606f70aff57ec", size = 154044, upload-time = "2025-10-14T04:41:48.81Z" },
    { url = "https://files.pythonhosted.org/packages/b0/6f/8f7af07237c34a1defe7defc565a9bc1807762f672c0fde711a4b22bf9c0/charset_normalizer-3.4.4-cp314-cp314-win32.whl", hash = "sha256:f9d332f8c2a2fcbffe1378594431458ddbef721c1769d78e2cbc06280d8155f9", size = 99940, upload-time = "2025-10-14T04:41:49.946Z" },
    { url = "https://files.pythonhosted.org/packages/4b/51/8ade005e5ca5b0d80fb4aff72a3775b325bdc3d27408c8113811a7cbe640/charset_normalizer-3.4.4-cp314-cp314-win_amd64.whl", hash = "sha256:8a6562c3700cce886c5be75ade4a5db4214fda19fede41d9792d100288d8f94c", size = 107104, upload-time = "2025-10-14T04:41:51.051Z" },
    { url = "https://files.pythonhosted.org/packages/da/5f/6b8f83a55bb8278772c5ae54a577f3099025f9ade59d0136ac24a0df4bde/charset_normalizer-3.4.4-cp314-cp314-win_arm64.whl", hash = "sha256:de00632ca48df9daf77a2c65a484531649261ec9f25489917f09e455cb09ddb2", size = 100743, upload-time = "2025-10-14T04:41:52.122Z" },
    { url = "https://files.pythonhosted.org/packages/0a/4c/925909008ed5a988ccbb72dcc897407e5d6d3bd72410d69e051fc0c14647/charset_normalizer-3.4.4-py3-none-any.whl", hash = "sha256:7a32c560861a02ff789ad905a2fe94e3f840803362c84fecf1851cb4cf3dc37f", size = 53402, upload-time = "2025-10-14T04:42:31.76Z" },
]

[[package]]
name = "colorama"
version = "0.4.6"
source = { registry = "https://pypi.org/simple" }
sdist = { url = "https://files.pythonhosted.org/packages/d8/53/6f443c9a4a8358a93a6792e2acffb9d9d5cb0a5cfd8802644b7b1c9a02e4/colorama-0.4.6.tar.gz", hash = "sha256:08695f5cb7ed6e0531a20572697297273c47b8cae5a63ffc6d6ed5c201be6e44", size = 27697, upload-time = "2022-10-25T02:36:22.414Z" }
wheels = [
    { url = "https://files.pythonhosted.org/packages/d1/d6/3965ed04c63042e047cb6a3e6ed1a63a35087b6a609aa3a15ed8ac56c221/colorama-0.4.6-py2.py3-none-any.whl", hash = "sha256:4f1d9991f5acc0ca119f9d443620b77f9d6b33703e51011c16baf57afb285fc6", size = 25335, upload-time = "2022-10-25T02:36:20.889Z" },
]

[[package]]
name = "defusedxml"
version = "0.7.1"
source = { registry = "https://pypi.org/simple" }
sdist = { url = "https://files.pythonhosted.org/packages/0f/d5/c66da9b79e5bdb124974bfe172b4daf3c984ebd9c2a06e2b8a4dc7331c72/defusedxml-0.7.1.tar.gz", hash = "sha256:1bb3032db185915b62d7c6209c5a8792be6a32ab2fedacc84e01b52c51aa3e69", size = 75520, upload-time = "2021-03-08T10:59:26.269Z" }
wheels = [
    { url = "https://files.pythonhosted.org/packages/07/6c/aa3f2f849e01cb6a001cd8554a88d4c77c5c1a31c95bdf1cf9301e6d9ef4/defusedxml-0.7.1-py2.py3-none-any.whl", hash = "sha256:a352e7e428770286cc899e2542b6cdaedb2b4953ff269a210103ec58f6198a61", size = 25604, upload-time = "2021-03-08T10:59:24.45Z" },
]

[[package]]
name = "dotfiles"
version = "0.1.0"
source = { virtual = "." }
dependencies = [
    { name = "argcomplete" },
    { name = "autocorrect-py" },
    { name = "fire" },
    { name = "loguru" },
    { name = "rich" },
    { name = "tiktoken" },
    { name = "youtube-transcript-api" },
]

[package.metadata]
requires-dist = [
    { name = "argcomplete", specifier = ">=3.6.3" },
    { name = "autocorrect-py", specifier = ">=2.14.0" },
    { name = "fire", specifier = ">=0.7.1" },
    { name = "loguru", specifier = ">=0.7.3" },
    { name = "rich", specifier = ">=14.2.0" },
    { name = "tiktoken", specifier = ">=0.12.0" },
    { name = "youtube-transcript-api", specifier = ">=1.2.3" },
]

[[package]]
name = "fire"
version = "0.7.1"
source = { registry = "https://pypi.org/simple" }
dependencies = [
    { name = "termcolor" },
]
sdist = { url = "https://files.pythonhosted.org/packages/c0/00/f8d10588d2019d6d6452653def1ee807353b21983db48550318424b5ff18/fire-0.7.1.tar.gz", hash = "sha256:3b208f05c736de98fb343310d090dcc4d8c78b2a89ea4f32b837c586270a9cbf", size = 88720, upload-time = "2025-08-16T20:20:24.175Z" }
wheels = [
    { url = "https://files.pythonhosted.org/packages/e5/4c/93d0f85318da65923e4b91c1c2ff03d8a458cbefebe3bc612a6693c7906d/fire-0.7.1-py3-none-any.whl", hash = "sha256:e43fd8a5033a9001e7e2973bab96070694b9f12f2e0ecf96d4683971b5ab1882", size = 115945, upload-time = "2025-08-16T20:20:22.87Z" },
]

[[package]]
name = "idna"
version = "3.11"
source = { registry = "https://pypi.org/simple" }
sdist = { url = "https://files.pythonhosted.org/packages/6f/6d/0703ccc57f3a7233505399edb88de3cbd678da106337b9fcde432b65ed60/idna-3.11.tar.gz", hash = "sha256:795dafcc9c04ed0c1fb032c2aa73654d8e8c5023a7df64a53f39190ada629902", size = 194582, upload-time = "2025-10-12T14:55:20.501Z" }
wheels = [
    { url = "https://files.pythonhosted.org/packages/0e/61/66938bbb5fc52dbdf84594873d5b51fb1f7c7794e9c0f5bd885f30bc507b/idna-3.11-py3-none-any.whl", hash = "sha256:771a87f49d9defaf64091e6e6fe9c18d4833f140bd19464795bc32d966ca37ea", size = 71008, upload-time = "2025-10-12T14:55:18.883Z" },
]

[[package]]
name = "loguru"
version = "0.7.3"
source = { registry = "https://pypi.org/simple" }
dependencies = [
    { name = "colorama", marker = "sys_platform == 'win32'" },
    { name = "win32-setctime", marker = "sys_platform == 'win32'" },
]
sdist = { url = "https://files.pythonhosted.org/packages/3a/05/a1dae3dffd1116099471c643b8924f5aa6524411dc6c63fdae648c4f1aca/loguru-0.7.3.tar.gz", hash = "sha256:19480589e77d47b8d85b2c827ad95d49bf31b0dcde16593892eb51dd18706eb6", size = 63559, upload-time = "2024-12-06T11:20:56.608Z" }
wheels = [
    { url = "https://files.pythonhosted.org/packages/0c/29/0348de65b8cc732daa3e33e67806420b2ae89bdce2b04af740289c5c6c8c/loguru-0.7.3-py3-none-any.whl", hash = "sha256:31a33c10c8e1e10422bfd431aeb5d351c7cf7fa671e3c4df004162264b28220c", size = 61595, upload-time = "2024-12-06T11:20:54.538Z" },
]

[[package]]
name = "markdown-it-py"
version = "4.0.0"
source = { registry = "https://pypi.org/simple" }
dependencies = [
    { name = "mdurl" },
]
sdist = { url = "https://files.pythonhosted.org/packages/5b/f5/4ec618ed16cc4f8fb3b701563655a69816155e79e24a17b651541804721d/markdown_it_py-4.0.0.tar.gz", hash = "sha256:cb0a2b4aa34f932c007117b194e945bd74e0ec24133ceb5bac59009cda1cb9f3", size = 73070, upload-time = "2025-08-11T12:57:52.854Z" }
wheels = [
    { url = "https://files.pythonhosted.org/packages/94/54/e7d793b573f298e1c9013b8c4dade17d481164aa517d1d7148619c2cedbf/markdown_it_py-4.0.0-py3-none-any.whl", hash = "sha256:87327c59b172c5011896038353a81343b6754500a08cd7a4973bb48c6d578147", size = 87321, upload-time = "2025-08-11T12:57:51.923Z" },
]

[[package]]
name = "mdurl"
version = "0.1.2"
source = { registry = "https://pypi.org/simple" }
sdist = { url = "https://files.pythonhosted.org/packages/d6/54/cfe61301667036ec958cb99bd3efefba235e65cdeb9c84d24a8293ba1d90/mdurl-0.1.2.tar.gz", hash = "sha256:bb413d29f5eea38f31dd4754dd7377d4465116fb207585f97bf925588687c1ba", size = 8729, upload-time = "2022-08-14T12:40:10.846Z" }
wheels = [
    { url = "https://files.pythonhosted.org/packages/b3/38/89ba8ad64ae25be8de66a6d463314cf1eb366222074cfda9ee839c56a4b4/mdurl-0.1.2-py3-none-any.whl", hash = "sha256:84008a41e51615a49fc9966191ff91509e3c40b939176e643fd50a5c2196b8f8", size = 9979, upload-time = "2022-08-14T12:40:09.779Z" },
]

[[package]]
name = "pygments"
version = "2.19.2"
source = { registry = "https://pypi.org/simple" }
sdist = { url = "https://files.pythonhosted.org/packages/b0/77/a5b8c569bf593b0140bde72ea885a803b82086995367bf2037de0159d924/pygments-2.19.2.tar.gz", hash = "sha256:636cb2477cec7f8952536970bc533bc43743542f70392ae026374600add5b887", size = 4968631, upload-time = "2025-06-21T13:39:12.283Z" }
wheels = [
    { url = "https://files.pythonhosted.org/packages/c7/21/705964c7812476f378728bdf590ca4b771ec72385c533964653c68e86bdc/pygments-2.19.2-py3-none-any.whl", hash = "sha256:86540386c03d588bb81d44bc3928634ff26449851e99741617ecb9037ee5ec0b", size = 1225217, upload-time = "2025-06-21T13:39:07.939Z" },
]

[[package]]
name = "regex"
version = "2025.11.3"
source = { registry = "https://pypi.org/simple" }
sdist = { url = "https://files.pythonhosted.org/packages/cc/a9/546676f25e573a4cf00fe8e119b78a37b6a8fe2dc95cda877b30889c9c45/regex-2025.11.3.tar.gz", hash = "sha256:1fedc720f9bb2494ce31a58a1631f9c82df6a09b49c19517ea5cc280b4541e01", size = 414669, upload-time = "2025-11-03T21:34:22.089Z" }
wheels = [
    { url = "https://files.pythonhosted.org/packages/31/e9/f6e13de7e0983837f7b6d238ad9458800a874bf37c264f7923e63409944c/regex-2025.11.3-cp314-cp314-macosx_10_13_universal2.whl", hash = "sha256:9697a52e57576c83139d7c6f213d64485d3df5bf84807c35fa409e6c970801c6", size = 489089, upload-time = "2025-11-03T21:32:50.027Z" },
    { url = "https://files.pythonhosted.org/packages/a3/5c/261f4a262f1fa65141c1b74b255988bd2fa020cc599e53b080667d591cfc/regex-2025.11.3-cp314-cp314-macosx_10_13_x86_64.whl", hash = "sha256:e18bc3f73bd41243c9b38a6d9f2366cd0e0137a9aebe2d8ff76c5b67d4c0a3f4", size = 291059, upload-time = "2025-11-03T21:32:51.682Z" },
    { url = "https://files.pythonhosted.org/packages/8e/57/f14eeb7f072b0e9a5a090d1712741fd8f214ec193dba773cf5410108bb7d/regex-2025.11.3-cp314-cp314-macosx_11_0_arm64.whl", hash = "sha256:61a08bcb0ec14ff4e0ed2044aad948d0659604f824cbd50b55e30b0ec6f09c73", size = 288900, upload-time = "2025-11-03T21:32:53.569Z" },
    { url = "https://files.pythonhosted.org/packages/3c/6b/1d650c45e99a9b327586739d926a1cd4e94666b1bd4af90428b36af66dc7/regex-2025.11.3-cp314-cp314-manylinux2014_aarch64.manylinux_2_17_aarch64.manylinux_2_28_aarch64.whl", hash = "sha256:c9c30003b9347c24bcc210958c5d167b9e4f9be786cb380a7d32f14f9b84674f", size = 799010, upload-time = "2025-11-03T21:32:55.222Z" },
    { url = "https://files.pythonhosted.org/packages/99/ee/d66dcbc6b628ce4e3f7f0cbbb84603aa2fc0ffc878babc857726b8aab2e9/regex-2025.11.3-cp314-cp314-manylinux2014_ppc64le.manylinux_2_17_ppc64le.manylinux_2_28_ppc64le.whl", hash = "sha256:4e1e592789704459900728d88d41a46fe3969b82ab62945560a31732ffc19a6d", size = 864893, upload-time = "2025-11-03T21:32:57.239Z" },
    { url = "https://files.pythonhosted.org/packages/bf/2d/f238229f1caba7ac87a6c4153d79947fb0261415827ae0f77c304260c7d3/regex-2025.11.3-cp314-cp314-manylinux2014_s390x.manylinux_2_17_s390x.manylinux_2_28_s390x.whl", hash = "sha256:6538241f45eb5a25aa575dbba1069ad786f68a4f2773a29a2bd3dd1f9de787be", size = 911522, upload-time = "2025-11-03T21:32:59.274Z" },
    { url = "https://files.pythonhosted.org/packages/bd/3d/22a4eaba214a917c80e04f6025d26143690f0419511e0116508e24b11c9b/regex-2025.11.3-cp314-cp314-manylinux2014_x86_64.manylinux_2_17_x86_64.manylinux_2_28_x86_64.whl", hash = "sha256:bce22519c989bb72a7e6b36a199384c53db7722fe669ba891da75907fe3587db", size = 803272, upload-time = "2025-11-03T21:33:01.393Z" },
    { url = "https://files.pythonhosted.org/packages/84/b1/03188f634a409353a84b5ef49754b97dbcc0c0f6fd6c8ede505a8960a0a4/regex-2025.11.3-cp314-cp314-musllinux_1_2_aarch64.whl", hash = "sha256:66d559b21d3640203ab9075797a55165d79017520685fb407b9234d72ab63c62", size = 787958, upload-time = "2025-11-03T21:33:03.379Z" },
    { url = "https://files.pythonhosted.org/packages/99/6a/27d072f7fbf6fadd59c64d210305e1ff865cc3b78b526fd147db768c553b/regex-2025.11.3-cp314-cp314-musllinux_1_2_ppc64le.whl", hash = "sha256:669dcfb2e38f9e8c69507bace46f4889e3abbfd9b0c29719202883c0a603598f", size = 859289, upload-time = "2025-11-03T21:33:05.374Z" },
    { url = "https://files.pythonhosted.org/packages/9a/70/1b3878f648e0b6abe023172dacb02157e685564853cc363d9961bcccde4e/regex-2025.11.3-cp314-cp314-musllinux_1_2_s390x.whl", hash = "sha256:32f74f35ff0f25a5021373ac61442edcb150731fbaa28286bbc8bb1582c89d02", size = 850026, upload-time = "2025-11-03T21:33:07.131Z" },
    { url = "https://files.pythonhosted.org/packages/dd/d5/68e25559b526b8baab8e66839304ede68ff6727237a47727d240006bd0ff/regex-2025.11.3-cp314-cp314-musllinux_1_2_x86_64.whl", hash = "sha256:e6c7a21dffba883234baefe91bc3388e629779582038f75d2a5be918e250f0ed", size = 789499, upload-time = "2025-11-03T21:33:09.141Z" },
    { url = "https://files.pythonhosted.org/packages/fc/df/43971264857140a350910d4e33df725e8c94dd9dee8d2e4729fa0d63d49e/regex-2025.11.3-cp314-cp314-win32.whl", hash = "sha256:795ea137b1d809eb6836b43748b12634291c0ed55ad50a7d72d21edf1cd565c4", size = 271604, upload-time = "2025-11-03T21:33:10.9Z" },
    { url = "https://files.pythonhosted.org/packages/01/6f/9711b57dc6894a55faf80a4c1b5aa4f8649805cb9c7aef46f7d27e2b9206/regex-2025.11.3-cp314-cp314-win_amd64.whl", hash = "sha256:9f95fbaa0ee1610ec0fc6b26668e9917a582ba80c52cc6d9ada15e30aa9ab9ad", size = 280320, upload-time = "2025-11-03T21:33:12.572Z" },
    { url = "https://files.pythonhosted.org/packages/f1/7e/f6eaa207d4377481f5e1775cdeb5a443b5a59b392d0065f3417d31d80f87/regex-2025.11.3-cp314-cp314-win_arm64.whl", hash = "sha256:dfec44d532be4c07088c3de2876130ff0fbeeacaa89a137decbbb5f665855a0f", size = 273372, upload-time = "2025-11-03T21:33:14.219Z" },
    { url = "https://files.pythonhosted.org/packages/c3/06/49b198550ee0f5e4184271cee87ba4dfd9692c91ec55289e6282f0f86ccf/regex-2025.11.3-cp314-cp314t-macosx_10_13_universal2.whl", hash = "sha256:ba0d8a5d7f04f73ee7d01d974d47c5834f8a1b0224390e4fe7c12a3a92a78ecc", size = 491985, upload-time = "2025-11-03T21:33:16.555Z" },
    { url = "https://files.pythonhosted.org/packages/ce/bf/abdafade008f0b1c9da10d934034cb670432d6cf6cbe38bbb53a1cfd6cf8/regex-2025.11.3-cp314-cp314t-macosx_10_13_x86_64.whl", hash = "sha256:442d86cf1cfe4faabf97db7d901ef58347efd004934da045c745e7b5bd57ac49", size = 292669, upload-time = "2025-11-03T21:33:18.32Z" },
    { url = "https://files.pythonhosted.org/packages/f9/ef/0c357bb8edbd2ad8e273fcb9e1761bc37b8acbc6e1be050bebd6475f19c1/regex-2025.11.3-cp314-cp314t-macosx_11_0_arm64.whl", hash = "sha256:fd0a5e563c756de210bb964789b5abe4f114dacae9104a47e1a649b910361536", size = 291030, upload-time = "2025-11-03T21:33:20.048Z" },
    { url = "https://files.pythonhosted.org/packages/79/06/edbb67257596649b8fb088d6aeacbcb248ac195714b18a65e018bf4c0b50/regex-2025.11.3-cp314-cp314t-manylinux2014_aarch64.manylinux_2_17_aarch64.manylinux_2_28_aarch64.whl", hash = "sha256:bf3490bcbb985a1ae97b2ce9ad1c0f06a852d5b19dde9b07bdf25bf224248c95", size = 807674, upload-time = "2025-11-03T21:33:21.797Z" },
    { url = "https://files.pythonhosted.org/packages/f4/d9/ad4deccfce0ea336296bd087f1a191543bb99ee1c53093dcd4c64d951d00/regex-2025.11.3-cp314-cp314t-manylinux2014_ppc64le.manylinux_2_17_ppc64le.manylinux_2_28_ppc64le.whl", hash = "sha256:3809988f0a8b8c9dcc0f92478d6501fac7200b9ec56aecf0ec21f4a2ec4b6009", size = 873451, upload-time = "2025-11-03T21:33:23.741Z" },
    { url = "https://files.pythonhosted.org/packages/13/75/a55a4724c56ef13e3e04acaab29df26582f6978c000ac9cd6810ad1f341f/regex-2025.11.3-cp314-cp314t-manylinux2014_s390x.manylinux_2_17_s390x.manylinux_2_28_s390x.whl", hash = "sha256:f4ff94e58e84aedb9c9fce66d4ef9f27a190285b451420f297c9a09f2b9abee9", size = 914980, upload-time = "2025-11-03T21:33:25.999Z" },
    { url = "https://files.pythonhosted.org/packages/67/1e/a1657ee15bd9116f70d4a530c736983eed997b361e20ecd8f5ca3759d5c5/regex-2025.11.3-cp314-cp314t-manylinux2014_x86_64.manylinux_2_17_x86_64.manylinux_2_28_x86_64.whl", hash = "sha256:7eb542fd347ce61e1321b0a6b945d5701528dca0cd9759c2e3bb8bd57e47964d", size = 812852, upload-time = "2025-11-03T21:33:27.852Z" },
    { url = "https://files.pythonhosted.org/packages/b8/6f/f7516dde5506a588a561d296b2d0044839de06035bb486b326065b4c101e/regex-2025.11.3-cp314-cp314t-musllinux_1_2_aarch64.whl", hash = "sha256:d6c2d5919075a1f2e413c00b056ea0c2f065b3f5fe83c3d07d325ab92dce51d6", size = 795566, upload-time = "2025-11-03T21:33:32.364Z" },
    { url = "https://files.pythonhosted.org/packages/d9/dd/3d10b9e170cc16fb34cb2cef91513cf3df65f440b3366030631b2984a264/regex-2025.11.3-cp314-cp314t-musllinux_1_2_ppc64le.whl", hash = "sha256:3f8bf11a4827cc7ce5a53d4ef6cddd5ad25595d3c1435ef08f76825851343154", size = 868463, upload-time = "2025-11-03T21:33:34.459Z" },
    { url = "https://files.pythonhosted.org/packages/f5/8e/935e6beff1695aa9085ff83195daccd72acc82c81793df480f34569330de/regex-2025.11.3-cp314-cp314t-musllinux_1_2_s390x.whl", hash = "sha256:22c12d837298651e5550ac1d964e4ff57c3f56965fc1812c90c9fb2028eaf267", size = 854694, upload-time = "2025-11-03T21:33:36.793Z" },
    { url = "https://files.pythonhosted.org/packages/92/12/10650181a040978b2f5720a6a74d44f841371a3d984c2083fc1752e4acf6/regex-2025.11.3-cp314-cp314t-musllinux_1_2_x86_64.whl", hash = "sha256:62ba394a3dda9ad41c7c780f60f6e4a70988741415ae96f6d1bf6c239cf01379", size = 799691, upload-time = "2025-11-03T21:33:39.079Z" },
    { url = "https://files.pythonhosted.org/packages/67/90/8f37138181c9a7690e7e4cb388debbd389342db3c7381d636d2875940752/regex-2025.11.3-cp314-cp314t-win32.whl", hash = "sha256:4bf146dca15cdd53224a1bf46d628bd7590e4a07fbb69e720d561aea43a32b38", size = 274583, upload-time = "2025-11-03T21:33:41.302Z" },
    { url = "https://files.pythonhosted.org/packages/8f/cd/867f5ec442d56beb56f5f854f40abcfc75e11d10b11fdb1869dd39c63aaf/regex-2025.11.3-cp314-cp314t-win_amd64.whl", hash = "sha256:adad1a1bcf1c9e76346e091d22d23ac54ef28e1365117d99521631078dfec9de", size = 284286, upload-time = "2025-11-03T21:33:43.324Z" },
    { url = "https://files.pythonhosted.org/packages/20/31/32c0c4610cbc070362bf1d2e4ea86d1ea29014d400a6d6c2486fcfd57766/regex-2025.11.3-cp314-cp314t-win_arm64.whl", hash = "sha256:c54f768482cef41e219720013cd05933b6f971d9562544d691c68699bf2b6801", size = 274741, upload-time = "2025-11-03T21:33:45.557Z" },
]

[[package]]
name = "requests"
version = "2.32.5"
source = { registry = "https://pypi.org/simple" }
dependencies = [
    { name = "certifi" },
    { name = "charset-normalizer" },
    { name = "idna" },
    { name = "urllib3" },
]
sdist = { url = "https://files.pythonhosted.org/packages/c9/74/b3ff8e6c8446842c3f5c837e9c3dfcfe2018ea6ecef224c710c85ef728f4/requests-2.32.5.tar.gz", hash = "sha256:dbba0bac56e100853db0ea71b82b4dfd5fe2bf6d3754a8893c3af500cec7d7cf", size = 134517, upload-time = "2025-08-18T20:46:02.573Z" }
wheels = [
    { url = "https://files.pythonhosted.org/packages/1e/db/4254e3eabe8020b458f1a747140d32277ec7a271daf1d235b70dc0b4e6e3/requests-2.32.5-py3-none-any.whl", hash = "sha256:2462f94637a34fd532264295e186976db0f5d453d1cdd31473c85a6a161affb6", size = 64738, upload-time = "2025-08-18T20:46:00.542Z" },
]

[[package]]
name = "rich"
version = "14.2.0"
source = { registry = "https://pypi.org/simple" }
dependencies = [
    { name = "markdown-it-py" },
    { name = "pygments" },
]
sdist = { url = "https://files.pythonhosted.org/packages/fb/d2/8920e102050a0de7bfabeb4c4614a49248cf8d5d7a8d01885fbb24dc767a/rich-14.2.0.tar.gz", hash = "sha256:73ff50c7c0c1c77c8243079283f4edb376f0f6442433aecb8ce7e6d0b92d1fe4", size = 219990, upload-time = "2025-10-09T14:16:53.064Z" }
wheels = [
    { url = "https://files.pythonhosted.org/packages/25/7a/b0178788f8dc6cafce37a212c99565fa1fe7872c70c6c9c1e1a372d9d88f/rich-14.2.0-py3-none-any.whl", hash = "sha256:76bc51fe2e57d2b1be1f96c524b890b816e334ab4c1e45888799bfaab0021edd", size = 243393, upload-time = "2025-10-09T14:16:51.245Z" },
]

[[package]]
name = "termcolor"
version = "3.2.0"
source = { registry = "https://pypi.org/simple" }
sdist = { url = "https://files.pythonhosted.org/packages/87/56/ab275c2b56a5e2342568838f0d5e3e66a32354adcc159b495e374cda43f5/termcolor-3.2.0.tar.gz", hash = "sha256:610e6456feec42c4bcd28934a8c87a06c3fa28b01561d46aa09a9881b8622c58", size = 14423, upload-time = "2025-10-25T19:11:42.586Z" }
wheels = [
    { url = "https://files.pythonhosted.org/packages/f9/d5/141f53d7c1eb2a80e6d3e9a390228c3222c27705cbe7f048d3623053f3ca/termcolor-3.2.0-py3-none-any.whl", hash = "sha256:a10343879eba4da819353c55cb8049b0933890c2ebf9ad5d3ecd2bb32ea96ea6", size = 7698, upload-time = "2025-10-25T19:11:41.536Z" },
]

[[package]]
name = "tiktoken"
version = "0.12.0"
source = { registry = "https://pypi.org/simple" }
dependencies = [
    { name = "regex" },
    { name = "requests" },
]
sdist = { url = "https://files.pythonhosted.org/packages/7d/ab/4d017d0f76ec3171d469d80fc03dfbb4e48a4bcaddaa831b31d526f05edc/tiktoken-0.12.0.tar.gz", hash = "sha256:b18ba7ee2b093863978fcb14f74b3707cdc8d4d4d3836853ce7ec60772139931", size = 37806, upload-time = "2025-10-06T20:22:45.419Z" }
wheels = [
    { url = "https://files.pythonhosted.org/packages/72/05/3abc1db5d2c9aadc4d2c76fa5640134e475e58d9fbb82b5c535dc0de9b01/tiktoken-0.12.0-cp314-cp314-macosx_10_13_x86_64.whl", hash = "sha256:a90388128df3b3abeb2bfd1895b0681412a8d7dc644142519e6f0a97c2111646", size = 1050188, upload-time = "2025-10-06T20:22:19.563Z" },
    { url = "https://files.pythonhosted.org/packages/e3/7b/50c2f060412202d6c95f32b20755c7a6273543b125c0985d6fa9465105af/tiktoken-0.12.0-cp314-cp314-macosx_11_0_arm64.whl", hash = "sha256:da900aa0ad52247d8794e307d6446bd3cdea8e192769b56276695d34d2c9aa88", size = 993978, upload-time = "2025-10-06T20:22:20.702Z" },
    { url = "https://files.pythonhosted.org/packages/14/27/bf795595a2b897e271771cd31cb847d479073497344c637966bdf2853da1/tiktoken-0.12.0-cp314-cp314-manylinux_2_28_aarch64.whl", hash = "sha256:285ba9d73ea0d6171e7f9407039a290ca77efcdb026be7769dccc01d2c8d7fff", size = 1129271, upload-time = "2025-10-06T20:22:22.06Z" },
    { url = "https://files.pythonhosted.org/packages/f5/de/9341a6d7a8f1b448573bbf3425fa57669ac58258a667eb48a25dfe916d70/tiktoken-0.12.0-cp314-cp314-manylinux_2_28_x86_64.whl", hash = "sha256:d186a5c60c6a0213f04a7a802264083dea1bbde92a2d4c7069e1a56630aef830", size = 1151216, upload-time = "2025-10-06T20:22:23.085Z" },
    { url = "https://files.pythonhosted.org/packages/75/0d/881866647b8d1be4d67cb24e50d0c26f9f807f994aa1510cb9ba2fe5f612/tiktoken-0.12.0-cp314-cp314-musllinux_1_2_aarch64.whl", hash = "sha256:604831189bd05480f2b885ecd2d1986dc7686f609de48208ebbbddeea071fc0b", size = 1194860, upload-time = "2025-10-06T20:22:24.602Z" },
    { url = "https://files.pythonhosted.org/packages/b3/1e/b651ec3059474dab649b8d5b69f5c65cd8fcd8918568c1935bd4136c9392/tiktoken-0.12.0-cp314-cp314-musllinux_1_2_x86_64.whl", hash = "sha256:8f317e8530bb3a222547b85a58583238c8f74fd7a7408305f9f63246d1a0958b", size = 1254567, upload-time = "2025-10-06T20:22:25.671Z" },
    { url = "https://files.pythonhosted.org/packages/80/57/ce64fd16ac390fafde001268c364d559447ba09b509181b2808622420eec/tiktoken-0.12.0-cp314-cp314-win_amd64.whl", hash = "sha256:399c3dd672a6406719d84442299a490420b458c44d3ae65516302a99675888f3", size = 921067, upload-time = "2025-10-06T20:22:26.753Z" },
    { url = "https://files.pythonhosted.org/packages/ac/a4/72eed53e8976a099539cdd5eb36f241987212c29629d0a52c305173e0a68/tiktoken-0.12.0-cp314-cp314t-macosx_10_13_x86_64.whl", hash = "sha256:c2c714c72bc00a38ca969dae79e8266ddec999c7ceccd603cc4f0d04ccd76365", size = 1050473, upload-time = "2025-10-06T20:22:27.775Z" },
    { url = "https://files.pythonhosted.org/packages/e6/d7/0110b8f54c008466b19672c615f2168896b83706a6611ba6e47313dbc6e9/tiktoken-0.12.0-cp314-cp314t-macosx_11_0_arm64.whl", hash = "sha256:cbb9a3ba275165a2cb0f9a83f5d7025afe6b9d0ab01a22b50f0e74fee2ad253e", size = 993855, upload-time = "2025-10-06T20:22:28.799Z" },
    { url = "https://files.pythonhosted.org/packages/5f/77/4f268c41a3957c418b084dd576ea2fad2e95da0d8e1ab705372892c2ca22/tiktoken-0.12.0-cp314-cp314t-manylinux_2_28_aarch64.whl", hash = "sha256:dfdfaa5ffff8993a3af94d1125870b1d27aed7cb97aa7eb8c1cefdbc87dbee63", size = 1129022, upload-time = "2025-10-06T20:22:29.981Z" },
    { url = "https://files.pythonhosted.org/packages/4e/2b/fc46c90fe5028bd094cd6ee25a7db321cb91d45dc87531e2bdbb26b4867a/tiktoken-0.12.0-cp314-cp314t-manylinux_2_28_x86_64.whl", hash = "sha256:584c3ad3d0c74f5269906eb8a659c8bfc6144a52895d9261cdaf90a0ae5f4de0", size = 1150736, upload-time = "2025-10-06T20:22:30.996Z" },
    { url = "https://files.pythonhosted.org/packages/28/c0/3c7a39ff68022ddfd7d93f3337ad90389a342f761c4d71de99a3ccc57857/tiktoken-0.12.0-cp314-cp314t-musllinux_1_2_aarch64.whl", hash = "sha256:54c891b416a0e36b8e2045b12b33dd66fb34a4fe7965565f1b482da50da3e86a", size = 1194908, upload-time = "2025-10-06T20:22:32.073Z" },
    { url = "https://files.pythonhosted.org/packages/ab/0d/c1ad6f4016a3968c048545f5d9b8ffebf577774b2ede3e2e352553b685fe/tiktoken-0.12.0-cp314-cp314t-musllinux_1_2_x86_64.whl", hash = "sha256:5edb8743b88d5be814b1a8a8854494719080c28faaa1ccbef02e87354fe71ef0", size = 1253706, upload-time = "2025-10-06T20:22:33.385Z" },
    { url = "https://files.pythonhosted.org/packages/af/df/c7891ef9d2712ad774777271d39fdef63941ffba0a9d59b7ad1fd2765e57/tiktoken-0.12.0-cp314-cp314t-win_amd64.whl", hash = "sha256:f61c0aea5565ac82e2ec50a05e02a6c44734e91b51c10510b084ea1b8e633a71", size = 920667, upload-time = "2025-10-06T20:22:34.444Z" },
]

[[package]]
name = "urllib3"
version = "2.6.2"
source = { registry = "https://pypi.org/simple" }
sdist = { url = "https://files.pythonhosted.org/packages/1e/24/a2a2ed9addd907787d7aa0355ba36a6cadf1768b934c652ea78acbd59dcd/urllib3-2.6.2.tar.gz", hash = "sha256:016f9c98bb7e98085cb2b4b17b87d2c702975664e4f060c6532e64d1c1a5e797", size = 432930, upload-time = "2025-12-11T15:56:40.252Z" }
wheels = [
    { url = "https://files.pythonhosted.org/packages/6d/b9/4095b668ea3678bf6a0af005527f39de12fb026516fb3df17495a733b7f8/urllib3-2.6.2-py3-none-any.whl", hash = "sha256:ec21cddfe7724fc7cb4ba4bea7aa8e2ef36f607a4bab81aa6ce42a13dc3f03dd", size = 131182, upload-time = "2025-12-11T15:56:38.584Z" },
]

[[package]]
name = "win32-setctime"
version = "1.2.0"
source = { registry = "https://pypi.org/simple" }
sdist = { url = "https://files.pythonhosted.org/packages/b3/8f/705086c9d734d3b663af0e9bb3d4de6578d08f46b1b101c2442fd9aecaa2/win32_setctime-1.2.0.tar.gz", hash = "sha256:ae1fdf948f5640aae05c511ade119313fb6a30d7eabe25fef9764dca5873c4c0", size = 4867, upload-time = "2024-12-07T15:28:28.314Z" }
wheels = [
    { url = "https://files.pythonhosted.org/packages/e1/07/c6fe3ad3e685340704d314d765b7912993bcb8dc198f0e7a89382d37974b/win32_setctime-1.2.0-py3-none-any.whl", hash = "sha256:95d644c4e708aba81dc3704a116d8cbc974d70b3bdb8be1d150e36be6e9d1390", size = 4083, upload-time = "2024-12-07T15:28:26.465Z" },
]

[[package]]
name = "youtube-transcript-api"
version = "1.2.3"
source = { registry = "https://pypi.org/simple" }
dependencies = [
    { name = "defusedxml" },
    { name = "requests" },
]
sdist = { url = "https://files.pythonhosted.org/packages/87/03/68c69b2d3e282d45cb3c07e5836a9146ff9574cde720570ffc7eb124e56b/youtube_transcript_api-1.2.3.tar.gz", hash = "sha256:76016b71b410b124892c74df24b07b052702cf3c53afb300d0a2c547c0b71b68", size = 469757, upload-time = "2025-10-13T15:57:17.532Z" }
wheels = [
    { url = "https://files.pythonhosted.org/packages/ef/75/a861661b73d862e323c12af96ecfb237fb4d1433e551183d4172d39d5275/youtube_transcript_api-1.2.3-py3-none-any.whl", hash = "sha256:0c1b32ea5e739f9efde8c42e3d43e67df475185af6f820109607577b83768375", size = 485140, upload-time = "2025-10-13T15:57:16.034Z" },
]
