# @generated - this file is auto-generated by `mise lock` https://mise.en.dev/dev-tools/mise-lock.html

[[tools."aqua:pnpm/pnpm"]]
version = "11.3.0"
backend = "aqua:pnpm/pnpm"

[tools."aqua:pnpm/pnpm"."platforms.linux-x64"]
checksum = "sha256:6eb506b53297eb1186ba0cbff1577bb26d17713835a01a5342dcafae550827ce"
url = "https://github.com/pnpm/pnpm/releases/download/v11.3.0/pnpm-linux-x64.tar.gz"
provenance = "github-attestations"

[tools."aqua:pnpm/pnpm"."platforms.linux-x64-baseline"]
checksum = "sha256:6eb506b53297eb1186ba0cbff1577bb26d17713835a01a5342dcafae550827ce"
url = "https://github.com/pnpm/pnpm/releases/download/v11.3.0/pnpm-linux-x64.tar.gz"
provenance = "github-attestations"

[tools."aqua:pnpm/pnpm"."platforms.linux-x64-musl"]
checksum = "sha256:d728c510e04ac218091ce5dc591b28706bb154a14bd9741a146a0defd3ad466b"
url = "https://github.com/pnpm/pnpm/releases/download/v11.3.0/pnpm-linux-x64-musl.tar.gz"
provenance = "github-attestations"

[tools."aqua:pnpm/pnpm"."platforms.linux-x64-musl-baseline"]
checksum = "sha256:d728c510e04ac218091ce5dc591b28706bb154a14bd9741a146a0defd3ad466b"
url = "https://github.com/pnpm/pnpm/releases/download/v11.3.0/pnpm-linux-x64-musl.tar.gz"
provenance = "github-attestations"

[tools."aqua:pnpm/pnpm"."platforms.macos-arm64"]
checksum = "sha256:788958f77b44d7ac05f05f08ccdd520f1b2253d834df2a5eb0cf5ab9b84d40f6"
url = "https://github.com/pnpm/pnpm/releases/download/v11.3.0/pnpm-darwin-arm64.tar.gz"
provenance = "github-attestations"

[[tools.bun]]
version = "1.3.14"
backend = "core:bun"

[tools.bun."platforms.linux-x64"]
checksum = "sha256:951ee2aee855f08595aeec6225226a298d3fea83a3dcd6465c09cbccdf7e848f"
url = "https://github.com/oven-sh/bun/releases/download/bun-v1.3.14/bun-linux-x64.zip"

[tools.bun."platforms.linux-x64-baseline"]
checksum = "sha256:a063908ae08b7852ca10939bbdc6ceed3ddabce8fb9402dce83d65d73b36e6c7"
url = "https://github.com/oven-sh/bun/releases/download/bun-v1.3.14/bun-linux-x64-baseline.zip"

[tools.bun."platforms.linux-x64-musl"]
checksum = "sha256:14bd9aedeebf1dba67e8def9531c89bc989ecfdf1de42e5bfcaf1b8cd9294719"
url = "https://github.com/oven-sh/bun/releases/download/bun-v1.3.14/bun-linux-x64-musl.zip"

[tools.bun."platforms.linux-x64-musl-baseline"]
checksum = "sha256:56a7d6806cf155536c0178f0ea5fbd098e684fa509ebdb4fc0a7e19fb65382dc"
url = "https://github.com/oven-sh/bun/releases/download/bun-v1.3.14/bun-linux-x64-musl-baseline.zip"

[tools.bun."platforms.macos-arm64"]
checksum = "sha256:d8b96221828ad6f97ac7ac0ab7e95872341af763001e8803e8267652c2652620"
url = "https://github.com/oven-sh/bun/releases/download/bun-v1.3.14/bun-darwin-aarch64.zip"

[[tools."cargo:https://github.com/clouedoc/hzfind"]]
version = "HEAD"
backend = "cargo:https://github.com/clouedoc/hzfind"

[[tools.deno]]
version = "2.8.3"
backend = "core:deno"

[tools.deno."platforms.linux-x64"]
checksum = "sha256:30455b845ffa6082209c3590269c910ad3b7efdf28c9879afd4006c47ae54197"
url = "https://dl.deno.land/release/v2.8.3/deno-x86_64-unknown-linux-gnu.zip"

[tools.deno."platforms.linux-x64-baseline"]
checksum = "sha256:30455b845ffa6082209c3590269c910ad3b7efdf28c9879afd4006c47ae54197"
url = "https://dl.deno.land/release/v2.8.3/deno-x86_64-unknown-linux-gnu.zip"

[tools.deno."platforms.linux-x64-musl"]
checksum = "sha256:30455b845ffa6082209c3590269c910ad3b7efdf28c9879afd4006c47ae54197"
url = "https://dl.deno.land/release/v2.8.3/deno-x86_64-unknown-linux-gnu.zip"

[tools.deno."platforms.linux-x64-musl-baseline"]
checksum = "sha256:30455b845ffa6082209c3590269c910ad3b7efdf28c9879afd4006c47ae54197"
url = "https://dl.deno.land/release/v2.8.3/deno-x86_64-unknown-linux-gnu.zip"

[tools.deno."platforms.macos-arm64"]
checksum = "sha256:88b350be928fdba0e5d8142ff7c101a17133426371e3cf5ed0e0f74e62476f6c"
url = "https://dl.deno.land/release/v2.8.3/deno-aarch64-apple-darwin.zip"

[[tools."gem:kamal"]]
version = "2.11.0"
backend = "gem:kamal"

[[tools."github:Loongphy/codex-auth"]]
version = "0.2.10"
backend = "github:Loongphy/codex-auth"

[tools."github:Loongphy/codex-auth"."platforms.linux-x64"]
checksum = "sha256:bb15b7cf32935b621eb6299fa521c70a282d2e6b882595f2f05b8ff7def9540f"
url = "https://github.com/Loongphy/codex-auth/releases/download/v0.2.10/codex-auth-Linux-X64.tar.gz"
url_api = "https://api.github.com/repos/Loongphy/codex-auth/releases/assets/435885072"

[tools."github:Loongphy/codex-auth"."platforms.linux-x64-baseline"]
checksum = "sha256:bb15b7cf32935b621eb6299fa521c70a282d2e6b882595f2f05b8ff7def9540f"
url = "https://github.com/Loongphy/codex-auth/releases/download/v0.2.10/codex-auth-Linux-X64.tar.gz"
url_api = "https://api.github.com/repos/Loongphy/codex-auth/releases/assets/435885072"

[tools."github:Loongphy/codex-auth"."platforms.linux-x64-musl"]
checksum = "sha256:bb15b7cf32935b621eb6299fa521c70a282d2e6b882595f2f05b8ff7def9540f"
url = "https://github.com/Loongphy/codex-auth/releases/download/v0.2.10/codex-auth-Linux-X64.tar.gz"
url_api = "https://api.github.com/repos/Loongphy/codex-auth/releases/assets/435885072"

[tools."github:Loongphy/codex-auth"."platforms.linux-x64-musl-baseline"]
checksum = "sha256:bb15b7cf32935b621eb6299fa521c70a282d2e6b882595f2f05b8ff7def9540f"
url = "https://github.com/Loongphy/codex-auth/releases/download/v0.2.10/codex-auth-Linux-X64.tar.gz"
url_api = "https://api.github.com/repos/Loongphy/codex-auth/releases/assets/435885072"

[tools."github:Loongphy/codex-auth"."platforms.macos-arm64"]
checksum = "sha256:10c7dcc0a6dcfa8a5933e5b8b155c0e863cb482a94563b2c708bfc528e615654"
url = "https://github.com/Loongphy/codex-auth/releases/download/v0.2.10/codex-auth-macOS-ARM64.tar.gz"
url_api = "https://api.github.com/repos/Loongphy/codex-auth/releases/assets/435885074"

[[tools."github:earendil-works/pi"]]
version = "0.79.1"
backend = "github:earendil-works/pi"

[tools."github:earendil-works/pi"."platforms.linux-x64"]
checksum = "sha256:dc19d2b24d15c76951fe440a47a8212cedb437a25696ebf27a55481156de9e86"
url = "https://github.com/earendil-works/pi/releases/download/v0.79.1/pi-linux-x64.tar.gz"
url_api = "https://api.github.com/repos/earendil-works/pi/releases/assets/443075250"

[tools."github:earendil-works/pi"."platforms.linux-x64-baseline"]
checksum = "sha256:dc19d2b24d15c76951fe440a47a8212cedb437a25696ebf27a55481156de9e86"
url = "https://github.com/earendil-works/pi/releases/download/v0.79.1/pi-linux-x64.tar.gz"
url_api = "https://api.github.com/repos/earendil-works/pi/releases/assets/443075250"

[tools."github:earendil-works/pi"."platforms.linux-x64-musl"]
checksum = "sha256:dc19d2b24d15c76951fe440a47a8212cedb437a25696ebf27a55481156de9e86"
url = "https://github.com/earendil-works/pi/releases/download/v0.79.1/pi-linux-x64.tar.gz"
url_api = "https://api.github.com/repos/earendil-works/pi/releases/assets/443075250"

[tools."github:earendil-works/pi"."platforms.linux-x64-musl-baseline"]
checksum = "sha256:dc19d2b24d15c76951fe440a47a8212cedb437a25696ebf27a55481156de9e86"
url = "https://github.com/earendil-works/pi/releases/download/v0.79.1/pi-linux-x64.tar.gz"
url_api = "https://api.github.com/repos/earendil-works/pi/releases/assets/443075250"

[tools."github:earendil-works/pi"."platforms.macos-arm64"]
checksum = "sha256:763894f9e560b7eb30f287b2115a52bffae3d6f3453a6d51be525840591f6575"
url = "https://github.com/earendil-works/pi/releases/download/v0.79.1/pi-darwin-arm64.tar.gz"
url_api = "https://api.github.com/repos/earendil-works/pi/releases/assets/443075248"

[[tools."github:larksuite/cli"]]
version = "1.0.52"
backend = "github:larksuite/cli"

[tools."github:larksuite/cli"."platforms.linux-x64"]
checksum = "sha256:5f3eac829ec2d05affe8fbf121b3a86d2f09ef6570dbafcf1f3c953d47ab1322"
url = "https://github.com/larksuite/cli/releases/download/v1.0.52/lark-cli-1.0.52-linux-amd64.tar.gz"
url_api = "https://api.github.com/repos/larksuite/cli/releases/assets/444755394"

[tools."github:larksuite/cli"."platforms.linux-x64-baseline"]
checksum = "sha256:5f3eac829ec2d05affe8fbf121b3a86d2f09ef6570dbafcf1f3c953d47ab1322"
url = "https://github.com/larksuite/cli/releases/download/v1.0.52/lark-cli-1.0.52-linux-amd64.tar.gz"
url_api = "https://api.github.com/repos/larksuite/cli/releases/assets/444755394"

[tools."github:larksuite/cli"."platforms.linux-x64-musl"]
checksum = "sha256:5f3eac829ec2d05affe8fbf121b3a86d2f09ef6570dbafcf1f3c953d47ab1322"
url = "https://github.com/larksuite/cli/releases/download/v1.0.52/lark-cli-1.0.52-linux-amd64.tar.gz"
url_api = "https://api.github.com/repos/larksuite/cli/releases/assets/444755394"

[tools."github:larksuite/cli"."platforms.linux-x64-musl-baseline"]
checksum = "sha256:5f3eac829ec2d05affe8fbf121b3a86d2f09ef6570dbafcf1f3c953d47ab1322"
url = "https://github.com/larksuite/cli/releases/download/v1.0.52/lark-cli-1.0.52-linux-amd64.tar.gz"
url_api = "https://api.github.com/repos/larksuite/cli/releases/assets/444755394"

[tools."github:larksuite/cli"."platforms.macos-arm64"]
checksum = "sha256:bf75766fb9f262a7fae7a46645ed2493086fc0ccd7df786a33ad8191e0ca80e6"
url = "https://github.com/larksuite/cli/releases/download/v1.0.52/lark-cli-1.0.52-darwin-arm64.tar.gz"
url_api = "https://api.github.com/repos/larksuite/cli/releases/assets/444755373"

[[tools."github:schpet/linear-cli"]]
version = "2.0.0"
backend = "github:schpet/linear-cli"

[tools."github:schpet/linear-cli"."platforms.linux-x64"]
checksum = "sha256:affb594672c2f220cef68fa7cfeb813945c4010789a4b8cc2c0e46468feb7870"
url = "https://github.com/schpet/linear-cli/releases/download/v2.0.0/linear-x86_64-unknown-linux-gnu.tar.xz"
url_api = "https://api.github.com/repos/schpet/linear-cli/releases/assets/388120649"

[tools."github:schpet/linear-cli"."platforms.linux-x64-baseline"]
checksum = "sha256:affb594672c2f220cef68fa7cfeb813945c4010789a4b8cc2c0e46468feb7870"
url = "https://github.com/schpet/linear-cli/releases/download/v2.0.0/linear-x86_64-unknown-linux-gnu.tar.xz"
url_api = "https://api.github.com/repos/schpet/linear-cli/releases/assets/388120649"

[tools."github:schpet/linear-cli"."platforms.linux-x64-musl"]
checksum = "sha256:affb594672c2f220cef68fa7cfeb813945c4010789a4b8cc2c0e46468feb7870"
url = "https://github.com/schpet/linear-cli/releases/download/v2.0.0/linear-x86_64-unknown-linux-gnu.tar.xz"
url_api = "https://api.github.com/repos/schpet/linear-cli/releases/assets/388120649"

[tools."github:schpet/linear-cli"."platforms.linux-x64-musl-baseline"]
checksum = "sha256:affb594672c2f220cef68fa7cfeb813945c4010789a4b8cc2c0e46468feb7870"
url = "https://github.com/schpet/linear-cli/releases/download/v2.0.0/linear-x86_64-unknown-linux-gnu.tar.xz"
url_api = "https://api.github.com/repos/schpet/linear-cli/releases/assets/388120649"

[tools."github:schpet/linear-cli"."platforms.macos-arm64"]
checksum = "sha256:121fe1eee6d90b22e76e4e98cbb624474eecd970a4a4c622fd4d50889b57dacc"
url = "https://github.com/schpet/linear-cli/releases/download/v2.0.0/linear-aarch64-apple-darwin.tar.xz"
url_api = "https://api.github.com/repos/schpet/linear-cli/releases/assets/388120583"

[[tools.go]]
version = "1.26.4"
backend = "core:go"

[tools.go."platforms.linux-x64"]
checksum = "sha256:1153d3d50e0ac764b447adfe05c2bcf08e889d42a02e0fe0259bd47f6733ad7f"
url = "https://dl.google.com/go/go1.26.4.linux-amd64.tar.gz"

[tools.go."platforms.linux-x64-baseline"]
checksum = "sha256:1153d3d50e0ac764b447adfe05c2bcf08e889d42a02e0fe0259bd47f6733ad7f"
url = "https://dl.google.com/go/go1.26.4.linux-amd64.tar.gz"

[tools.go."platforms.linux-x64-musl"]
checksum = "sha256:1153d3d50e0ac764b447adfe05c2bcf08e889d42a02e0fe0259bd47f6733ad7f"
url = "https://dl.google.com/go/go1.26.4.linux-amd64.tar.gz"

[tools.go."platforms.linux-x64-musl-baseline"]
checksum = "sha256:1153d3d50e0ac764b447adfe05c2bcf08e889d42a02e0fe0259bd47f6733ad7f"
url = "https://dl.google.com/go/go1.26.4.linux-amd64.tar.gz"

[tools.go."platforms.macos-arm64"]
checksum = "sha256:b62ad2b6d7d2464f12a5bcad7ff47f19d08325773b5efd21610e445a05a9bf53"
url = "https://dl.google.com/go/go1.26.4.darwin-arm64.tar.gz"

[[tools."go:github.com/xdevplatform/xurl"]]
version = "1.1.1"
backend = "go:github.com/xdevplatform/xurl"

[[tools.node]]
version = "26.3.0"
backend = "core:node"

[tools.node."platforms.linux-x64"]
checksum = "sha256:a6e65cc653e40c1653b77742f9185dbce3ff1f99fa2746d211bddb53530ef206"
url = "https://nodejs.org/dist/v26.3.0/node-v26.3.0-linux-x64.tar.gz"

[tools.node."platforms.linux-x64-baseline"]
checksum = "sha256:a6e65cc653e40c1653b77742f9185dbce3ff1f99fa2746d211bddb53530ef206"
url = "https://nodejs.org/dist/v26.3.0/node-v26.3.0-linux-x64.tar.gz"

[tools.node."platforms.linux-x64-musl"]
checksum = "sha256:6ad2e7c0cf693fecc2febb1abf753940244f3baaa04626361ed52d64843ffc67"
url = "https://unofficial-builds.nodejs.org/download/release/v26.3.0/node-v26.3.0-linux-x64-musl.tar.gz"

[tools.node."platforms.linux-x64-musl-baseline"]
checksum = "sha256:6ad2e7c0cf693fecc2febb1abf753940244f3baaa04626361ed52d64843ffc67"
url = "https://unofficial-builds.nodejs.org/download/release/v26.3.0/node-v26.3.0-linux-x64-musl.tar.gz"

[tools.node."platforms.macos-arm64"]
checksum = "sha256:77ef7f7a15aa757c2ca19d63cf41c8d9eb3b18590ebc6883871310787d8c6b6c"
url = "https://nodejs.org/dist/v26.3.0/node-v26.3.0-darwin-arm64.tar.gz"

[[tools."npm:@loongphy/codext"]]
version = "0.138.0-898cfa8"
backend = "npm:@loongphy/codext"

[[tools."npm:claude-code-sync"]]
version = "0.1.15"
backend = "npm:claude-code-sync"

[[tools."npm:codex-sync"]]
version = "1.0.12"
backend = "npm:codex-sync"

[[tools."npm:cursor-opensync-plugin"]]
version = "1.0.17"
backend = "npm:cursor-opensync-plugin"

[[tools."npm:hunkdiff"]]
version = "0.15.1"
backend = "npm:hunkdiff"

[[tools."npm:opencode-sync-plugin"]]
version = "0.3.7"
backend = "npm:opencode-sync-plugin"

[[tools."npm:pi-opensync-plugin"]]
version = "0.3.0"
backend = "npm:pi-opensync-plugin"

[[tools.pnpm]]
version = "11.6.0"
backend = "aqua:pnpm/pnpm"

[tools.pnpm."platforms.linux-x64"]
checksum = "sha256:74d64c1646385fb21691f32f0ab6aca1a9f5c829ba54d3cda3a24838a228e68c"
url = "https://github.com/pnpm/pnpm/releases/download/v11.6.0/pnpm-linux-x64.tar.gz"
provenance = "github-attestations"

[tools.pnpm."platforms.linux-x64-baseline"]
checksum = "sha256:74d64c1646385fb21691f32f0ab6aca1a9f5c829ba54d3cda3a24838a228e68c"
url = "https://github.com/pnpm/pnpm/releases/download/v11.6.0/pnpm-linux-x64.tar.gz"
provenance = "github-attestations"

[tools.pnpm."platforms.linux-x64-musl"]
checksum = "sha256:7a0c463a09d912fba6b7d9eca0a946bc228ea50f3015a05c09a29e7e85a932d7"
url = "https://github.com/pnpm/pnpm/releases/download/v11.6.0/pnpm-linux-x64-musl.tar.gz"
provenance = "github-attestations"

[tools.pnpm."platforms.linux-x64-musl-baseline"]
checksum = "sha256:7a0c463a09d912fba6b7d9eca0a946bc228ea50f3015a05c09a29e7e85a932d7"
url = "https://github.com/pnpm/pnpm/releases/download/v11.6.0/pnpm-linux-x64-musl.tar.gz"
provenance = "github-attestations"

[tools.pnpm."platforms.macos-arm64"]
checksum = "sha256:87c901635a14481fb30566a3749041134ffd4317bc6fe866c345b69fdf9b6b85"
url = "https://github.com/pnpm/pnpm/releases/download/v11.6.0/pnpm-darwin-arm64.tar.gz"
provenance = "github-attestations"

[[tools.python]]
version = "3.14.6"
backend = "core:python"

[[tools.ruby]]
version = "4.0.5"
backend = "core:ruby"

[tools.ruby.options]
compile = "false"
precompiled_url = "jdx/ruby"
ruby_build_repo = "https://github.com/rbenv/ruby-build.git"
ruby_install = "false"

[[tools.rust]]
version = "stable"
backend = "core:rust"

[[tools.uv]]
version = "0.11.21"
backend = "aqua:astral-sh/uv"

[tools.uv."platforms.linux-x64"]
checksum = "sha256:9dadff5b9e7b1d2d011e41852a1cbca713d9d5d88194f2eb6bd240fa4fb0a719"
url = "https://github.com/astral-sh/uv/releases/download/0.11.21/uv-x86_64-unknown-linux-musl.tar.gz"
provenance = "github-attestations"

[tools.uv."platforms.linux-x64-baseline"]
checksum = "sha256:9dadff5b9e7b1d2d011e41852a1cbca713d9d5d88194f2eb6bd240fa4fb0a719"
url = "https://github.com/astral-sh/uv/releases/download/0.11.21/uv-x86_64-unknown-linux-musl.tar.gz"
provenance = "github-attestations"

[tools.uv."platforms.linux-x64-musl"]
checksum = "sha256:9dadff5b9e7b1d2d011e41852a1cbca713d9d5d88194f2eb6bd240fa4fb0a719"
url = "https://github.com/astral-sh/uv/releases/download/0.11.21/uv-x86_64-unknown-linux-musl.tar.gz"
provenance = "github-attestations"

[tools.uv."platforms.linux-x64-musl-baseline"]
checksum = "sha256:9dadff5b9e7b1d2d011e41852a1cbca713d9d5d88194f2eb6bd240fa4fb0a719"
url = "https://github.com/astral-sh/uv/releases/download/0.11.21/uv-x86_64-unknown-linux-musl.tar.gz"
provenance = "github-attestations"

[tools.uv."platforms.macos-arm64"]
checksum = "sha256:1f921d491ba5ffeea774eb04d6681ecee379101341cbb1500394993b541bf3f4"
url = "https://github.com/astral-sh/uv/releases/download/0.11.21/uv-aarch64-apple-darwin.tar.gz"
provenance = "github-attestations"

[[tools."vfox:mise-plugins/vfox-yarn"]]
version = "4.15.0"
backend = "vfox:mise-plugins/vfox-yarn"

[[tools.yarn]]
version = "4.16.0"
backend = "vfox:mise-plugins/vfox-yarn"

[[tools.zig]]
version = "0.16.0"
backend = "core:zig"

[tools.zig."platforms.linux-x64"]
checksum = "sha256:70e49664a74374b48b51e6f3fdfbf437f6395d42509050588bd49abe52ba3d00"
url = "https://ziglang.org/download/0.16.0/zig-x86_64-linux-0.16.0.tar.xz"

[tools.zig."platforms.linux-x64-baseline"]
checksum = "sha256:70e49664a74374b48b51e6f3fdfbf437f6395d42509050588bd49abe52ba3d00"
url = "https://ziglang.org/download/0.16.0/zig-x86_64-linux-0.16.0.tar.xz"

[tools.zig."platforms.linux-x64-musl"]
checksum = "sha256:70e49664a74374b48b51e6f3fdfbf437f6395d42509050588bd49abe52ba3d00"
url = "https://ziglang.org/download/0.16.0/zig-x86_64-linux-0.16.0.tar.xz"

[tools.zig."platforms.linux-x64-musl-baseline"]
checksum = "sha256:70e49664a74374b48b51e6f3fdfbf437f6395d42509050588bd49abe52ba3d00"
url = "https://ziglang.org/download/0.16.0/zig-x86_64-linux-0.16.0.tar.xz"

[tools.zig."platforms.macos-arm64"]
checksum = "sha256:b23d70deaa879b5c2d486ed3316f7eaa53e84acf6fc9cc747de152450d401489"
url = "https://ziglang.org/download/0.16.0/zig-aarch64-macos-0.16.0.tar.xz"
provenance = "minisign"
