# @generated - this file is auto-generated by `mise lock` https://mise.en.dev/dev-tools/mise-lock.html

[[tools.bun]]
version = "1.3.13"
backend = "core:bun"

[tools.bun."platforms.linux-x64"]
checksum = "sha256:79c0771fa8b92c33aae41e15a0e0d307ea99d0e2f00317c71c6c53237a78e25a"
url = "https://github.com/oven-sh/bun/releases/download/bun-v1.3.13/bun-linux-x64.zip"

[tools.bun."platforms.linux-x64-baseline"]
checksum = "sha256:9d8a24292a7068090205daac0a5a223f5f69736f5287e37bf88d3b4031edc750"
url = "https://github.com/oven-sh/bun/releases/download/bun-v1.3.13/bun-linux-x64-baseline.zip"

[tools.bun."platforms.linux-x64-musl"]
checksum = "sha256:5b91a48f0b00df9fd2da8bff1a795d2659d842da966432969203f25da19d1c74"
url = "https://github.com/oven-sh/bun/releases/download/bun-v1.3.13/bun-linux-x64-musl.zip"

[tools.bun."platforms.linux-x64-musl-baseline"]
checksum = "sha256:88ca7c7ad235b498f549eea2f770f434e9f0f5e9ba95168a2d3a1f235184c394"
url = "https://github.com/oven-sh/bun/releases/download/bun-v1.3.13/bun-linux-x64-musl-baseline.zip"

[tools.bun."platforms.macos-arm64"]
checksum = "sha256:5467e3f65dba526b9fea98f0cce04efafc0c63e169733ec27b876a3ad32da190"
url = "https://github.com/oven-sh/bun/releases/download/bun-v1.3.13/bun-darwin-aarch64.zip"

[[tools."cargo:https://github.com/clouedoc/hzfind"]]
version = "HEAD"
backend = "cargo:https://github.com/clouedoc/hzfind"

[[tools.deno]]
version = "2.7.14"
backend = "core:deno"

[tools.deno."platforms.linux-x64"]
checksum = "sha256:3287efef53606966469cb6a02781327be22b908959397f976e2996dc1b64ae0f"
url = "https://dl.deno.land/release/v2.7.14/deno-x86_64-unknown-linux-gnu.zip"

[tools.deno."platforms.macos-arm64"]
checksum = "sha256:aeb5825f83b4a9cd7f9355a1c4ddd666205dacf76ccb7b98c2b10e066bc9e4bb"
url = "https://dl.deno.land/release/v2.7.14/deno-aarch64-apple-darwin.zip"

[[tools."gem:kamal"]]
version = "2.11.0"
backend = "gem:kamal"

[[tools."github:Loongphy/codex-auth"]]
version = "0.2.8"
backend = "github:Loongphy/codex-auth"

[tools."github:Loongphy/codex-auth"."platforms.linux-x64"]
checksum = "sha256:b8ec1b9af041a45a81327163813f4dddb5542f205d67a3c883ece9262760492d"
url = "https://github.com/Loongphy/codex-auth/releases/download/v0.2.8/codex-auth-Linux-X64.tar.gz"
url_api = "https://api.github.com/repos/Loongphy/codex-auth/releases/assets/404320011"

[tools."github:Loongphy/codex-auth"."platforms.macos-arm64"]
checksum = "sha256:64c9997ed0dfeb581035b039948d155c0f62a498039382da728c4ecb3d77a419"
url = "https://github.com/Loongphy/codex-auth/releases/download/v0.2.8/codex-auth-macOS-ARM64.tar.gz"
url_api = "https://api.github.com/repos/Loongphy/codex-auth/releases/assets/404320006"

[[tools."github:badlogic/pi-mono"]]
version = "0.70.2"
backend = "github:badlogic/pi-mono"

[tools."github:badlogic/pi-mono"."platforms.linux-x64"]
checksum = "sha256:54312268e486b7268dafed5476ac8b7424d0876cd727dc325d4e00ec7446f749"
url = "https://github.com/badlogic/pi-mono/releases/download/v0.70.2/pi-linux-x64.tar.gz"
url_api = "https://api.github.com/repos/badlogic/pi-mono/releases/assets/404412494"

[tools."github:badlogic/pi-mono"."platforms.macos-arm64"]
checksum = "sha256:4e039050367d82bff963e15fea8d85ca268f7b0284b83f5f15939aad087353a4"
url = "https://github.com/badlogic/pi-mono/releases/download/v0.70.2/pi-darwin-arm64.tar.gz"
url_api = "https://api.github.com/repos/badlogic/pi-mono/releases/assets/404412490"

[[tools."github:larksuite/cli"]]
version = "1.0.24"
backend = "github:larksuite/cli"

[tools."github:larksuite/cli"."platforms.linux-x64"]
checksum = "sha256:7d41ac2da3cf985c639a9a675610da7e0e0910b91fbb0f9a775d3265b926240d"
url = "https://github.com/larksuite/cli/releases/download/v1.0.24/lark-cli-1.0.24-linux-amd64.tar.gz"
url_api = "https://api.github.com/repos/larksuite/cli/releases/assets/413520200"

[tools."github:larksuite/cli"."platforms.macos-arm64"]
checksum = "sha256:bf1050f31d2a301f7cf890aad67aa3a7daeec9e7ec915bb90efbeab632498996"
url = "https://github.com/larksuite/cli/releases/download/v1.0.24/lark-cli-1.0.24-darwin-arm64.tar.gz"
url_api = "https://api.github.com/repos/larksuite/cli/releases/assets/413520212"

[[tools."github:schpet/linear-cli"]]
version = "2.0.0"
backend = "github:schpet/linear-cli"

[tools."github:schpet/linear-cli"."platforms.linux-x64"]
checksum = "sha256:affb594672c2f220cef68fa7cfeb813945c4010789a4b8cc2c0e46468feb7870"
url = "https://github.com/schpet/linear-cli/releases/download/v2.0.0/linear-x86_64-unknown-linux-gnu.tar.xz"
url_api = "https://api.github.com/repos/schpet/linear-cli/releases/assets/388120649"

[tools."github:schpet/linear-cli"."platforms.macos-arm64"]
checksum = "sha256:121fe1eee6d90b22e76e4e98cbb624474eecd970a4a4c622fd4d50889b57dacc"
url = "https://github.com/schpet/linear-cli/releases/download/v2.0.0/linear-aarch64-apple-darwin.tar.xz"
url_api = "https://api.github.com/repos/schpet/linear-cli/releases/assets/388120583"

[[tools.go]]
version = "1.26.2"
backend = "core:go"

[tools.go."platforms.linux-x64"]
checksum = "sha256:990e6b4bbba816dc3ee129eaeaf4b42f17c2800b88a2166c265ac1a200262282"
url = "https://dl.google.com/go/go1.26.2.linux-amd64.tar.gz"

[tools.go."platforms.macos-arm64"]
checksum = "sha256:32af1522bf3e3ff3975864780a429cc0b41d190ec7bf90faa661d6d64566e7af"
url = "https://dl.google.com/go/go1.26.2.darwin-arm64.tar.gz"

[[tools."go:github.com/bootdotdev/bootdev"]]
version = "1.29.3"
backend = "go:github.com/bootdotdev/bootdev"

[[tools."go:github.com/xdevplatform/xurl"]]
version = "1.1.0"
backend = "go:github.com/xdevplatform/xurl"

[[tools.node]]
version = "26.0.0"
backend = "core:node"

[tools.node."platforms.linux-x64"]
checksum = "sha256:42cee4d7ec80b7f7c89281cf00726b14840ac674462404dd4fd36f03964dc0af"
url = "https://nodejs.org/dist/v26.0.0/node-v26.0.0-linux-x64.tar.gz"

[tools.node."platforms.macos-arm64"]
checksum = "sha256:dcee8564c1a9342f9594dd5e52d533894dfef6b85aa771bbbb870baa3c403235"
url = "https://nodejs.org/dist/v26.0.0/node-v26.0.0-darwin-arm64.tar.gz"

[[tools."npm:@mariozechner/pi-coding-agent"]]
version = "0.70.2"
backend = "npm:@mariozechner/pi-coding-agent"

[[tools."npm:claude-code-sync"]]
version = "0.1.15"
backend = "npm:claude-code-sync"

[[tools."npm:codex-sync"]]
version = "1.0.12"
backend = "npm:codex-sync"

[[tools."npm:cursor-opensync-plugin"]]
version = "1.0.17"
backend = "npm:cursor-opensync-plugin"

[[tools."npm:opencode-sync-plugin"]]
version = "0.3.7"
backend = "npm:opencode-sync-plugin"

[[tools."npm:pi-opensync-plugin"]]
version = "0.3.0"
backend = "npm:pi-opensync-plugin"

[[tools.pnpm]]
version = "11.0.2"
backend = "aqua:pnpm/pnpm"

[tools.pnpm.options]
"vars.backend" = "aqua:pnpm/pnpm"

[tools.pnpm."platforms.linux-x64"]
checksum = "sha256:f4b5eb97c1040173bd654f62284e362be3009b57f572ace95689e99cb60ce42b"
url = "https://github.com/pnpm/pnpm/releases/download/v11.0.2/pnpm-linux-x64.tar.gz"

[tools.pnpm."platforms.macos-arm64"]
checksum = "sha256:c817122761618c2c31ddec7c5d0f2e399a80a6b24252938d0f3e2b7de792319d"
url = "https://github.com/pnpm/pnpm/releases/download/v11.0.2/pnpm-darwin-arm64.tar.gz"

[[tools.python]]
version = "3.14.4"
backend = "core:python"

[tools.python."platforms.linux-x64"]
checksum = "sha256:fe9a9c32d13870af632cbac3dfc7528ae53597e94472aa4c7d6a42e8166136cd"
url = "https://github.com/astral-sh/python-build-standalone/releases/download/20260414/cpython-3.14.4+20260414-x86_64-unknown-linux-gnu-install_only_stripped.tar.gz"
provenance = "github-attestations"

[tools.python."platforms.macos-arm64"]
checksum = "sha256:6f304f4ec30854611f23316578302235fb517cd970519ecdd11a8c4db87fd843"
url = "https://github.com/astral-sh/python-build-standalone/releases/download/20260414/cpython-3.14.4+20260414-aarch64-apple-darwin-install_only_stripped.tar.gz"
provenance = "github-attestations"

[[tools.ruby]]
version = "4.0.3"
backend = "core:ruby"

[tools.ruby."platforms.linux-x64"]
checksum = "sha256:650d1ffaac7f29300f939667891c8e8691b83df6803bd3a60414f1c8d7e3b638"
url = "https://github.com/jdx/ruby/releases/download/4.0.3-2/ruby-4.0.3.x86_64_linux.tar.gz"
provenance = "github-attestations"

[tools.ruby."platforms.macos-arm64"]
checksum = "sha256:a9827d5a2f175b294a09d8a13ec5ddbabe359cc383023e4015a63273fb129446"
url = "https://github.com/jdx/ruby/releases/download/4.0.3-2/ruby-4.0.3.macos.tar.gz"
provenance = "github-attestations"

[[tools.rust]]
version = "stable"
backend = "core:rust"

[[tools.yarn]]
version = "4.14.1"
backend = "vfox:mise-plugins/vfox-yarn"

[[tools.zig]]
version = "0.16.0"
backend = "core:zig"

[tools.zig."platforms.linux-x64"]
checksum = "sha256:70e49664a74374b48b51e6f3fdfbf437f6395d42509050588bd49abe52ba3d00"
url = "https://ziglang.org/download/0.16.0/zig-x86_64-linux-0.16.0.tar.xz"

[tools.zig."platforms.macos-arm64"]
checksum = "sha256:b23d70deaa879b5c2d486ed3316f7eaa53e84acf6fc9cc747de152450d401489"
url = "https://ziglang.org/download/0.16.0/zig-aarch64-macos-0.16.0.tar.xz"
