# @generated - this file is auto-generated by `mise lock` https://mise.en.dev/dev-tools/mise-lock.html

[[tools.bun]]
version = "1.3.13"
backend = "core:bun"

[tools.bun."platforms.linux-x64"]
checksum = "sha256:79c0771fa8b92c33aae41e15a0e0d307ea99d0e2f00317c71c6c53237a78e25a"
url = "https://github.com/oven-sh/bun/releases/download/bun-v1.3.13/bun-linux-x64.zip"

[tools.bun."platforms.linux-x64-baseline"]
checksum = "sha256:9d8a24292a7068090205daac0a5a223f5f69736f5287e37bf88d3b4031edc750"
url = "https://github.com/oven-sh/bun/releases/download/bun-v1.3.13/bun-linux-x64-baseline.zip"

[tools.bun."platforms.linux-x64-musl"]
checksum = "sha256:5b91a48f0b00df9fd2da8bff1a795d2659d842da966432969203f25da19d1c74"
url = "https://github.com/oven-sh/bun/releases/download/bun-v1.3.13/bun-linux-x64-musl.zip"

[tools.bun."platforms.linux-x64-musl-baseline"]
checksum = "sha256:88ca7c7ad235b498f549eea2f770f434e9f0f5e9ba95168a2d3a1f235184c394"
url = "https://github.com/oven-sh/bun/releases/download/bun-v1.3.13/bun-linux-x64-musl-baseline.zip"

[tools.bun."platforms.macos-arm64"]
checksum = "sha256:5467e3f65dba526b9fea98f0cce04efafc0c63e169733ec27b876a3ad32da190"
url = "https://github.com/oven-sh/bun/releases/download/bun-v1.3.13/bun-darwin-aarch64.zip"

[[tools."cargo:https://github.com/clouedoc/hzfind"]]
version = "HEAD"
backend = "cargo:https://github.com/clouedoc/hzfind"

[[tools.deno]]
version = "2.7.14"
backend = "core:deno"

[tools.deno."platforms.linux-x64"]
checksum = "sha256:3287efef53606966469cb6a02781327be22b908959397f976e2996dc1b64ae0f"
url = "https://dl.deno.land/release/v2.7.14/deno-x86_64-unknown-linux-gnu.zip"

[tools.deno."platforms.linux-x64-baseline"]
checksum = "sha256:3287efef53606966469cb6a02781327be22b908959397f976e2996dc1b64ae0f"
url = "https://dl.deno.land/release/v2.7.14/deno-x86_64-unknown-linux-gnu.zip"

[tools.deno."platforms.linux-x64-musl"]
checksum = "sha256:3287efef53606966469cb6a02781327be22b908959397f976e2996dc1b64ae0f"
url = "https://dl.deno.land/release/v2.7.14/deno-x86_64-unknown-linux-gnu.zip"

[tools.deno."platforms.linux-x64-musl-baseline"]
checksum = "sha256:3287efef53606966469cb6a02781327be22b908959397f976e2996dc1b64ae0f"
url = "https://dl.deno.land/release/v2.7.14/deno-x86_64-unknown-linux-gnu.zip"

[tools.deno."platforms.macos-arm64"]
checksum = "sha256:aeb5825f83b4a9cd7f9355a1c4ddd666205dacf76ccb7b98c2b10e066bc9e4bb"
url = "https://dl.deno.land/release/v2.7.14/deno-aarch64-apple-darwin.zip"

[[tools."gem:kamal"]]
version = "2.11.0"
backend = "gem:kamal"

[[tools."github:Loongphy/codex-auth"]]
version = "0.2.8"
backend = "github:Loongphy/codex-auth"

[tools."github:Loongphy/codex-auth"."platforms.linux-x64"]
checksum = "sha256:b8ec1b9af041a45a81327163813f4dddb5542f205d67a3c883ece9262760492d"
url = "https://github.com/Loongphy/codex-auth/releases/download/v0.2.8/codex-auth-Linux-X64.tar.gz"
url_api = "https://api.github.com/repos/Loongphy/codex-auth/releases/assets/404320011"
github_attestations = "unavailable"

[tools."github:Loongphy/codex-auth"."platforms.linux-x64-baseline"]
checksum = "sha256:b8ec1b9af041a45a81327163813f4dddb5542f205d67a3c883ece9262760492d"
url = "https://github.com/Loongphy/codex-auth/releases/download/v0.2.8/codex-auth-Linux-X64.tar.gz"
url_api = "https://api.github.com/repos/Loongphy/codex-auth/releases/assets/404320011"
github_attestations = "unavailable"

[tools."github:Loongphy/codex-auth"."platforms.linux-x64-musl"]
checksum = "sha256:b8ec1b9af041a45a81327163813f4dddb5542f205d67a3c883ece9262760492d"
url = "https://github.com/Loongphy/codex-auth/releases/download/v0.2.8/codex-auth-Linux-X64.tar.gz"
url_api = "https://api.github.com/repos/Loongphy/codex-auth/releases/assets/404320011"
github_attestations = "unavailable"

[tools."github:Loongphy/codex-auth"."platforms.linux-x64-musl-baseline"]
checksum = "sha256:b8ec1b9af041a45a81327163813f4dddb5542f205d67a3c883ece9262760492d"
url = "https://github.com/Loongphy/codex-auth/releases/download/v0.2.8/codex-auth-Linux-X64.tar.gz"
url_api = "https://api.github.com/repos/Loongphy/codex-auth/releases/assets/404320011"
github_attestations = "unavailable"

[tools."github:Loongphy/codex-auth"."platforms.macos-arm64"]
checksum = "sha256:64c9997ed0dfeb581035b039948d155c0f62a498039382da728c4ecb3d77a419"
url = "https://github.com/Loongphy/codex-auth/releases/download/v0.2.8/codex-auth-macOS-ARM64.tar.gz"
url_api = "https://api.github.com/repos/Loongphy/codex-auth/releases/assets/404320006"
github_attestations = "unavailable"

[[tools."github:earendil-works/pi"]]
version = "0.74.0"
backend = "github:earendil-works/pi"

[tools."github:earendil-works/pi"."platforms.linux-x64"]
checksum = "sha256:d67657a30d49c9faca80868d2a4bdba4dfcac04702893f45a6d14b249345eb8d"
url = "https://github.com/earendil-works/pi/releases/download/v0.74.0/pi-linux-x64.tar.gz"
url_api = "https://api.github.com/repos/earendil-works/pi/releases/assets/414593861"
github_attestations = "unavailable"

[tools."github:earendil-works/pi"."platforms.linux-x64-baseline"]
checksum = "sha256:d67657a30d49c9faca80868d2a4bdba4dfcac04702893f45a6d14b249345eb8d"
url = "https://github.com/earendil-works/pi/releases/download/v0.74.0/pi-linux-x64.tar.gz"
url_api = "https://api.github.com/repos/earendil-works/pi/releases/assets/414593861"
github_attestations = "unavailable"

[tools."github:earendil-works/pi"."platforms.linux-x64-musl"]
checksum = "sha256:d67657a30d49c9faca80868d2a4bdba4dfcac04702893f45a6d14b249345eb8d"
url = "https://github.com/earendil-works/pi/releases/download/v0.74.0/pi-linux-x64.tar.gz"
url_api = "https://api.github.com/repos/earendil-works/pi/releases/assets/414593861"
github_attestations = "unavailable"

[tools."github:earendil-works/pi"."platforms.linux-x64-musl-baseline"]
checksum = "sha256:d67657a30d49c9faca80868d2a4bdba4dfcac04702893f45a6d14b249345eb8d"
url = "https://github.com/earendil-works/pi/releases/download/v0.74.0/pi-linux-x64.tar.gz"
url_api = "https://api.github.com/repos/earendil-works/pi/releases/assets/414593861"
github_attestations = "unavailable"

[tools."github:earendil-works/pi"."platforms.macos-arm64"]
checksum = "sha256:3063179823c6a985634312240c57015024316f7fe6661edd41f14c77d8b15e10"
url = "https://github.com/earendil-works/pi/releases/download/v0.74.0/pi-darwin-arm64.tar.gz"
url_api = "https://api.github.com/repos/earendil-works/pi/releases/assets/414593862"
github_attestations = "unavailable"

[[tools."github:larksuite/cli"]]
version = "1.0.29"
backend = "github:larksuite/cli"

[tools."github:larksuite/cli"."platforms.linux-x64"]
checksum = "sha256:b5256ac302ad38d79719ad6fbd6e742a3efda97a6472543af45cbe937e99cee5"
url = "https://github.com/larksuite/cli/releases/download/v1.0.29/lark-cli-1.0.29-linux-amd64.tar.gz"
url_api = "https://api.github.com/repos/larksuite/cli/releases/assets/418404526"
github_attestations = "unavailable"

[tools."github:larksuite/cli"."platforms.linux-x64-baseline"]
checksum = "sha256:b5256ac302ad38d79719ad6fbd6e742a3efda97a6472543af45cbe937e99cee5"
url = "https://github.com/larksuite/cli/releases/download/v1.0.29/lark-cli-1.0.29-linux-amd64.tar.gz"
url_api = "https://api.github.com/repos/larksuite/cli/releases/assets/418404526"
github_attestations = "unavailable"

[tools."github:larksuite/cli"."platforms.linux-x64-musl"]
checksum = "sha256:b5256ac302ad38d79719ad6fbd6e742a3efda97a6472543af45cbe937e99cee5"
url = "https://github.com/larksuite/cli/releases/download/v1.0.29/lark-cli-1.0.29-linux-amd64.tar.gz"
url_api = "https://api.github.com/repos/larksuite/cli/releases/assets/418404526"
github_attestations = "unavailable"

[tools."github:larksuite/cli"."platforms.linux-x64-musl-baseline"]
checksum = "sha256:b5256ac302ad38d79719ad6fbd6e742a3efda97a6472543af45cbe937e99cee5"
url = "https://github.com/larksuite/cli/releases/download/v1.0.29/lark-cli-1.0.29-linux-amd64.tar.gz"
url_api = "https://api.github.com/repos/larksuite/cli/releases/assets/418404526"
github_attestations = "unavailable"

[tools."github:larksuite/cli"."platforms.macos-arm64"]
checksum = "sha256:a83c0464d113f34a7a0a4f715f5b92cd6c3da470b71e16b06ae517cbb5179919"
url = "https://github.com/larksuite/cli/releases/download/v1.0.29/lark-cli-1.0.29-darwin-arm64.tar.gz"
url_api = "https://api.github.com/repos/larksuite/cli/releases/assets/418404528"
github_attestations = "unavailable"

[[tools."github:runkids/skillshare"]]
version = "0.19.10"
backend = "github:runkids/skillshare"

[tools."github:runkids/skillshare"."platforms.linux-x64"]
checksum = "sha256:f723582cf8c102f3ec1ab1ca55a67735a073b2740e45704c026a4ab7780ab9cc"
url = "https://github.com/runkids/skillshare/releases/download/v0.19.10/skillshare_0.19.10_linux_amd64.tar.gz"
url_api = "https://api.github.com/repos/runkids/skillshare/releases/assets/418431417"
github_attestations = "unavailable"

[tools."github:runkids/skillshare"."platforms.linux-x64-baseline"]
checksum = "sha256:f723582cf8c102f3ec1ab1ca55a67735a073b2740e45704c026a4ab7780ab9cc"
url = "https://github.com/runkids/skillshare/releases/download/v0.19.10/skillshare_0.19.10_linux_amd64.tar.gz"
url_api = "https://api.github.com/repos/runkids/skillshare/releases/assets/418431417"
github_attestations = "unavailable"

[tools."github:runkids/skillshare"."platforms.linux-x64-musl"]
checksum = "sha256:f723582cf8c102f3ec1ab1ca55a67735a073b2740e45704c026a4ab7780ab9cc"
url = "https://github.com/runkids/skillshare/releases/download/v0.19.10/skillshare_0.19.10_linux_amd64.tar.gz"
url_api = "https://api.github.com/repos/runkids/skillshare/releases/assets/418431417"
github_attestations = "unavailable"

[tools."github:runkids/skillshare"."platforms.linux-x64-musl-baseline"]
checksum = "sha256:f723582cf8c102f3ec1ab1ca55a67735a073b2740e45704c026a4ab7780ab9cc"
url = "https://github.com/runkids/skillshare/releases/download/v0.19.10/skillshare_0.19.10_linux_amd64.tar.gz"
url_api = "https://api.github.com/repos/runkids/skillshare/releases/assets/418431417"
github_attestations = "unavailable"

[tools."github:runkids/skillshare"."platforms.macos-arm64"]
checksum = "sha256:6856b03af24b239e4520f8df137286f9d78396d352fee9765b9bab8f8d6c328a"
url = "https://github.com/runkids/skillshare/releases/download/v0.19.10/skillshare_0.19.10_darwin_arm64.tar.gz"
url_api = "https://api.github.com/repos/runkids/skillshare/releases/assets/418431418"
github_attestations = "unavailable"

[[tools."github:schpet/linear-cli"]]
version = "2.0.0"
backend = "github:schpet/linear-cli"

[tools."github:schpet/linear-cli"."platforms.linux-x64"]
checksum = "sha256:affb594672c2f220cef68fa7cfeb813945c4010789a4b8cc2c0e46468feb7870"
url = "https://github.com/schpet/linear-cli/releases/download/v2.0.0/linear-x86_64-unknown-linux-gnu.tar.xz"
url_api = "https://api.github.com/repos/schpet/linear-cli/releases/assets/388120649"
github_attestations = "unavailable"

[tools."github:schpet/linear-cli"."platforms.linux-x64-baseline"]
checksum = "sha256:affb594672c2f220cef68fa7cfeb813945c4010789a4b8cc2c0e46468feb7870"
url = "https://github.com/schpet/linear-cli/releases/download/v2.0.0/linear-x86_64-unknown-linux-gnu.tar.xz"
url_api = "https://api.github.com/repos/schpet/linear-cli/releases/assets/388120649"
github_attestations = "unavailable"

[tools."github:schpet/linear-cli"."platforms.linux-x64-musl"]
checksum = "sha256:affb594672c2f220cef68fa7cfeb813945c4010789a4b8cc2c0e46468feb7870"
url = "https://github.com/schpet/linear-cli/releases/download/v2.0.0/linear-x86_64-unknown-linux-gnu.tar.xz"
url_api = "https://api.github.com/repos/schpet/linear-cli/releases/assets/388120649"
github_attestations = "unavailable"

[tools."github:schpet/linear-cli"."platforms.linux-x64-musl-baseline"]
checksum = "sha256:affb594672c2f220cef68fa7cfeb813945c4010789a4b8cc2c0e46468feb7870"
url = "https://github.com/schpet/linear-cli/releases/download/v2.0.0/linear-x86_64-unknown-linux-gnu.tar.xz"
url_api = "https://api.github.com/repos/schpet/linear-cli/releases/assets/388120649"
github_attestations = "unavailable"

[tools."github:schpet/linear-cli"."platforms.macos-arm64"]
checksum = "sha256:121fe1eee6d90b22e76e4e98cbb624474eecd970a4a4c622fd4d50889b57dacc"
url = "https://github.com/schpet/linear-cli/releases/download/v2.0.0/linear-aarch64-apple-darwin.tar.xz"
url_api = "https://api.github.com/repos/schpet/linear-cli/releases/assets/388120583"
github_attestations = "unavailable"

[[tools.go]]
version = "1.26.3"
backend = "core:go"

[tools.go."platforms.linux-x64"]
checksum = "sha256:2b2cfc7148493da5e73981bffbf3353af381d5f93e789c82c79aff64962eb556"
url = "https://dl.google.com/go/go1.26.3.linux-amd64.tar.gz"

[tools.go."platforms.linux-x64-baseline"]
checksum = "sha256:2b2cfc7148493da5e73981bffbf3353af381d5f93e789c82c79aff64962eb556"
url = "https://dl.google.com/go/go1.26.3.linux-amd64.tar.gz"

[tools.go."platforms.linux-x64-musl"]
checksum = "sha256:2b2cfc7148493da5e73981bffbf3353af381d5f93e789c82c79aff64962eb556"
url = "https://dl.google.com/go/go1.26.3.linux-amd64.tar.gz"

[tools.go."platforms.linux-x64-musl-baseline"]
checksum = "sha256:2b2cfc7148493da5e73981bffbf3353af381d5f93e789c82c79aff64962eb556"
url = "https://dl.google.com/go/go1.26.3.linux-amd64.tar.gz"

[tools.go."platforms.macos-arm64"]
checksum = "sha256:875cf54a15311eee2c99b9dd67c68c4a49351d489ab622bf2cfd28c8f2078d3c"
url = "https://dl.google.com/go/go1.26.3.darwin-arm64.tar.gz"

[[tools."go:github.com/bootdotdev/bootdev"]]
version = "1.29.3"
backend = "go:github.com/bootdotdev/bootdev"

[[tools."go:github.com/xdevplatform/xurl"]]
version = "1.1.0"
backend = "go:github.com/xdevplatform/xurl"

[[tools.node]]
version = "26.1.0"
backend = "core:node"

[tools.node."platforms.linux-x64"]
checksum = "sha256:62d555c329e05e3625109f2e3a8b5195b368d5ef38266292469d32f63cd98ffd"
url = "https://nodejs.org/dist/v26.1.0/node-v26.1.0-linux-x64.tar.gz"

[tools.node."platforms.linux-x64-baseline"]
checksum = "sha256:62d555c329e05e3625109f2e3a8b5195b368d5ef38266292469d32f63cd98ffd"
url = "https://nodejs.org/dist/v26.1.0/node-v26.1.0-linux-x64.tar.gz"

[tools.node."platforms.linux-x64-musl"]
checksum = "sha256:e302e820cea1007dfe68f5faaa23c8ed5a7099ad48cf068d6debf3d4958faaef"
url = "https://unofficial-builds.nodejs.org/download/release/v26.1.0/node-v26.1.0-linux-x64-musl.tar.gz"

[tools.node."platforms.linux-x64-musl-baseline"]
checksum = "sha256:e302e820cea1007dfe68f5faaa23c8ed5a7099ad48cf068d6debf3d4958faaef"
url = "https://unofficial-builds.nodejs.org/download/release/v26.1.0/node-v26.1.0-linux-x64-musl.tar.gz"

[tools.node."platforms.macos-arm64"]
checksum = "sha256:91063f665c2f5d6e69e4f8fcb66d3d476bc2785ace82267274bf4da789985ceb"
url = "https://nodejs.org/dist/v26.1.0/node-v26.1.0-darwin-arm64.tar.gz"

[[tools."npm:@openai/codex"]]
version = "0.130.0"
backend = "npm:@openai/codex"

[[tools."npm:claude-code-sync"]]
version = "0.1.15"
backend = "npm:claude-code-sync"

[[tools."npm:codex-sync"]]
version = "1.0.12"
backend = "npm:codex-sync"

[[tools."npm:cursor-opensync-plugin"]]
version = "1.0.17"
backend = "npm:cursor-opensync-plugin"

[[tools."npm:hunkdiff"]]
version = "0.11.1"
backend = "npm:hunkdiff"

[[tools."npm:opencode-sync-plugin"]]
version = "0.3.7"
backend = "npm:opencode-sync-plugin"

[[tools."npm:pi-opensync-plugin"]]
version = "0.3.0"
backend = "npm:pi-opensync-plugin"

[[tools.pnpm]]
version = "11.1.1"
backend = "aqua:pnpm/pnpm"

[tools.pnpm.options]
"vars.backend" = "aqua:pnpm/pnpm"

[tools.pnpm."platforms.linux-x64"]
checksum = "sha256:f5f72f96d131e19ae5b2ce083914641439c8b5b6b14e4b7157320191eaa24bd4"
url = "https://github.com/pnpm/pnpm/releases/download/v11.1.1/pnpm-linux-x64.tar.gz"
provenance = "github-attestations"

[tools.pnpm."platforms.linux-x64-baseline"]
checksum = "sha256:f5f72f96d131e19ae5b2ce083914641439c8b5b6b14e4b7157320191eaa24bd4"
url = "https://github.com/pnpm/pnpm/releases/download/v11.1.1/pnpm-linux-x64.tar.gz"
provenance = "github-attestations"

[tools.pnpm."platforms.linux-x64-musl"]
checksum = "sha256:94fd573ff877e3f7dc88c92b57d2c00a96d7b3a134ce9534f6adc541ee98696e"
url = "https://github.com/pnpm/pnpm/releases/download/v11.1.1/pnpm-linux-x64-musl.tar.gz"
provenance = "github-attestations"

[tools.pnpm."platforms.linux-x64-musl-baseline"]
checksum = "sha256:94fd573ff877e3f7dc88c92b57d2c00a96d7b3a134ce9534f6adc541ee98696e"
url = "https://github.com/pnpm/pnpm/releases/download/v11.1.1/pnpm-linux-x64-musl.tar.gz"
provenance = "github-attestations"

[tools.pnpm."platforms.macos-arm64"]
checksum = "sha256:e3603ea3bb3911a89f4f8d1a38e8cc6aa6bdbc99b12fad01d94ecba861e8b916"
url = "https://github.com/pnpm/pnpm/releases/download/v11.1.1/pnpm-darwin-arm64.tar.gz"
provenance = "github-attestations"

[[tools.python]]
version = "3.14.5"
backend = "core:python"

[tools.python."platforms.linux-x64"]
checksum = "sha256:dc10977b0db3bef1ee2275107fde6fe9c148135b556fa352e83c6baa67d17ed6"
url = "https://github.com/astral-sh/python-build-standalone/releases/download/20260510/cpython-3.14.5+20260510-x86_64-unknown-linux-gnu-install_only_stripped.tar.gz"
provenance = "github-attestations"

[tools.python."platforms.linux-x64-baseline"]
checksum = "sha256:dc10977b0db3bef1ee2275107fde6fe9c148135b556fa352e83c6baa67d17ed6"
url = "https://github.com/astral-sh/python-build-standalone/releases/download/20260510/cpython-3.14.5+20260510-x86_64-unknown-linux-gnu-install_only_stripped.tar.gz"
provenance = "github-attestations"

[tools.python."platforms.linux-x64-musl"]
checksum = "sha256:6bc02ce4575e5d5379f4533f3d3f77acfdfd5ccd9c4edf790fcdd84578a1df01"
url = "https://github.com/astral-sh/python-build-standalone/releases/download/20260510/cpython-3.14.5+20260510-x86_64-unknown-linux-musl-install_only_stripped.tar.gz"
provenance = "github-attestations"

[tools.python."platforms.linux-x64-musl-baseline"]
checksum = "sha256:6bc02ce4575e5d5379f4533f3d3f77acfdfd5ccd9c4edf790fcdd84578a1df01"
url = "https://github.com/astral-sh/python-build-standalone/releases/download/20260510/cpython-3.14.5+20260510-x86_64-unknown-linux-musl-install_only_stripped.tar.gz"
provenance = "github-attestations"

[tools.python."platforms.macos-arm64"]
checksum = "sha256:1bb0b3d45448dfe7e916dc62144cfd7d7a611dc6ccf05b8bb71662cc5c2a1ad2"
url = "https://github.com/astral-sh/python-build-standalone/releases/download/20260510/cpython-3.14.5+20260510-aarch64-apple-darwin-install_only_stripped.tar.gz"
provenance = "github-attestations"

[[tools.ruby]]
version = "4.0.4"
backend = "core:ruby"

[tools.ruby."platforms.linux-x64"]
checksum = "sha256:ecc4d8a3ec926b46533e27bb7bba921507406c6fa61e034e8f75cd127ac30796"
url = "https://github.com/jdx/ruby/releases/download/4.0.4-1/ruby-4.0.4.x86_64_linux.tar.gz"
provenance = "github-attestations"

[tools.ruby."platforms.linux-x64-baseline"]
checksum = "sha256:ecc4d8a3ec926b46533e27bb7bba921507406c6fa61e034e8f75cd127ac30796"
url = "https://github.com/jdx/ruby/releases/download/4.0.4-1/ruby-4.0.4.x86_64_linux.tar.gz"
provenance = "github-attestations"

[tools.ruby."platforms.linux-x64-musl"]
checksum = "sha256:ecc4d8a3ec926b46533e27bb7bba921507406c6fa61e034e8f75cd127ac30796"
url = "https://github.com/jdx/ruby/releases/download/4.0.4-1/ruby-4.0.4.x86_64_linux.tar.gz"
provenance = "github-attestations"

[tools.ruby."platforms.linux-x64-musl-baseline"]
checksum = "sha256:ecc4d8a3ec926b46533e27bb7bba921507406c6fa61e034e8f75cd127ac30796"
url = "https://github.com/jdx/ruby/releases/download/4.0.4-1/ruby-4.0.4.x86_64_linux.tar.gz"
provenance = "github-attestations"

[tools.ruby."platforms.macos-arm64"]
checksum = "sha256:8e94f0e6d0b45636db21804dc2095b7d93d6fa3f639864769a4a7de2a6f3cdea"
url = "https://github.com/jdx/ruby/releases/download/4.0.4-1/ruby-4.0.4.macos.tar.gz"
provenance = "github-attestations"

[[tools.rust]]
version = "stable"
backend = "core:rust"

[[tools.yarn]]
version = "4.14.1"
backend = "vfox:mise-plugins/vfox-yarn"

[[tools.zig]]
version = "0.16.0"
backend = "core:zig"

[tools.zig."platforms.linux-x64"]
checksum = "sha256:70e49664a74374b48b51e6f3fdfbf437f6395d42509050588bd49abe52ba3d00"
url = "https://ziglang.org/download/0.16.0/zig-x86_64-linux-0.16.0.tar.xz"

[tools.zig."platforms.linux-x64-baseline"]
checksum = "sha256:70e49664a74374b48b51e6f3fdfbf437f6395d42509050588bd49abe52ba3d00"
url = "https://ziglang.org/download/0.16.0/zig-x86_64-linux-0.16.0.tar.xz"

[tools.zig."platforms.linux-x64-musl"]
checksum = "sha256:70e49664a74374b48b51e6f3fdfbf437f6395d42509050588bd49abe52ba3d00"
url = "https://ziglang.org/download/0.16.0/zig-x86_64-linux-0.16.0.tar.xz"

[tools.zig."platforms.linux-x64-musl-baseline"]
checksum = "sha256:70e49664a74374b48b51e6f3fdfbf437f6395d42509050588bd49abe52ba3d00"
url = "https://ziglang.org/download/0.16.0/zig-x86_64-linux-0.16.0.tar.xz"

[tools.zig."platforms.macos-arm64"]
checksum = "sha256:b23d70deaa879b5c2d486ed3316f7eaa53e84acf6fc9cc747de152450d401489"
url = "https://ziglang.org/download/0.16.0/zig-aarch64-macos-0.16.0.tar.xz"
provenance = "minisign"
