lockfileVersion: '9.0'

settings:
  autoInstallPeers: true
  excludeLinksFromLockfile: false

importers:

  .:
    dependencies:
      agent-device:
        specifier: 0.21.6
        version: 0.21.6

packages:

  agent-device@0.21.6:
    resolution: {integrity: sha512-p0tYqpU0pATvcblhwmUaq4ayi7EQ74wU5lK5kceCrhF8R5nYqQe3OTA3cxpyN/seIRtRUgVLvpJbRB0CPkFauA==}
    engines: {node: '>=22.12'}
    hasBin: true
    peerDependencies:
      ai: ^6.0.0 || ^7.0.0
    peerDependenciesMeta:
      ai:
        optional: true

snapshots:

  agent-device@0.21.6: {}
