lockfileVersion: '9.0'

settings:
  autoInstallPeers: true
  excludeLinksFromLockfile: false

importers:

  .:
    dependencies:
      agent-device:
        specifier: 0.21.19
        version: 0.21.19

packages:

  agent-device@0.21.19:
    resolution: {integrity: sha512-XQhWY3znSRkVjVmijV1Ds0kJMQR0Iv7VdY3pzNqTv6zMdMqha4eDZEwsCOWRbT5Nz1TNFm3ObPju3TzlVMlP5Q==}
    engines: {node: '>=22.12'}
    hasBin: true
    peerDependencies:
      ai: ^6.0.0 || ^7.0.0
    peerDependenciesMeta:
      ai:
        optional: true

snapshots:

  agent-device@0.21.19: {}
