lockfileVersion: '9.0'

settings:
  autoInstallPeers: true
  excludeLinksFromLockfile: false

importers:

  .:
    dependencies:
      agent-device:
        specifier: 0.21.18
        version: 0.21.18

packages:

  agent-device@0.21.18:
    resolution: {integrity: sha512-ptNJ7a4jkAXFLSmZqKJDwxL+YpCEUuZv3oCBY76PwE3b2W+yQqQuG0ej0/bOspIHJRmMGNOkWhtxm3gmRW9hRQ==}
    engines: {node: '>=22.12'}
    hasBin: true
    peerDependencies:
      ai: ^6.0.0 || ^7.0.0
    peerDependenciesMeta:
      ai:
        optional: true

snapshots:

  agent-device@0.21.18: {}
