# @generated - this file is auto-generated by `mise lock` https://mise.jdx.dev/dev-tools/mise-lock.html

lockfile_version = 1

[[tools.agent-browser]]
version = "0.38.1"
aube = { path = "locks/agent-browser/0.38.1", digest = "sha256:71da2d3eacd2d671de6b4f1621c8eb49c1288cf86a6b33f55654a8ad3d0f8321" }
backend = "npm:agent-browser"
specifiers = ["latest"]

[[tools.bun]]
version = "1.4.2"
backend = "core:bun"
specifiers = ["latest"]

[tools.bun."platforms.linux-x64"]
checksum = "sha256:36368faef7527875d5ffa52e53cd48021741f2a83eb6208a8dd64068d422a913"
url = "https://github.com/oven-sh/bun/releases/download/bun-v1.4.2/bun-linux-x64.zip"

[tools.bun."platforms.linux-x64-baseline"]
checksum = "sha256:c678040f14fe0440eb839d37cbd0ce4c051a32da72806ac97de6a6aab6bf728f"
url = "https://github.com/oven-sh/bun/releases/download/bun-v1.4.2/bun-linux-x64-baseline.zip"

[tools.bun."platforms.linux-x64-musl"]
checksum = "sha256:4835eca59d6da70f4674f5642f6e459dcadab773695b2ed9922d131057989742"
url = "https://github.com/oven-sh/bun/releases/download/bun-v1.4.2/bun-linux-x64-musl.zip"

[tools.bun."platforms.linux-x64-musl-baseline"]
checksum = "sha256:76e1db84e98f22f78de0a87e309bfbbf297732847f9720db36750646c85c8c18"
url = "https://github.com/oven-sh/bun/releases/download/bun-v1.4.2/bun-linux-x64-musl-baseline.zip"

[tools.bun."platforms.macos-arm64"]
checksum = "sha256:90987a3a16d7db556d886ac3d551e7b6d3edf0a1cf43acaed622e8676be1d12f"
url = "https://github.com/oven-sh/bun/releases/download/bun-v1.4.2/bun-darwin-aarch64.zip"

[[tools."cargo:https://github.com/ipruning/atuin"]]
version = "rev:38e9d788024cf36898b42fa46e7c13d8c774eede"
backend = "cargo:https://github.com/ipruning/atuin"
specifiers = ["rev:38e9d788024cf36898b42fa46e7c13d8c774eede"]

[tools."cargo:https://github.com/ipruning/atuin".options]
bin = "atuin"
crate = "atuin"
locked = "true"

[[tools.deno]]
version = "2.9.7"
backend = "core:deno"
specifiers = ["latest"]

[tools.deno."platforms.linux-x64"]
checksum = "sha256:c6527f24f4b16031d3ae4fa9f658d5f11534c8d84ce7dc8502420280919c3490"
url = "https://dl.deno.land/release/v2.9.7/deno-x86_64-unknown-linux-gnu.zip"

[tools.deno."platforms.macos-arm64"]
checksum = "sha256:5cd46d6268f6f78f5d88bdc7159d20bd44cdaa4b3303474839f87ec6fe7ae25c"
url = "https://dl.deno.land/release/v2.9.7/deno-aarch64-apple-darwin.zip"

[[tools."gem:kamal"]]
version = "2.12.0"
backend = "gem:kamal"
specifiers = ["latest"]

[[tools."github:agavra/tuicr"]]
version = "0.26.0"
backend = "github:agavra/tuicr"
specifiers = ["latest"]

[tools."github:agavra/tuicr"."platforms.linux-x64"]
checksum = "sha256:d00b3388da64a96801bedcfa6ff71411c2f118d44e96e65eea81153c95b585ef"
url = "https://github.com/agavra/tuicr/releases/download/v0.26.0/tuicr-0.26.0-x86_64-unknown-linux-gnu.tar.gz"
url_api = "https://api.github.com/repos/agavra/tuicr/releases/assets/566754169"

[tools."github:agavra/tuicr"."platforms.macos-arm64"]
checksum = "sha256:2516c51d6f77cf78b69e7135fe9341de276fa3b7718e21597bf9719d4795bae2"
url = "https://github.com/agavra/tuicr/releases/download/v0.26.0/tuicr-0.26.0-aarch64-apple-darwin.tar.gz"
url_api = "https://api.github.com/repos/agavra/tuicr/releases/assets/566753781"

[[tools."github:jihuanshe/linear"]]
version = "0.0.1789655272-g14e1d0e"
backend = "github:jihuanshe/linear"
specifiers = ["latest"]

[tools."github:jihuanshe/linear"."platforms.linux-x64"]
checksum = "sha256:7947b7e7d814c22bfaaeaa813ae1d669c0a9e128c2deaccfbfee764ee593b290"
url = "https://github.com/jihuanshe/linear/releases/download/0.0.1789655272-g14e1d0e/linear-x86_64-unknown-linux-gnu.tar.xz"
url_api = "https://api.github.com/repos/jihuanshe/linear/releases/assets/570430116"
provenance = "github-attestations"

[tools."github:jihuanshe/linear"."platforms.macos-arm64"]
checksum = "sha256:2c5a2d77b63d6dff173671939587f4feb2a3dd7410c7a5ff12e678af52b65122"
url = "https://github.com/jihuanshe/linear/releases/download/0.0.1789655272-g14e1d0e/linear-aarch64-apple-darwin.tar.xz"
url_api = "https://api.github.com/repos/jihuanshe/linear/releases/assets/570429891"
provenance = "github-attestations"

[[tools."github:larksuite/cli"]]
version = "1.0.96"
backend = "github:larksuite/cli"
specifiers = ["latest"]

[tools."github:larksuite/cli"."platforms.linux-x64"]
checksum = "sha256:5d1fa96832307b13298fdb11c477ab3f31c3e98026fec585b4b2eb7f63960c36"
url = "https://github.com/larksuite/cli/releases/download/v1.0.96/lark-cli-1.0.96-linux-amd64.tar.gz"
url_api = "https://api.github.com/repos/larksuite/cli/releases/assets/568342594"

[tools."github:larksuite/cli"."platforms.macos-arm64"]
checksum = "sha256:124acdf380f72fa4b1b1e8307a0b00ee93217cf9558baca5bc40091304f2adcd"
url = "https://github.com/larksuite/cli/releases/download/v1.0.96/lark-cli-1.0.96-darwin-arm64.tar.gz"
url_api = "https://api.github.com/repos/larksuite/cli/releases/assets/568342593"

[[tools."github:lycorp-jp/sim-use"]]
version = "0.14.0"
backend = "github:lycorp-jp/sim-use"
specifiers = ["latest"]

[tools."github:lycorp-jp/sim-use"."platforms.linux-x64"]
checksum = "sha256:67e2ee29a7246272de8646e46664a93d9cebcace134094cfd3d07dfb82bda3e6"
url = "https://github.com/lycorp-jp/sim-use/releases/download/v0.14.0/sim-use-v0.14.0.tar.gz"
url_api = "https://api.github.com/repos/lycorp-jp/sim-use/releases/assets/532128479"

[tools."github:lycorp-jp/sim-use"."platforms.macos-arm64"]
checksum = "sha256:67e2ee29a7246272de8646e46664a93d9cebcace134094cfd3d07dfb82bda3e6"
url = "https://github.com/lycorp-jp/sim-use/releases/download/v0.14.0/sim-use-v0.14.0.tar.gz"
url_api = "https://api.github.com/repos/lycorp-jp/sim-use/releases/assets/532128479"

[[tools.go]]
version = "1.27.1"
backend = "core:go"
specifiers = ["latest"]

[tools.go."platforms.linux-x64"]
checksum = "sha256:63d339f0da5ab53635a56f2490a7984dfe12dfcff22ad749f63edaf590168445"
url = "https://dl.google.com/go/go1.27.1.linux-amd64.tar.gz"

[tools.go."platforms.macos-arm64"]
checksum = "sha256:ee215d57e0ec269c60cc9ceca68e6bda321ba9ee5afe24f4b0988703c2d87d12"
url = "https://dl.google.com/go/go1.27.1.darwin-arm64.tar.gz"

[[tools.herdr]]
version = "0.9.1"
backend = "aqua:herdrdev/herdr"
specifiers = ["latest"]

[tools.herdr."platforms.linux-x64"]
checksum = "sha256:2a02fed16beb651ef006e1d43f048f652ca4dc58ad053cd2d44450563d5c54b7"
url = "https://github.com/herdrdev/herdr/releases/download/v0.9.1/herdr-linux-x86_64"
url_api = "https://api.github.com/repos/herdrdev/herdr/releases/assets/568559679"

[tools.herdr."platforms.macos-arm64"]
checksum = "sha256:5fc7a7e7adfaca56fa80aa89dcb025693357268dab8285b9ce2d08a2313c89de"
url = "https://github.com/herdrdev/herdr/releases/download/v0.9.1/herdr-macos-aarch64"
url_api = "https://api.github.com/repos/herdrdev/herdr/releases/assets/568559677"

[[tools.hunk]]
version = "0.22.0"
backend = "aqua:modem-dev/hunk"
specifiers = ["latest"]

[tools.hunk."platforms.linux-x64"]
checksum = "sha256:5f280374f2ab0fc4c48266a9909ee1b0e0c59d77dd99a340f1c26f2125d2229b"
url = "https://github.com/modem-dev/hunk/releases/download/v0.22.0/hunkdiff-linux-x64.tar.gz"
url_api = "https://api.github.com/repos/modem-dev/hunk/releases/assets/554957247"

[tools.hunk."platforms.macos-arm64"]
checksum = "sha256:0f562fdd6ab346c7d91c4755e3d9409fce1d2f72da81efd52bdb7e4431c4b05e"
url = "https://github.com/modem-dev/hunk/releases/download/v0.22.0/hunkdiff-darwin-arm64.tar.gz"
url_api = "https://api.github.com/repos/modem-dev/hunk/releases/assets/554957248"

[[tools.lazydocker]]
version = "0.25.2"
backend = "aqua:jesseduffield/lazydocker"
specifiers = ["latest"]

[tools.lazydocker."platforms.linux-x64"]
checksum = "sha256:0d9dbfc26068b218e7ed84b104748cadc6e3cf733c0afd35465306fb39b9523c"
url = "https://github.com/jesseduffield/lazydocker/releases/download/v0.25.2/lazydocker_0.25.2_Linux_x86_64.tar.gz"
url_api = "https://api.github.com/repos/jesseduffield/lazydocker/releases/assets/399711577"

[tools.lazydocker."platforms.macos-arm64"]
checksum = "sha256:4a54d7b4abdf255b2bce9806641eac5568d5b7fbc820c1b5d3f9e34ea1367d60"
url = "https://github.com/jesseduffield/lazydocker/releases/download/v0.25.2/lazydocker_0.25.2_Darwin_arm64.tar.gz"
url_api = "https://api.github.com/repos/jesseduffield/lazydocker/releases/assets/399711580"

[[tools.lazygit]]
version = "0.65.1"
backend = "aqua:jesseduffield/lazygit"
specifiers = ["latest"]

[tools.lazygit."platforms.linux-x64"]
checksum = "sha256:02beacbcda0fa342e50ae3480ba8147307353af3fb28e1d5f790e02329c201a6"
url = "https://github.com/jesseduffield/lazygit/releases/download/v0.65.1/lazygit_0.65.1_linux_x86_64.tar.gz"
url_api = "https://api.github.com/repos/jesseduffield/lazygit/releases/assets/560658266"

[tools.lazygit."platforms.macos-arm64"]
checksum = "sha256:65a367c6ea9a88efebaaf7998a6835eedb987e04916cef677264ff9b31b1b13e"
url = "https://github.com/jesseduffield/lazygit/releases/download/v0.65.1/lazygit_0.65.1_darwin_arm64.tar.gz"
url_api = "https://api.github.com/repos/jesseduffield/lazygit/releases/assets/560658243"

[[tools.mr-boxington]]
version = "1.12.0"
backend = "packslip:github.com/jdx/mr-boxington"
specifiers = ["latest"]

[tools.mr-boxington."platforms.linux-x64"]
checksum = "sha256:d577a724dff2e6564329a049627f446e0a1d9a4cc0c9884c44e7487ea6253f33"
url = "https://github.com/jdx/mr-boxington/releases/download/v1.12.0/mbx-x86_64-unknown-linux-gnu.tar.gz"
signer = "sigstore-oidc:https://github.com/jdx/mr-boxington/.github/workflows/release.yml"

[tools.mr-boxington."platforms.macos-arm64"]
checksum = "sha256:5457c4d06e547035f0c6521a1f94e67c0400751730feb88f89c1095ac1ddc2bd"
url = "https://github.com/jdx/mr-boxington/releases/download/v1.12.0/mbx-aarch64-apple-darwin.tar.gz"
signer = "sigstore-oidc:https://github.com/jdx/mr-boxington/.github/workflows/release.yml"

[[tools.node]]
version = "26.9.0"
backend = "core:node"
specifiers = ["latest"]

[tools.node."platforms.linux-x64"]
checksum = "sha256:03d9104fc4f19652e74480fed11c023d75981464b7292f21a601c3f95ce7d90d"
url = "https://nodejs.org/dist/v26.9.0/node-v26.9.0-linux-x64.tar.gz"

[tools.node."platforms.macos-arm64"]
checksum = "sha256:6f3de7ed853ee283b4bf24b6e426618f1d357401ce5815db1866eb85eb4b05d9"
url = "https://nodejs.org/dist/v26.9.0/node-v26.9.0-darwin-arm64.tar.gz"

[[tools."npm:@openai/codex-security"]]
version = "0.1.28"
aube = { path = "locks/npm-openai-codex-security/0.1.28~19b6a9e3", digest = "sha256:58359b64f258b9204c1e440911cdc3c632361fd31c77fe00c7b87a1d1b24e0db" }
backend = "npm:@openai/codex-security"
specifiers = ["latest"]

[tools."npm:@openai/codex-security".options]
allow_low_downloads = "true"

[[tools."npm:agent-device"]]
version = "0.21.6"
aube = { path = "locks/npm-agent-device/0.21.6", digest = "sha256:ba891bb3412f855ea90fb78274b08b4b136dcb463559f25e9a85a8fa81194a2b" }
backend = "npm:agent-device"
specifiers = ["latest"]

[[tools.pi]]
version = "0.85.1"
backend = "aqua:earendil-works/pi"
specifiers = ["latest"]

[tools.pi."platforms.linux-x64"]
checksum = "sha256:494e498f47d74d21f40b3386f6a5e921a3d49531a169cab55bbdaca0ea1fe25a"
url = "https://github.com/earendil-works/pi/releases/download/v0.85.1/pi-linux-x64.tar.gz"
url_api = "https://api.github.com/repos/earendil-works/pi/releases/assets/545797547"

[tools.pi."platforms.macos-arm64"]
checksum = "sha256:d5f70e3c0cf7398eac239fd0261ee074d98b7ba7f6b43fe3617f052ed5b79d06"
url = "https://github.com/earendil-works/pi/releases/download/v0.85.1/pi-darwin-arm64.tar.gz"
url_api = "https://api.github.com/repos/earendil-works/pi/releases/assets/545797550"

[[tools.pnpm]]
version = "12.4.2"
backend = "aqua:pnpm/pnpm"
specifiers = ["latest"]

[tools.pnpm."platforms.linux-x64"]
checksum = "sha256:ce1ed690fe9c2f091d7267e1afbe9380abb08bb577e95348fda194a41147d2ec"
url = "https://github.com/pnpm/pnpm/releases/download/v12.4.2/pnpm-linux-x64.tar.gz"
url_api = "https://api.github.com/repos/pnpm/pnpm/releases/assets/565468079"
provenance = "github-attestations"

[tools.pnpm."platforms.macos-arm64"]
checksum = "sha256:5aae95a95f0a98f9372dee7d1797386011fa6571b06b82554c7c7847d201308e"
url = "https://github.com/pnpm/pnpm/releases/download/v12.4.2/pnpm-darwin-arm64.tar.gz"
url_api = "https://api.github.com/repos/pnpm/pnpm/releases/assets/565468070"
provenance = "github-attestations"

[[tools.python]]
version = "3.14.7"
backend = "core:python"
specifiers = ["latest"]

[tools.python."platforms.linux-x64"]
checksum = "sha256:a0f39e822fd3b96a2605f30f954acf9a2cdf91faa1385a13e24bc407a41e05ea"
url = "https://github.com/astral-sh/python-build-standalone/releases/download/20260825/cpython-3.14.7+20260825-x86_64-unknown-linux-gnu-install_only_stripped.tar.gz"
provenance = "github-attestations"

[tools.python."platforms.macos-arm64"]
checksum = "sha256:17ecb3d29c49765856370cbb47d948a24ec518be40f607362c1bbb3ebbc5c442"
url = "https://github.com/astral-sh/python-build-standalone/releases/download/20260825/cpython-3.14.7+20260825-aarch64-apple-darwin-install_only_stripped.tar.gz"
provenance = "github-attestations"

[[tools.ruby]]
version = "4.0.7"
backend = "core:ruby"
specifiers = ["latest"]

[tools.ruby.options]
compile = "false"
precompiled_url = "jdx/ruby"
ruby_build_repo = "https://github.com/rbenv/ruby-build.git"
ruby_install = "false"

[tools.ruby."platforms.linux-x64"]
checksum = "sha256:32cd7e6ac93126e0f91dc40a0d2e6213f24a38be77937671e6cb82f82ea4ffe2"
url = "https://github.com/jdx/ruby/releases/download/4.0.7-1/ruby-4.0.7.x86_64_linux.tar.gz"
provenance = "github-attestations"

[tools.ruby."platforms.macos-arm64"]
checksum = "sha256:1b239cb6e4f8ba27e890e025c723c00ba781b993ac12aab2029618f347c2206d"
url = "https://github.com/jdx/ruby/releases/download/4.0.7-1/ruby-4.0.7.macos.tar.gz"
provenance = "github-attestations"

[[tools.rust]]
version = "1.98.1"
backend = "core:rust"
specifiers = ["latest"]

[[tools.skillshare]]
version = "0.20.29"
backend = "aqua:runkids/skillshare"
specifiers = ["latest"]

[tools.skillshare."platforms.linux-x64"]
checksum = "sha256:f733f6fbcc415a2d6b4d094b1873d584e66d96c496adccc2416e4ca47f8770df"
url = "https://github.com/runkids/skillshare/releases/download/v0.20.29/skillshare_0.20.29_linux_amd64.tar.gz"
url_api = "https://api.github.com/repos/runkids/skillshare/releases/assets/555393818"

[tools.skillshare."platforms.macos-arm64"]
checksum = "sha256:bb6ab3dd1a4c7bbc059bd2039d903743d09fdc11ed05bb61929aff891bf020b3"
url = "https://github.com/runkids/skillshare/releases/download/v0.20.29/skillshare_0.20.29_darwin_arm64.tar.gz"
url_api = "https://api.github.com/repos/runkids/skillshare/releases/assets/555393821"

[[tools.starship]]
version = "1.26.0"
backend = "aqua:starship/starship"
specifiers = ["latest"]

[tools.starship."platforms.linux-x64"]
checksum = "sha256:321f0dd7af8340a5f2e6a8fec6538a04f617486f9ec70d878f91c09cd8deef22"
url = "https://github.com/starship/starship/releases/download/v1.26.0/starship-x86_64-unknown-linux-gnu.tar.gz"
url_api = "https://api.github.com/repos/starship/starship/releases/assets/460374620"

[tools.starship."platforms.macos-arm64"]
checksum = "sha256:c40b27b11f580411e068f2fa6c1be7830a387c0bc47a94d1d37f32b054c5361d"
url = "https://github.com/starship/starship/releases/download/v1.26.0/starship-aarch64-apple-darwin.tar.gz"
url_api = "https://api.github.com/repos/starship/starship/releases/assets/460374577"

[[tools.uv]]
version = "0.12.15"
backend = "aqua:astral-sh/uv"
specifiers = ["latest"]

[tools.uv."platforms.linux-x64"]
checksum = "sha256:f97935763c04be3e692460a7aaeaaab8fc3b78fcf8b389da820b38ae7423a638"
url = "https://github.com/astral-sh/uv/releases/download/0.12.15/uv-x86_64-unknown-linux-gnu.tar.gz"
url_api = "https://api.github.com/repos/astral-sh/uv/releases/assets/565630898"
provenance = "github-attestations"

[tools.uv."platforms.macos-arm64"]
checksum = "sha256:dc304b9ed1b24174572290fba60ac3f6fe63c73a671f0439e62a91375841964d"
url = "https://github.com/astral-sh/uv/releases/download/0.12.15/uv-aarch64-apple-darwin.tar.gz"
url_api = "https://api.github.com/repos/astral-sh/uv/releases/assets/565630750"
provenance = "github-attestations"

[[tools.xurl]]
version = "1.3.1"
backend = "github:xdevplatform/xurl"
specifiers = ["latest"]

[tools.xurl."platforms.linux-x64"]
checksum = "sha256:ccfc4b3ca5240565da650ef003b51d7f887eabe0c6e3797802410240289d4feb"
url = "https://github.com/xdevplatform/xurl/releases/download/v1.3.1/xurl_Linux_x86_64.tar.gz"
url_api = "https://api.github.com/repos/xdevplatform/xurl/releases/assets/485078002"

[tools.xurl."platforms.macos-arm64"]
checksum = "sha256:5e12707cb4ec625ff44cf6e22780eae39e430fa13db6e890c43db42dbeafa008"
url = "https://github.com/xdevplatform/xurl/releases/download/v1.3.1/xurl_Darwin_arm64.tar.gz"
url_api = "https://api.github.com/repos/xdevplatform/xurl/releases/assets/485078005"

[[tools.yarn]]
version = "4.18.0"
backend = "vfox:mise-plugins/vfox-yarn"
specifiers = ["latest"]

[[tools.zig]]
version = "0.16.0"
backend = "core:zig"
specifiers = ["latest"]

[tools.zig."platforms.linux-x64"]
checksum = "sha256:70e49664a74374b48b51e6f3fdfbf437f6395d42509050588bd49abe52ba3d00"
url = "https://ziglang.org/download/0.16.0/zig-x86_64-linux-0.16.0.tar.xz"

[tools.zig."platforms.macos-arm64"]
checksum = "sha256:b23d70deaa879b5c2d486ed3316f7eaa53e84acf6fc9cc747de152450d401489"
url = "https://ziglang.org/download/0.16.0/zig-aarch64-macos-0.16.0.tar.xz"

[[tools.zoxide]]
version = "0.10.0"
backend = "aqua:ajeetdsouza/zoxide"
specifiers = ["latest"]

[tools.zoxide."platforms.linux-x64"]
checksum = "sha256:2d93385b99f3e82cf2701609a1bffcad863fbeb75aa3fe7eb6be4d29be68b1ae"
url = "https://github.com/ajeetdsouza/zoxide/releases/download/v0.10.0/zoxide-0.10.0-x86_64-unknown-linux-musl.tar.gz"
url_api = "https://api.github.com/repos/ajeetdsouza/zoxide/releases/assets/466316293"

[tools.zoxide."platforms.macos-arm64"]
checksum = "sha256:b55ae6f2f5f23d0a6ccb3bd4eeb2af9c7e0a6556e5255c82100e40305129bbb0"
url = "https://github.com/ajeetdsouza/zoxide/releases/download/v0.10.0/zoxide-0.10.0-aarch64-apple-darwin.tar.gz"
url_api = "https://api.github.com/repos/ajeetdsouza/zoxide/releases/assets/466316174"
