# @generated - this file is auto-generated by `mise lock` https://mise.en.dev/dev-tools/mise-lock.html

[[tools.agent-browser]]
version = "0.34.0"
backend = "npm:agent-browser"

[[tools."aqua:yarnpkg/berry"]]
version = "4.18.0"
backend = "aqua:yarnpkg/berry"

[tools."aqua:yarnpkg/berry"."platforms.linux-x64"]
url = "https://repo.yarnpkg.com/4.18.0/packages/yarnpkg-cli/bin/yarn.js"

[tools."aqua:yarnpkg/berry"."platforms.macos-arm64"]
checksum = "blake3:6b5fe0bc6105452f663d5a15ee03574caab7ac642f0400266273d0b9562c9dc4"
url = "https://repo.yarnpkg.com/4.18.0/packages/yarnpkg-cli/bin/yarn.js"

[[tools.aube]]
version = "1.38.1"
backend = "aqua:jdx/aube"

[tools.aube."platforms.linux-x64"]
checksum = "sha256:1f10a0a7bd38d94b348b52f785a7496dab6985775b3dfc2ba74914d1c739fba9"
url = "https://github.com/jdx/aube/releases/download/v1.38.1/aube-v1.38.1-x86_64-unknown-linux-gnu.tar.gz"
url_api = "https://api.github.com/repos/jdx/aube/releases/assets/508095865"
provenance = "github-attestations"

[tools.aube."platforms.macos-arm64"]
checksum = "sha256:120989b5613a48333424c0aa4c3518573baec74836ba700d8d791900b974004b"
url = "https://github.com/jdx/aube/releases/download/v1.38.1/aube-v1.38.1-aarch64-apple-darwin.tar.gz"
url_api = "https://api.github.com/repos/jdx/aube/releases/assets/508129180"
provenance = "github-attestations"

[[tools.bun]]
version = "1.3.14"
backend = "core:bun"

[tools.bun."platforms.linux-arm64"]
checksum = "sha256:a27ffb63a8310375836e0d6f668ae17fa8d8d18b88c37c821c65331973a19a3b"
url = "https://github.com/oven-sh/bun/releases/download/bun-v1.3.14/bun-linux-aarch64.zip"

[tools.bun."platforms.linux-arm64-musl"]
checksum = "sha256:b98e0ad3625c5c00d1d5b5ff55605c7adddbfae151861e68ade57b2d3b8703bb"
url = "https://github.com/oven-sh/bun/releases/download/bun-v1.3.14/bun-linux-aarch64-musl.zip"

[tools.bun."platforms.linux-x64"]
checksum = "sha256:951ee2aee855f08595aeec6225226a298d3fea83a3dcd6465c09cbccdf7e848f"
url = "https://github.com/oven-sh/bun/releases/download/bun-v1.3.14/bun-linux-x64.zip"

[tools.bun."platforms.linux-x64-baseline"]
checksum = "sha256:a063908ae08b7852ca10939bbdc6ceed3ddabce8fb9402dce83d65d73b36e6c7"
url = "https://github.com/oven-sh/bun/releases/download/bun-v1.3.14/bun-linux-x64-baseline.zip"

[tools.bun."platforms.linux-x64-musl"]
checksum = "sha256:14bd9aedeebf1dba67e8def9531c89bc989ecfdf1de42e5bfcaf1b8cd9294719"
url = "https://github.com/oven-sh/bun/releases/download/bun-v1.3.14/bun-linux-x64-musl.zip"

[tools.bun."platforms.linux-x64-musl-baseline"]
checksum = "sha256:56a7d6806cf155536c0178f0ea5fbd098e684fa509ebdb4fc0a7e19fb65382dc"
url = "https://github.com/oven-sh/bun/releases/download/bun-v1.3.14/bun-linux-x64-musl-baseline.zip"

[tools.bun."platforms.macos-arm64"]
checksum = "sha256:d8b96221828ad6f97ac7ac0ab7e95872341af763001e8803e8267652c2652620"
url = "https://github.com/oven-sh/bun/releases/download/bun-v1.3.14/bun-darwin-aarch64.zip"

[tools.bun."platforms.macos-x64"]
checksum = "sha256:4183df3374623e5bab315c547cfa0974533cd457d86b73b639f7a87974cd6633"
url = "https://github.com/oven-sh/bun/releases/download/bun-v1.3.14/bun-darwin-x64.zip"

[tools.bun."platforms.macos-x64-baseline"]
checksum = "sha256:3e35ad6f53971a9834bf9e6786e2adf72b5f1921cc9a9c5fde073d2972944076"
url = "https://github.com/oven-sh/bun/releases/download/bun-v1.3.14/bun-darwin-x64-baseline.zip"

[tools.bun."platforms.windows-x64"]
checksum = "sha256:0a0620930b6675d7ba440e81f4e0e00d3cfbe096c4b140d3fff02205e9e18922"
url = "https://github.com/oven-sh/bun/releases/download/bun-v1.3.14/bun-windows-x64.zip"

[tools.bun."platforms.windows-x64-baseline"]
checksum = "sha256:538f9c846355d9e847b2671bc00c47da4229a0befb24df3282b739770f3b475f"
url = "https://github.com/oven-sh/bun/releases/download/bun-v1.3.14/bun-windows-x64-baseline.zip"

[[tools."cargo:https://github.com/ipruning/atuin"]]
version = "rev:532f621514e398ce7c0b5e1a9821ed73db996460"
backend = "cargo:https://github.com/ipruning/atuin"

[tools."cargo:https://github.com/ipruning/atuin".options]
bin = "atuin"
crate = "atuin"
locked = "true"

[[tools.deno]]
version = "2.9.5"
backend = "core:deno"

[tools.deno."platforms.linux-x64"]
checksum = "sha256:8b010a3b1a4a0188a67cdb8a7a27348b2a501af78aec7fc74f2ace167368d530"
url = "https://dl.deno.land/release/v2.9.5/deno-x86_64-unknown-linux-gnu.zip"

[tools.deno."platforms.macos-arm64"]
checksum = "sha256:b796aadd131f6930560c1ee040cf0d6f53933fbb987464e9ff46bd7ea4830615"
url = "https://dl.deno.land/release/v2.9.5/deno-aarch64-apple-darwin.zip"

[[tools."gem:kamal"]]
version = "2.12.0"
backend = "gem:kamal"

[[tools."github:agavra/tuicr"]]
version = "0.21.0"
backend = "github:agavra/tuicr"

[tools."github:agavra/tuicr"."platforms.linux-x64"]
checksum = "sha256:4c774b981d2f73dff675f509a46ce07ef6aba3ea127e16670aaa8013469f680b"
url = "https://github.com/agavra/tuicr/releases/download/v0.21.0/tuicr-0.21.0-x86_64-unknown-linux-gnu.tar.gz"
url_api = "https://api.github.com/repos/agavra/tuicr/releases/assets/503215878"

[tools."github:agavra/tuicr"."platforms.macos-arm64"]
checksum = "sha256:abea50eef2dec9eb18a19a6ce687c2dce712184edb2852d2cac1abf66ec96ae8"
url = "https://github.com/agavra/tuicr/releases/download/v0.21.0/tuicr-0.21.0-aarch64-apple-darwin.tar.gz"
url_api = "https://api.github.com/repos/agavra/tuicr/releases/assets/503216017"

[[tools."github:jihuanshe/linear"]]
version = "0.0.1786361070-g484b146"
backend = "github:jihuanshe/linear"

[tools."github:jihuanshe/linear"."platforms.linux-x64"]
checksum = "sha256:2678c22b27f311ffa2267774027e03b440afc62d613f038f53a6cfef1814fffa"
url = "https://github.com/jihuanshe/linear/releases/download/0.0.1786361070-g484b146/linear-x86_64-unknown-linux-gnu.tar.xz"
url_api = "https://api.github.com/repos/jihuanshe/linear/releases/assets/508671894"
provenance = "github-attestations"

[tools."github:jihuanshe/linear"."platforms.macos-arm64"]
checksum = "sha256:92263aee9f3e3048209011f3f69eecb317d4a2a4963ab931949e840f56884bbc"
url = "https://github.com/jihuanshe/linear/releases/download/0.0.1786361070-g484b146/linear-aarch64-apple-darwin.tar.xz"
url_api = "https://api.github.com/repos/jihuanshe/linear/releases/assets/508671803"
provenance = "github-attestations"
provenance_verified = true

[[tools."github:larksuite/cli"]]
version = "1.0.86"
backend = "github:larksuite/cli"

[tools."github:larksuite/cli"."platforms.linux-x64"]
checksum = "sha256:91d05829c78bfb77eec46d89449aa2786e81f55f7a99b9788ee5d68d62727cfa"
url = "https://github.com/larksuite/cli/releases/download/v1.0.86/lark-cli-1.0.86-linux-amd64.tar.gz"
url_api = "https://api.github.com/repos/larksuite/cli/releases/assets/510188059"

[tools."github:larksuite/cli"."platforms.macos-arm64"]
checksum = "sha256:b3f1ddd38c46a5397c7ae5f1ad6fcb8c8c2d76736d89587eda03bf5706c8571c"
url = "https://github.com/larksuite/cli/releases/download/v1.0.86/lark-cli-1.0.86-darwin-arm64.tar.gz"
url_api = "https://api.github.com/repos/larksuite/cli/releases/assets/510188060"

[[tools."github:lycorp-jp/sim-use"]]
version = "0.13.0"
backend = "github:lycorp-jp/sim-use"

[tools."github:lycorp-jp/sim-use"."platforms.linux-x64"]
checksum = "sha256:f3da237663199faf4c7f6796c3ede6ce7583da872dc27d92eb3b7eb051725081"
url = "https://github.com/lycorp-jp/sim-use/releases/download/v0.13.0/sim-use-v0.13.0.tar.gz"
url_api = "https://api.github.com/repos/lycorp-jp/sim-use/releases/assets/503792087"

[tools."github:lycorp-jp/sim-use"."platforms.macos-arm64"]
checksum = "sha256:f3da237663199faf4c7f6796c3ede6ce7583da872dc27d92eb3b7eb051725081"
url = "https://github.com/lycorp-jp/sim-use/releases/download/v0.13.0/sim-use-v0.13.0.tar.gz"
url_api = "https://api.github.com/repos/lycorp-jp/sim-use/releases/assets/503792087"

[[tools.go]]
version = "1.26.5"
backend = "core:go"

[tools.go."platforms.linux-x64"]
checksum = "sha256:5c2c3b16caefa1d968a94c1daca04a7ca301a496d9b086e17ad77bb81393f053"
url = "https://dl.google.com/go/go1.26.5.linux-amd64.tar.gz"

[tools.go."platforms.macos-arm64"]
checksum = "sha256:efb87ff28af9a188d0536ef5d42e63dd52ba8263cd7344a993cc48dd11dedb6a"
url = "https://dl.google.com/go/go1.26.5.darwin-arm64.tar.gz"

[[tools.herdr]]
version = "0.8.0"
backend = "aqua:herdrdev/herdr"

[tools.herdr."platforms.linux-x64"]
checksum = "sha256:b872ea7e40fa2cb17e857ac9b62b1bf26db7b403c622f5d2f3f5b35f6e9acd28"
url = "https://github.com/herdrdev/herdr/releases/download/v0.8.0/herdr-linux-x86_64"
url_api = "https://api.github.com/repos/herdrdev/herdr/releases/assets/500422625"

[tools.herdr."platforms.macos-arm64"]
checksum = "sha256:d53a9f93fccfdfcc55632927bf51002f5add0aa7990bcdf508ffbd84ac658178"
url = "https://github.com/herdrdev/herdr/releases/download/v0.8.0/herdr-macos-aarch64"
url_api = "https://api.github.com/repos/herdrdev/herdr/releases/assets/500422629"

[[tools.hunk]]
version = "0.18.1"
backend = "aqua:modem-dev/hunk"

[tools.hunk."platforms.linux-x64"]
checksum = "sha256:b3bf7a8a8d1ddf110e19e71edfb76d1a4414b3b0fc560d5facc2b55237b2061c"
url = "https://github.com/modem-dev/hunk/releases/download/v0.18.1/hunkdiff-linux-x64.tar.gz"
url_api = "https://api.github.com/repos/modem-dev/hunk/releases/assets/510397450"

[tools.hunk."platforms.macos-arm64"]
checksum = "sha256:26c71e50c5894a879cc68ebb3dea961e963bc023111ae3cb3fb2ca4a42bc9f75"
url = "https://github.com/modem-dev/hunk/releases/download/v0.18.1/hunkdiff-darwin-arm64.tar.gz"
url_api = "https://api.github.com/repos/modem-dev/hunk/releases/assets/510397447"

[[tools.lazydocker]]
version = "0.25.2"
backend = "aqua:jesseduffield/lazydocker"

[tools.lazydocker."platforms.linux-x64"]
checksum = "sha256:0d9dbfc26068b218e7ed84b104748cadc6e3cf733c0afd35465306fb39b9523c"
url = "https://github.com/jesseduffield/lazydocker/releases/download/v0.25.2/lazydocker_0.25.2_Linux_x86_64.tar.gz"
url_api = "https://api.github.com/repos/jesseduffield/lazydocker/releases/assets/399711577"

[tools.lazydocker."platforms.macos-arm64"]
checksum = "sha256:4a54d7b4abdf255b2bce9806641eac5568d5b7fbc820c1b5d3f9e34ea1367d60"
url = "https://github.com/jesseduffield/lazydocker/releases/download/v0.25.2/lazydocker_0.25.2_Darwin_arm64.tar.gz"
url_api = "https://api.github.com/repos/jesseduffield/lazydocker/releases/assets/399711580"

[[tools.lazygit]]
version = "0.64.0"
backend = "aqua:jesseduffield/lazygit"

[tools.lazygit."platforms.linux-x64"]
checksum = "sha256:7996236f2c1dd2643d96c3d67a1f7fcd2560bf08bcb7f6be073e26fb29167ac6"
url = "https://github.com/jesseduffield/lazygit/releases/download/v0.64.0/lazygit_0.64.0_linux_x86_64.tar.gz"
url_api = "https://api.github.com/repos/jesseduffield/lazygit/releases/assets/501040496"

[tools.lazygit."platforms.macos-arm64"]
checksum = "sha256:df8d2dd27cdc1075785f1abb85b74fe393fcdc1f3fdf6cb2b587feb3ce72ba33"
url = "https://github.com/jesseduffield/lazygit/releases/download/v0.64.0/lazygit_0.64.0_darwin_arm64.tar.gz"
url_api = "https://api.github.com/repos/jesseduffield/lazygit/releases/assets/501040495"

[[tools.node]]
version = "26.7.0"
backend = "core:node"

[tools.node."platforms.linux-x64"]
checksum = "sha256:bd6b6c31e377bad9ad579bed72e5bc11f4c879ac9452ad51d30e646ea3d828df"
url = "https://nodejs.org/dist/v26.7.0/node-v26.7.0-linux-x64.tar.gz"

[tools.node."platforms.macos-arm64"]
checksum = "sha256:7ee659a7768e641bbfd5360940660b8e8fd0052f77488f365562bac522fc15d4"
url = "https://nodejs.org/dist/v26.7.0/node-v26.7.0-darwin-arm64.tar.gz"

[[tools."npm:@openai/codex-security"]]
version = "0.1.10"
backend = "npm:@openai/codex-security"

[tools."npm:@openai/codex-security".options]
allow_low_downloads = "true"

[[tools."npm:agent-device"]]
version = "0.20.8"
backend = "npm:agent-device"

[[tools."npm:cf"]]
version = "0.6.0"
backend = "npm:cf"

[[tools.pi]]
version = "0.84.1"
backend = "aqua:earendil-works/pi"

[tools.pi."platforms.linux-x64"]
checksum = "sha256:5634d7ebd18274b63af3371e942f342d74bea012389575c1d1ff15ce6ca80c2f"
url = "https://github.com/earendil-works/pi/releases/download/v0.84.1/pi-linux-x64.tar.gz"
url_api = "https://api.github.com/repos/earendil-works/pi/releases/assets/504727598"

[tools.pi."platforms.macos-arm64"]
checksum = "sha256:683c84261f40b870b4a7ccf181a48ad6ecd71853b0112d1bb617539530c6121d"
url = "https://github.com/earendil-works/pi/releases/download/v0.84.1/pi-darwin-arm64.tar.gz"
url_api = "https://api.github.com/repos/earendil-works/pi/releases/assets/504727600"

[[tools.pnpm]]
version = "11.21.0"
backend = "aqua:pnpm/pnpm"

[tools.pnpm."platforms.linux-x64"]
checksum = "sha256:aadc489ce4473c2af0fec06a5c19e113b5793d404eac49853c8153bf4b0d8263"
url = "https://github.com/pnpm/pnpm/releases/download/v11.21.0/pnpm-linux-x64.tar.gz"
url_api = "https://api.github.com/repos/pnpm/pnpm/releases/assets/507585503"
provenance = "github-attestations"

[tools.pnpm."platforms.macos-arm64"]
checksum = "sha256:860a96978a79ca5132bdc247375f94150a3c98edbecbee36e9f8e0c9e2f7f056"
url = "https://github.com/pnpm/pnpm/releases/download/v11.21.0/pnpm-darwin-arm64.tar.gz"
url_api = "https://api.github.com/repos/pnpm/pnpm/releases/assets/507585526"
provenance = "github-attestations"

[[tools.python]]
version = "3.14.7"
backend = "core:python"

[tools.python."platforms.linux-x64"]
checksum = "sha256:a3a4e4b81b138960c7c546694df8a77578c0b6aa46d47e96f49b9e10e8f860c9"
url = "https://github.com/astral-sh/python-build-standalone/releases/download/20260805/cpython-3.14.7+20260805-x86_64-unknown-linux-gnu-install_only_stripped.tar.gz"
provenance = "github-attestations"

[tools.python."platforms.macos-arm64"]
checksum = "sha256:abbf6e8530a283ed795fa91fd6bcf4501e2b1fa287b2cb1c15b70d3028f3a7c9"
url = "https://github.com/astral-sh/python-build-standalone/releases/download/20260805/cpython-3.14.7+20260805-aarch64-apple-darwin-install_only_stripped.tar.gz"
provenance = "github-attestations"

[[tools.ruby]]
version = "4.0.6"
backend = "core:ruby"

[tools.ruby.options]
compile = "false"
precompiled_url = "jdx/ruby"
ruby_build_repo = "https://github.com/rbenv/ruby-build.git"
ruby_install = "false"

[tools.ruby."platforms.linux-x64"]
checksum = "sha256:aefa111873bac3b15c5c416bfaaca84e793d5312d4496d651ad79c44521b200a"
url = "https://github.com/jdx/ruby/releases/download/4.0.6-1/ruby-4.0.6.x86_64_linux.tar.gz"
provenance = "github-attestations"

[tools.ruby."platforms.macos-arm64"]
checksum = "sha256:518c5849d7ab337790943963ded4f0b402d2d4ededea265288a5a19d4c8fee18"
url = "https://github.com/jdx/ruby/releases/download/4.0.6-1/ruby-4.0.6.macos.tar.gz"
provenance = "github-attestations"

[[tools.rust]]
version = "1.97.1"
backend = "core:rust"

[[tools.skillshare]]
version = "0.20.25"
backend = "aqua:runkids/skillshare"

[tools.skillshare."platforms.linux-x64"]
checksum = "sha256:23235a9b1a673294d0b4336e70cb4a6369a7c9697b557dd095bcc7fa654686b5"
url = "https://github.com/runkids/skillshare/releases/download/v0.20.25/skillshare_0.20.25_linux_amd64.tar.gz"
url_api = "https://api.github.com/repos/runkids/skillshare/releases/assets/508164671"

[tools.skillshare."platforms.macos-arm64"]
checksum = "sha256:631d9313a0638a6d1b7b90a5fc081a8efdfe5d2d87d880bdca04b97448ed304c"
url = "https://github.com/runkids/skillshare/releases/download/v0.20.25/skillshare_0.20.25_darwin_arm64.tar.gz"
url_api = "https://api.github.com/repos/runkids/skillshare/releases/assets/508164681"

[[tools.starship]]
version = "1.26.0"
backend = "aqua:starship/starship"

[tools.starship."platforms.linux-x64"]
checksum = "sha256:b7c232b0e8249d8e55a40beb79c5c43a7d370f3f9408bd215deb0170daeaadf3"
url = "https://github.com/starship/starship/releases/download/v1.26.0/starship-x86_64-unknown-linux-musl.tar.gz"
url_api = "https://api.github.com/repos/starship/starship/releases/assets/460374630"

[tools.starship."platforms.macos-arm64"]
checksum = "sha256:c40b27b11f580411e068f2fa6c1be7830a387c0bc47a94d1d37f32b054c5361d"
url = "https://github.com/starship/starship/releases/download/v1.26.0/starship-aarch64-apple-darwin.tar.gz"
url_api = "https://api.github.com/repos/starship/starship/releases/assets/460374577"

[[tools.uv]]
version = "0.12.3"
backend = "aqua:astral-sh/uv"

[tools.uv."platforms.linux-x64"]
checksum = "sha256:0643b9fb8c9fb27458e709ce6ff939695013c41975ff7b02d3f3b138d8d4bdb3"
url = "https://github.com/astral-sh/uv/releases/download/0.12.3/uv-x86_64-unknown-linux-musl.tar.gz"
url_api = "https://api.github.com/repos/astral-sh/uv/releases/assets/505387821"
provenance = "github-attestations"

[tools.uv."platforms.macos-arm64"]
checksum = "sha256:546f7f8a6c70ff13a3a9d2bc958db3427298cebf3e0cb756f9177133b7068843"
url = "https://github.com/astral-sh/uv/releases/download/0.12.3/uv-aarch64-apple-darwin.tar.gz"
url_api = "https://api.github.com/repos/astral-sh/uv/releases/assets/505387707"
provenance = "github-attestations"

[[tools.xurl]]
version = "1.3.1"
backend = "github:xdevplatform/xurl"

[tools.xurl."platforms.linux-x64"]
checksum = "sha256:ccfc4b3ca5240565da650ef003b51d7f887eabe0c6e3797802410240289d4feb"
url = "https://github.com/xdevplatform/xurl/releases/download/v1.3.1/xurl_Linux_x86_64.tar.gz"
url_api = "https://api.github.com/repos/xdevplatform/xurl/releases/assets/485078002"

[tools.xurl."platforms.macos-arm64"]
checksum = "sha256:5e12707cb4ec625ff44cf6e22780eae39e430fa13db6e890c43db42dbeafa008"
url = "https://github.com/xdevplatform/xurl/releases/download/v1.3.1/xurl_Darwin_arm64.tar.gz"
url_api = "https://api.github.com/repos/xdevplatform/xurl/releases/assets/485078005"

[[tools.zig]]
version = "0.16.0"
backend = "core:zig"

[tools.zig."platforms.linux-arm64"]
checksum = "sha256:ea4b09bfb22ec6f6c6ceac57ab63efb6b46e17ab08d21f69f3a48b38e1534f17"
url = "https://ziglang.org/download/0.16.0/zig-aarch64-linux-0.16.0.tar.xz"

[tools.zig."platforms.linux-arm64-musl"]
checksum = "sha256:ea4b09bfb22ec6f6c6ceac57ab63efb6b46e17ab08d21f69f3a48b38e1534f17"
url = "https://ziglang.org/download/0.16.0/zig-aarch64-linux-0.16.0.tar.xz"

[tools.zig."platforms.linux-x64"]
checksum = "sha256:70e49664a74374b48b51e6f3fdfbf437f6395d42509050588bd49abe52ba3d00"
url = "https://ziglang.org/download/0.16.0/zig-x86_64-linux-0.16.0.tar.xz"

[tools.zig."platforms.linux-x64-musl"]
checksum = "sha256:70e49664a74374b48b51e6f3fdfbf437f6395d42509050588bd49abe52ba3d00"
url = "https://ziglang.org/download/0.16.0/zig-x86_64-linux-0.16.0.tar.xz"

[tools.zig."platforms.macos-arm64"]
checksum = "sha256:b23d70deaa879b5c2d486ed3316f7eaa53e84acf6fc9cc747de152450d401489"
url = "https://ziglang.org/download/0.16.0/zig-aarch64-macos-0.16.0.tar.xz"
provenance = "minisign"

[tools.zig."platforms.macos-x64"]
checksum = "sha256:0387557ed1877bc6a2e1802c8391953baddba76081876301c522f52977b52ba7"
url = "https://ziglang.org/download/0.16.0/zig-x86_64-macos-0.16.0.tar.xz"

[tools.zig."platforms.windows-x64"]
checksum = "sha256:68659eb5f1e4eb1437a722f1dd889c5a322c9954607f5edcf337bc3684a75a7e"
url = "https://ziglang.org/download/0.16.0/zig-x86_64-windows-0.16.0.zip"

[[tools.zoxide]]
version = "0.10.0"
backend = "aqua:ajeetdsouza/zoxide"

[tools.zoxide."platforms.linux-x64"]
checksum = "sha256:2d93385b99f3e82cf2701609a1bffcad863fbeb75aa3fe7eb6be4d29be68b1ae"
url = "https://github.com/ajeetdsouza/zoxide/releases/download/v0.10.0/zoxide-0.10.0-x86_64-unknown-linux-musl.tar.gz"
url_api = "https://api.github.com/repos/ajeetdsouza/zoxide/releases/assets/466316293"

[tools.zoxide."platforms.macos-arm64"]
checksum = "sha256:b55ae6f2f5f23d0a6ccb3bd4eeb2af9c7e0a6556e5255c82100e40305129bbb0"
url = "https://github.com/ajeetdsouza/zoxide/releases/download/v0.10.0/zoxide-0.10.0-aarch64-apple-darwin.tar.gz"
url_api = "https://api.github.com/repos/ajeetdsouza/zoxide/releases/assets/466316174"
