# @generated - this file is auto-generated by `mise lock` https://mise.jdx.dev/dev-tools/mise-lock.html

lockfile_version = 1

[[tools.agent-browser]]
version = "0.37.1"
backend = "npm:agent-browser"
specifiers = ["latest"]

[[tools.bun]]
version = "1.4.2"
backend = "core:bun"
specifiers = ["latest"]

[tools.bun."platforms.linux-x64"]
checksum = "sha256:36368faef7527875d5ffa52e53cd48021741f2a83eb6208a8dd64068d422a913"
url = "https://github.com/oven-sh/bun/releases/download/bun-v1.4.2/bun-linux-x64.zip"

[tools.bun."platforms.linux-x64-baseline"]
checksum = "sha256:c678040f14fe0440eb839d37cbd0ce4c051a32da72806ac97de6a6aab6bf728f"
url = "https://github.com/oven-sh/bun/releases/download/bun-v1.4.2/bun-linux-x64-baseline.zip"

[tools.bun."platforms.linux-x64-musl"]
checksum = "sha256:4835eca59d6da70f4674f5642f6e459dcadab773695b2ed9922d131057989742"
url = "https://github.com/oven-sh/bun/releases/download/bun-v1.4.2/bun-linux-x64-musl.zip"

[tools.bun."platforms.linux-x64-musl-baseline"]
checksum = "sha256:76e1db84e98f22f78de0a87e309bfbbf297732847f9720db36750646c85c8c18"
url = "https://github.com/oven-sh/bun/releases/download/bun-v1.4.2/bun-linux-x64-musl-baseline.zip"

[tools.bun."platforms.macos-arm64"]
checksum = "sha256:90987a3a16d7db556d886ac3d551e7b6d3edf0a1cf43acaed622e8676be1d12f"
url = "https://github.com/oven-sh/bun/releases/download/bun-v1.4.2/bun-darwin-aarch64.zip"

[[tools."cargo:https://github.com/ipruning/atuin"]]
version = "rev:38e9d788024cf36898b42fa46e7c13d8c774eede"
backend = "cargo:https://github.com/ipruning/atuin"
specifiers = ["rev:38e9d788024cf36898b42fa46e7c13d8c774eede"]

[tools."cargo:https://github.com/ipruning/atuin".options]
bin = "atuin"
crate = "atuin"
locked = "true"

[[tools.deno]]
version = "2.9.6"
backend = "core:deno"
specifiers = ["latest"]

[tools.deno."platforms.linux-x64"]
checksum = "sha256:394f07f4da2bebe6ce6f1e7ce0fa16429b29b08c35e3fac3fe25972676dff4b2"
url = "https://dl.deno.land/release/v2.9.6/deno-x86_64-unknown-linux-gnu.zip"

[tools.deno."platforms.macos-arm64"]
checksum = "sha256:213a2f304f04d3c9cb5220669afad138f60a5aab1fe80962abdeb8f35807a472"
url = "https://dl.deno.land/release/v2.9.6/deno-aarch64-apple-darwin.zip"

[[tools."gem:kamal"]]
version = "2.12.0"
backend = "gem:kamal"
specifiers = ["latest"]

[[tools."github:agavra/tuicr"]]
version = "0.25.0"
backend = "github:agavra/tuicr"
specifiers = ["latest"]

[tools."github:agavra/tuicr"."platforms.linux-x64"]
checksum = "sha256:10a9d7e64de3b6962eafca6c1dfada14a47235cd9866ee53017a8a5670915867"
url = "https://github.com/agavra/tuicr/releases/download/v0.25.0/tuicr-0.25.0-x86_64-unknown-linux-gnu.tar.gz"
url_api = "https://api.github.com/repos/agavra/tuicr/releases/assets/541532871"

[tools."github:agavra/tuicr"."platforms.macos-arm64"]
checksum = "sha256:3a74ce242e1e8f70bfbf90db8aaf69daaf02480e4925f8013af11c54a06d9b07"
url = "https://github.com/agavra/tuicr/releases/download/v0.25.0/tuicr-0.25.0-aarch64-apple-darwin.tar.gz"
url_api = "https://api.github.com/repos/agavra/tuicr/releases/assets/541533878"

[[tools."github:jihuanshe/linear"]]
version = "0.0.1789083113-g62f9cbe"
backend = "github:jihuanshe/linear"
specifiers = ["latest"]

[tools."github:jihuanshe/linear"."platforms.linux-x64"]
checksum = "sha256:c0c0f6e6877d01ef943cc5fce326fcc0c9042fe6c7b028aec439ac9d9d2a9107"
url = "https://github.com/jihuanshe/linear/releases/download/0.0.1789083113-g62f9cbe/linear-x86_64-unknown-linux-gnu.tar.xz"
url_api = "https://api.github.com/repos/jihuanshe/linear/releases/assets/556027667"
provenance = "github-attestations"

[tools."github:jihuanshe/linear"."platforms.macos-arm64"]
checksum = "sha256:fb4f8a8079b3e66aecad4c6572cb9d9f972c1978a57c8e30e24209b205a931cd"
url = "https://github.com/jihuanshe/linear/releases/download/0.0.1789083113-g62f9cbe/linear-aarch64-apple-darwin.tar.xz"
url_api = "https://api.github.com/repos/jihuanshe/linear/releases/assets/556027482"
provenance = "github-attestations"
provenance_verified = true

[[tools."github:larksuite/cli"]]
version = "1.0.95"
backend = "github:larksuite/cli"
specifiers = ["latest"]

[tools."github:larksuite/cli"."platforms.linux-x64"]
checksum = "sha256:7da92d426b7d000908c76a36b87a7d0357c270debf4c7149bbc6010b20d2541e"
url = "https://github.com/larksuite/cli/releases/download/v1.0.95/lark-cli-1.0.95-linux-amd64.tar.gz"
url_api = "https://api.github.com/repos/larksuite/cli/releases/assets/556447680"

[tools."github:larksuite/cli"."platforms.macos-arm64"]
checksum = "sha256:7ae7241b7de5ebfe86aa6b2b24af3600bd5019ec5b6206ea3bfdc0894f6fd925"
url = "https://github.com/larksuite/cli/releases/download/v1.0.95/lark-cli-1.0.95-darwin-arm64.tar.gz"
url_api = "https://api.github.com/repos/larksuite/cli/releases/assets/556447687"

[[tools."github:lycorp-jp/sim-use"]]
version = "0.14.0"
backend = "github:lycorp-jp/sim-use"
specifiers = ["latest"]

[tools."github:lycorp-jp/sim-use"."platforms.linux-x64"]
checksum = "sha256:67e2ee29a7246272de8646e46664a93d9cebcace134094cfd3d07dfb82bda3e6"
url = "https://github.com/lycorp-jp/sim-use/releases/download/v0.14.0/sim-use-v0.14.0.tar.gz"
url_api = "https://api.github.com/repos/lycorp-jp/sim-use/releases/assets/532128479"

[tools."github:lycorp-jp/sim-use"."platforms.macos-arm64"]
checksum = "sha256:67e2ee29a7246272de8646e46664a93d9cebcace134094cfd3d07dfb82bda3e6"
url = "https://github.com/lycorp-jp/sim-use/releases/download/v0.14.0/sim-use-v0.14.0.tar.gz"
url_api = "https://api.github.com/repos/lycorp-jp/sim-use/releases/assets/532128479"

[[tools.go]]
version = "1.27.1"
backend = "core:go"
specifiers = ["latest"]

[tools.go."platforms.linux-x64"]
checksum = "sha256:63d339f0da5ab53635a56f2490a7984dfe12dfcff22ad749f63edaf590168445"
url = "https://dl.google.com/go/go1.27.1.linux-amd64.tar.gz"

[tools.go."platforms.macos-arm64"]
checksum = "sha256:ee215d57e0ec269c60cc9ceca68e6bda321ba9ee5afe24f4b0988703c2d87d12"
url = "https://dl.google.com/go/go1.27.1.darwin-arm64.tar.gz"

[[tools.herdr]]
version = "0.9.0"
backend = "aqua:herdrdev/herdr"
specifiers = ["latest"]

[tools.herdr."platforms.linux-x64"]
checksum = "sha256:4fa1a01158dd8043da92d31b270780b0dcc10603038d9b61cac4d81ab63fb71f"
url = "https://github.com/herdrdev/herdr/releases/download/v0.9.0/herdr-linux-x86_64"
url_api = "https://api.github.com/repos/herdrdev/herdr/releases/assets/549270163"

[tools.herdr."platforms.macos-arm64"]
checksum = "sha256:32b53df09872628059c789a69f02a6b8e29e14ddf26711421f3463f70c1aef17"
url = "https://github.com/herdrdev/herdr/releases/download/v0.9.0/herdr-macos-aarch64"
url_api = "https://api.github.com/repos/herdrdev/herdr/releases/assets/549270162"

[[tools.hunk]]
version = "0.22.0"
backend = "aqua:modem-dev/hunk"
specifiers = ["latest"]

[tools.hunk."platforms.linux-x64"]
checksum = "sha256:5f280374f2ab0fc4c48266a9909ee1b0e0c59d77dd99a340f1c26f2125d2229b"
url = "https://github.com/modem-dev/hunk/releases/download/v0.22.0/hunkdiff-linux-x64.tar.gz"
url_api = "https://api.github.com/repos/modem-dev/hunk/releases/assets/554957247"

[tools.hunk."platforms.macos-arm64"]
checksum = "sha256:0f562fdd6ab346c7d91c4755e3d9409fce1d2f72da81efd52bdb7e4431c4b05e"
url = "https://github.com/modem-dev/hunk/releases/download/v0.22.0/hunkdiff-darwin-arm64.tar.gz"
url_api = "https://api.github.com/repos/modem-dev/hunk/releases/assets/554957248"

[[tools.lazydocker]]
version = "0.25.2"
backend = "aqua:jesseduffield/lazydocker"
specifiers = ["latest"]

[tools.lazydocker."platforms.linux-x64"]
checksum = "sha256:0d9dbfc26068b218e7ed84b104748cadc6e3cf733c0afd35465306fb39b9523c"
url = "https://github.com/jesseduffield/lazydocker/releases/download/v0.25.2/lazydocker_0.25.2_Linux_x86_64.tar.gz"
url_api = "https://api.github.com/repos/jesseduffield/lazydocker/releases/assets/399711577"

[tools.lazydocker."platforms.macos-arm64"]
checksum = "sha256:4a54d7b4abdf255b2bce9806641eac5568d5b7fbc820c1b5d3f9e34ea1367d60"
url = "https://github.com/jesseduffield/lazydocker/releases/download/v0.25.2/lazydocker_0.25.2_Darwin_arm64.tar.gz"
url_api = "https://api.github.com/repos/jesseduffield/lazydocker/releases/assets/399711580"

[[tools.lazygit]]
version = "0.65.0"
backend = "aqua:jesseduffield/lazygit"
specifiers = ["latest"]

[tools.lazygit."platforms.linux-x64"]
checksum = "sha256:44d8e7dd1484b4a66e191bd4ab25a71e8b4b3a65ab122f838e65677ef58c5506"
url = "https://github.com/jesseduffield/lazygit/releases/download/v0.65.0/lazygit_0.65.0_linux_x86_64.tar.gz"
url_api = "https://api.github.com/repos/jesseduffield/lazygit/releases/assets/545957203"

[tools.lazygit."platforms.macos-arm64"]
checksum = "sha256:d8ea1cade9e4279e45cbb58652e84edb07e98a9f8ec0604099c8b0a8f709e63a"
url = "https://github.com/jesseduffield/lazygit/releases/download/v0.65.0/lazygit_0.65.0_darwin_arm64.tar.gz"
url_api = "https://api.github.com/repos/jesseduffield/lazygit/releases/assets/545957198"

[[tools.node]]
version = "26.8.2"
backend = "core:node"
specifiers = ["latest"]

[tools.node."platforms.linux-x64"]
checksum = "sha256:badb3fe6a61b85e1352ca6564dc56b8b7bd5ecd5c474c52acc21dd0cdd586f35"
url = "https://nodejs.org/dist/v26.8.2/node-v26.8.2-linux-x64.tar.gz"

[tools.node."platforms.macos-arm64"]
checksum = "sha256:974b6d5fb2fc7c33ff2354db0902b4e91c2de01ec8acc6de48e543c97e18c9e1"
url = "https://nodejs.org/dist/v26.8.2/node-v26.8.2-darwin-arm64.tar.gz"

[[tools."npm:@openai/codex-security"]]
version = "0.1.27"
backend = "npm:@openai/codex-security"
specifiers = ["latest"]

[tools."npm:@openai/codex-security".options]
allow_low_downloads = "true"

[[tools."npm:agent-device"]]
version = "0.21.1"
backend = "npm:agent-device"
specifiers = ["latest"]

[[tools.pi]]
version = "0.85.1"
backend = "aqua:earendil-works/pi"
specifiers = ["latest"]

[tools.pi."platforms.linux-x64"]
checksum = "sha256:494e498f47d74d21f40b3386f6a5e921a3d49531a169cab55bbdaca0ea1fe25a"
url = "https://github.com/earendil-works/pi/releases/download/v0.85.1/pi-linux-x64.tar.gz"
url_api = "https://api.github.com/repos/earendil-works/pi/releases/assets/545797547"

[tools.pi."platforms.macos-arm64"]
checksum = "sha256:d5f70e3c0cf7398eac239fd0261ee074d98b7ba7f6b43fe3617f052ed5b79d06"
url = "https://github.com/earendil-works/pi/releases/download/v0.85.1/pi-darwin-arm64.tar.gz"
url_api = "https://api.github.com/repos/earendil-works/pi/releases/assets/545797550"

[[tools.pnpm]]
version = "12.4.1"
backend = "aqua:pnpm/pnpm"
specifiers = ["latest"]

[tools.pnpm."platforms.linux-x64"]
checksum = "sha256:66e9886299085dade56e203ae0e3586f35787f8801a68d33ec07ac17b0de2001"
url = "https://github.com/pnpm/pnpm/releases/download/v12.4.1/pnpm-linux-x64.tar.gz"
url_api = "https://api.github.com/repos/pnpm/pnpm/releases/assets/555427214"
provenance = "github-attestations"

[tools.pnpm."platforms.macos-arm64"]
checksum = "sha256:432fd151c10477630cf5c9f41209c2a7b75ac6dce7b2533a459519daf8954c52"
url = "https://github.com/pnpm/pnpm/releases/download/v12.4.1/pnpm-darwin-arm64.tar.gz"
url_api = "https://api.github.com/repos/pnpm/pnpm/releases/assets/555427216"
provenance = "github-attestations"

[[tools.python]]
version = "3.14.7"
backend = "core:python"
specifiers = ["latest"]

[tools.python."platforms.linux-x64"]
checksum = "sha256:a0f39e822fd3b96a2605f30f954acf9a2cdf91faa1385a13e24bc407a41e05ea"
url = "https://github.com/astral-sh/python-build-standalone/releases/download/20260825/cpython-3.14.7+20260825-x86_64-unknown-linux-gnu-install_only_stripped.tar.gz"
provenance = "github-attestations"

[tools.python."platforms.macos-arm64"]
checksum = "sha256:17ecb3d29c49765856370cbb47d948a24ec518be40f607362c1bbb3ebbc5c442"
url = "https://github.com/astral-sh/python-build-standalone/releases/download/20260825/cpython-3.14.7+20260825-aarch64-apple-darwin-install_only_stripped.tar.gz"
provenance = "github-attestations"

[[tools.ruby]]
version = "4.0.6"
backend = "core:ruby"
specifiers = ["latest"]

[tools.ruby.options]
compile = "false"
precompiled_url = "jdx/ruby"
ruby_build_repo = "https://github.com/rbenv/ruby-build.git"
ruby_install = "false"

[tools.ruby."platforms.linux-x64"]
checksum = "sha256:aefa111873bac3b15c5c416bfaaca84e793d5312d4496d651ad79c44521b200a"
url = "https://github.com/jdx/ruby/releases/download/4.0.6-1/ruby-4.0.6.x86_64_linux.tar.gz"
provenance = "github-attestations"

[tools.ruby."platforms.macos-arm64"]
checksum = "sha256:518c5849d7ab337790943963ded4f0b402d2d4ededea265288a5a19d4c8fee18"
url = "https://github.com/jdx/ruby/releases/download/4.0.6-1/ruby-4.0.6.macos.tar.gz"
provenance = "github-attestations"

[[tools.rust]]
version = "1.98.1"
backend = "core:rust"
specifiers = ["latest"]

[[tools.skillshare]]
version = "0.20.29"
backend = "aqua:runkids/skillshare"
specifiers = ["latest"]

[tools.skillshare."platforms.linux-x64"]
checksum = "sha256:f733f6fbcc415a2d6b4d094b1873d584e66d96c496adccc2416e4ca47f8770df"
url = "https://github.com/runkids/skillshare/releases/download/v0.20.29/skillshare_0.20.29_linux_amd64.tar.gz"
url_api = "https://api.github.com/repos/runkids/skillshare/releases/assets/555393818"

[tools.skillshare."platforms.macos-arm64"]
checksum = "sha256:bb6ab3dd1a4c7bbc059bd2039d903743d09fdc11ed05bb61929aff891bf020b3"
url = "https://github.com/runkids/skillshare/releases/download/v0.20.29/skillshare_0.20.29_darwin_arm64.tar.gz"
url_api = "https://api.github.com/repos/runkids/skillshare/releases/assets/555393821"

[[tools.starship]]
version = "1.26.0"
backend = "aqua:starship/starship"
specifiers = ["latest"]

[tools.starship."platforms.linux-x64"]
checksum = "sha256:321f0dd7af8340a5f2e6a8fec6538a04f617486f9ec70d878f91c09cd8deef22"
url = "https://github.com/starship/starship/releases/download/v1.26.0/starship-x86_64-unknown-linux-gnu.tar.gz"
url_api = "https://api.github.com/repos/starship/starship/releases/assets/460374620"

[tools.starship."platforms.macos-arm64"]
checksum = "sha256:c40b27b11f580411e068f2fa6c1be7830a387c0bc47a94d1d37f32b054c5361d"
url = "https://github.com/starship/starship/releases/download/v1.26.0/starship-aarch64-apple-darwin.tar.gz"
url_api = "https://api.github.com/repos/starship/starship/releases/assets/460374577"

[[tools.uv]]
version = "0.12.13"
backend = "aqua:astral-sh/uv"
specifiers = ["latest"]

[tools.uv."platforms.linux-x64"]
checksum = "sha256:745765a3b6e360ad76743599ae5c42e9278c7edf8bbff9fc76d05bf2623a04dd"
url = "https://github.com/astral-sh/uv/releases/download/0.12.13/uv-x86_64-unknown-linux-gnu.tar.gz"
url_api = "https://api.github.com/repos/astral-sh/uv/releases/assets/555670375"
provenance = "github-attestations"

[tools.uv."platforms.macos-arm64"]
checksum = "sha256:7e6ddb9316acc00f2296c82ff4d99977870ee34b2f0ddcae9444d714db9364ed"
url = "https://github.com/astral-sh/uv/releases/download/0.12.13/uv-aarch64-apple-darwin.tar.gz"
url_api = "https://api.github.com/repos/astral-sh/uv/releases/assets/555670160"
provenance = "github-attestations"

[[tools.xurl]]
version = "1.3.1"
backend = "github:xdevplatform/xurl"
specifiers = ["latest"]

[tools.xurl."platforms.linux-x64"]
checksum = "sha256:ccfc4b3ca5240565da650ef003b51d7f887eabe0c6e3797802410240289d4feb"
url = "https://github.com/xdevplatform/xurl/releases/download/v1.3.1/xurl_Linux_x86_64.tar.gz"
url_api = "https://api.github.com/repos/xdevplatform/xurl/releases/assets/485078002"

[tools.xurl."platforms.macos-arm64"]
checksum = "sha256:5e12707cb4ec625ff44cf6e22780eae39e430fa13db6e890c43db42dbeafa008"
url = "https://github.com/xdevplatform/xurl/releases/download/v1.3.1/xurl_Darwin_arm64.tar.gz"
url_api = "https://api.github.com/repos/xdevplatform/xurl/releases/assets/485078005"

[[tools.yarn]]
version = "4.18.0"
backend = "vfox:mise-plugins/vfox-yarn"
specifiers = ["latest"]

[[tools.zig]]
version = "0.16.0"
backend = "core:zig"
specifiers = ["latest"]

[tools.zig."platforms.linux-x64"]
checksum = "sha256:70e49664a74374b48b51e6f3fdfbf437f6395d42509050588bd49abe52ba3d00"
url = "https://ziglang.org/download/0.16.0/zig-x86_64-linux-0.16.0.tar.xz"

[tools.zig."platforms.macos-arm64"]
checksum = "sha256:b23d70deaa879b5c2d486ed3316f7eaa53e84acf6fc9cc747de152450d401489"
url = "https://ziglang.org/download/0.16.0/zig-aarch64-macos-0.16.0.tar.xz"

[[tools.zoxide]]
version = "0.10.0"
backend = "aqua:ajeetdsouza/zoxide"
specifiers = ["latest"]

[tools.zoxide."platforms.linux-x64"]
checksum = "sha256:2d93385b99f3e82cf2701609a1bffcad863fbeb75aa3fe7eb6be4d29be68b1ae"
url = "https://github.com/ajeetdsouza/zoxide/releases/download/v0.10.0/zoxide-0.10.0-x86_64-unknown-linux-musl.tar.gz"
url_api = "https://api.github.com/repos/ajeetdsouza/zoxide/releases/assets/466316293"

[tools.zoxide."platforms.macos-arm64"]
checksum = "sha256:b55ae6f2f5f23d0a6ccb3bd4eeb2af9c7e0a6556e5255c82100e40305129bbb0"
url = "https://github.com/ajeetdsouza/zoxide/releases/download/v0.10.0/zoxide-0.10.0-aarch64-apple-darwin.tar.gz"
url_api = "https://api.github.com/repos/ajeetdsouza/zoxide/releases/assets/466316174"
