lockfileVersion: '9.0'

settings:
  autoInstallPeers: true
  excludeLinksFromLockfile: false

importers:

  .:
    dependencies:
      '@openai/codex-security':
        specifier: 0.1.28
        version: 0.1.28(graphql@17.0.2)

packages:

  '@alcalzone/ansi-tokenize@0.3.1':
    resolution: {integrity: sha512-cUD0PT0YX+rImRhfn7BfMRduP/tX/Zqt/N0dHlAyn2RlcJssCb5KsCJkhln61eh9vuJDkH8wKn3L8zJzzWXPFg==}
    engines: {node: '>=18'}

  '@cfworker/json-schema@4.1.1':
    resolution: {integrity: sha512-gAmrUZSGtKc3AiBL71iNWxDsyUC5uMaKKGdvzYsBoTW/xi42JQHl7eKV2OYzCUqvc+D2RCcf7EXY2iCyFIk6og==}

  '@graphql-typed-document-node/core@3.2.0':
    resolution: {integrity: sha512-mB9oAsNCm9aM3/SOv4YtBMqZbYj10R7dkq8byBqxGY/ncFwhf2oQzMV+LCRlWoDSEBJ3COiR1yeDvMtsoOsuFQ==}
    peerDependencies:
      graphql: ^0.8.0 || ^0.9.0 || ^0.10.0 || ^0.11.0 || ^0.12.0 || ^0.13.0 || ^14.0.0 || ^15.0.0 || ^16.0.0 || ^17.0.0

  '@inquirer/ansi@2.0.8':
    resolution: {integrity: sha512-WpQM+Ti6Z40EFwwt+uL2p4UabT+W179zHp6HhLVOzfbwnVn05IPO/eXIZXGNqcT1jbQ15SujNLzQ39k4QPPxBQ==}
    engines: {node: '>=23.5.0 || ^22.13.0 || ^20.17.0'}

  '@inquirer/checkbox@5.2.5':
    resolution: {integrity: sha512-bRt8J8m+Fot9CXv+zNQGXUq2ET0MggR1fPz7v6edN6MFYmsbfGnMmkmWZJEegMKqrAC8ej/o1sqisHZXZJMAfQ==}
    engines: {node: '>=23.5.0 || ^22.13.0 || ^20.17.0'}
    peerDependencies:
      '@types/node': '>=18'
    peerDependenciesMeta:
      '@types/node':
        optional: true

  '@inquirer/confirm@6.3.2':
    resolution: {integrity: sha512-Xvr/0HggjddPtGppuqVmxhTw+Hr8PvsZ/k0HmOEaAqQEt80OITNkFWnsdNmyT0/eM4Ab+iJLx2R8rctlEyfSVg==}
    engines: {node: '>=23.5.0 || ^22.13.0 || ^20.17.0'}
    peerDependencies:
      '@types/node': '>=18'
    peerDependenciesMeta:
      '@types/node':
        optional: true

  '@inquirer/core@12.0.3':
    resolution: {integrity: sha512-wsSy0sznmXwkty+2PzZwx00Cazc/E0r0B7mAzdGROz2Ct+DFZXaK7WDjGZvgjRldxH5ZhFVfF2lgkYrqgOw2KA==}
    engines: {node: '>=23.5.0 || ^22.13.0 || ^20.17.0'}
    peerDependencies:
      '@types/node': '>=18'
    peerDependenciesMeta:
      '@types/node':
        optional: true

  '@inquirer/editor@5.3.3':
    resolution: {integrity: sha512-YsKkS2q63IiLtaDK/9nqzdComN97SDQrmKiyNggN+ceP4ty+Z6VwyTz3FpjeUWeW1Efss2xHFKCC9sx7hnrsxg==}
    engines: {node: '>=23.5.0 || ^22.13.0 || ^20.17.0'}
    peerDependencies:
      '@types/node': '>=18'
    peerDependenciesMeta:
      '@types/node':
        optional: true

  '@inquirer/expand@5.1.5':
    resolution: {integrity: sha512-uHuXLmXW+TtIfT/9vSBotypAkqn1n34Ul+CLGPos/xANyO4Ff5xZzkYhbKR4NEcfVK4a9mHQOpwVZzluSHFRGw==}
    engines: {node: '>=23.5.0 || ^22.13.0 || ^20.17.0'}
    peerDependencies:
      '@types/node': '>=18'
    peerDependenciesMeta:
      '@types/node':
        optional: true

  '@inquirer/external-editor@3.0.5':
    resolution: {integrity: sha512-f3QQJRIX5ZEneBHNUIuPjmbdzHnmRFJA8r2dkcb8q+OM5Uv5KtnuAttQumnrjcBVBM3mcTX1CkmtAkU58VRZxg==}
    engines: {node: '>=23.5.0 || ^22.13.0 || ^20.17.0'}
    peerDependencies:
      '@types/node': '>=18'
    peerDependenciesMeta:
      '@types/node':
        optional: true

  '@inquirer/figures@2.0.9':
    resolution: {integrity: sha512-EAWgUTGQ/Umgga51dE3B2PUHbufuXarDfg86uVgoSgNHNNQnyFKcOrQLWVqYMghuSyHh8+2HUH0Js9cTC1WAdg==}
    engines: {node: '>=23.5.0 || ^22.13.0 || ^20.17.0'}

  '@inquirer/input@5.1.6':
    resolution: {integrity: sha512-HtcJhB2QFVXbLuJ5S3syhNbTUVxYvwqV4VRBDkQceBloC9bmTViUoRFP5PbSaDZb3HzfPmpuU/gG4ybVBz4FHA==}
    engines: {node: '>=23.5.0 || ^22.13.0 || ^20.17.0'}
    peerDependencies:
      '@types/node': '>=18'
    peerDependenciesMeta:
      '@types/node':
        optional: true

  '@inquirer/number@4.2.3':
    resolution: {integrity: sha512-6Yuwh1NGSbu1Lo4N1EWjXs1jKRntLg/ZCwhmeorEHde90v1XxAozdbd4Iu30eOQLW+6h1hp2O9ujNfLSbTPJnA==}
    engines: {node: '>=23.5.0 || ^22.13.0 || ^20.17.0'}
    peerDependencies:
      '@types/node': '>=18'
    peerDependenciesMeta:
      '@types/node':
        optional: true

  '@inquirer/password@5.2.2':
    resolution: {integrity: sha512-W9zYdyzogK+6110mqwaSJWCBu2yA5Q/OfnGSjjZB1bNpHlmUozXxTl0+QOZBNeVd6Qo81/qT75gW05gLAtITxw==}
    engines: {node: '>=23.5.0 || ^22.13.0 || ^20.17.0'}
    peerDependencies:
      '@types/node': '>=18'
    peerDependenciesMeta:
      '@types/node':
        optional: true

  '@inquirer/prompts@8.7.2':
    resolution: {integrity: sha512-QoRB4wFIjgH5iOhSjoIKMkTvSHDuV+O3OITlIqAYO0oK5x364GJILXiMBvlPiE+klg7Xx9tq5XVqQHcGUDYYPA==}
    engines: {node: '>=23.5.0 || ^22.13.0 || ^20.17.0'}
    peerDependencies:
      '@types/node': '>=18'
    peerDependenciesMeta:
      '@types/node':
        optional: true

  '@inquirer/rawlist@5.3.5':
    resolution: {integrity: sha512-1oHky1ONfCOwNrnkQGDE1oaSij/3fI6HFMSf2H/WsGO2lEyDX9My82iggITSy9ddSZ8yk8j9v41OI0fVoSIoaA==}
    engines: {node: '>=23.5.0 || ^22.13.0 || ^20.17.0'}
    peerDependencies:
      '@types/node': '>=18'
    peerDependenciesMeta:
      '@types/node':
        optional: true

  '@inquirer/search@4.3.3':
    resolution: {integrity: sha512-fyuIU1Nbpvwlikjg3gXwJFDI11+EFjqQ7P+iByfmivIKQ1vmaykNrD/vy5unHuUqUpsOsnvJ25//tPF7E/RBRA==}
    engines: {node: '>=23.5.0 || ^22.13.0 || ^20.17.0'}
    peerDependencies:
      '@types/node': '>=18'
    peerDependenciesMeta:
      '@types/node':
        optional: true

  '@inquirer/select@5.2.5':
    resolution: {integrity: sha512-9kc15hr8r/kI+3DO/xLog5nOzTz1jqsHXa6JBFzmQKhkoJ8Slda1I1L/uD8ZSZ9tF1yp79wwXe7mclvX1rqR2Q==}
    engines: {node: '>=23.5.0 || ^22.13.0 || ^20.17.0'}
    peerDependencies:
      '@types/node': '>=18'
    peerDependenciesMeta:
      '@types/node':
        optional: true

  '@inquirer/type@4.1.1':
    resolution: {integrity: sha512-yJoHYrMnxIsJZCY+0Vb66Dy3he3kL3e2wOBKhoSwWWAzZAY82emlxwgprCtp6yRixvNRNq9ztfRWQYPNr3Go7A==}
    engines: {node: '>=23.5.0 || ^22.13.0 || ^20.17.0'}
    peerDependencies:
      '@types/node': '>=18'
    peerDependenciesMeta:
      '@types/node':
        optional: true

  '@linear/sdk@93.0.1':
    resolution: {integrity: sha512-xKs6KcuU/48Lta8dNedBIHBmBsKj1KcAwK+0Ovuajo/NztfOmy9/dXjiVA32ukrFmeKi1GxqAZ/KM/0SngX5EA==}
    engines: {node: '>=18.x'}

  '@modelcontextprotocol/server@2.0.0-alpha.4':
    resolution: {integrity: sha512-/KEo3ZJ50HlagHp0lz2vPgfBZFtXHu6zTBXT9XqPc+4O9i4+IbBVWKq/a9yAfv/ifp0u3+mRo8SUk5kMKzhN8A==}
    engines: {node: '>=20'}

  '@napi-rs/canvas-android-arm64@1.0.9':
    resolution: {integrity: sha512-4LGXk2/0HVzE29K8SzML5WubgCp++B1FH3qgl35XmSZE+lLdr6P9VRQEnZ0MCLZMTSuJP41yyhtoiVNEuvrTIA==}
    engines: {node: '>= 10'}
    cpu: [arm64]
    os: [android]

  '@napi-rs/canvas-darwin-arm64@1.0.9':
    resolution: {integrity: sha512-YNdfLBzY0W/Pep9fo2L6RmoNlNksnn05LRnX66W63R3ij58S25QOTcjdtEt2v8+PnCESzqZsYzUo+QPeIR44NA==}
    engines: {node: '>= 10'}
    cpu: [arm64]
    os: [darwin]

  '@napi-rs/canvas-darwin-x64@1.0.9':
    resolution: {integrity: sha512-ceZQSknTEcy3dOXoekv59LTCkXjvnLsq+VW5PeNNDHEPQbRS5Ervkm1EaDa7WLAjiYWMLuSQTRTHao1dEX4prg==}
    engines: {node: '>= 10'}
    cpu: [x64]
    os: [darwin]

  '@napi-rs/canvas-linux-arm-gnueabihf@1.0.9':
    resolution: {integrity: sha512-XhfI0Wwv4llhd6nnWDtY3kQKjq0r+y1i91PlJlJI24ag2U9WrnwbG1qS3+fDLEyouwEVFchiKkTEHozK+5iUNA==}
    engines: {node: '>= 10'}
    cpu: [arm]
    os: [linux]

  '@napi-rs/canvas-linux-arm64-gnu@1.0.9':
    resolution: {integrity: sha512-012oiYtKaE7i9oxc8q7nraT7kDOpLcaCmFLzVe9Ty34RHDdoDzbWLrVh827CNxYh/EADX1eSikA3ymLjo/nNuw==}
    engines: {node: '>= 10'}
    cpu: [arm64]
    os: [linux]
    libc: [glibc]

  '@napi-rs/canvas-linux-arm64-musl@1.0.9':
    resolution: {integrity: sha512-Ls5UWYFFn63casTZEczbeyEg3vRDRkv9lscuGwfchtY5yLLQhgOB8SN4YGxmfJ5vTaBwZ2YUxBS3NtmjJmFXdA==}
    engines: {node: '>= 10'}
    cpu: [arm64]
    os: [linux]
    libc: [musl]

  '@napi-rs/canvas-linux-riscv64-gnu@1.0.9':
    resolution: {integrity: sha512-hLKEGxV7ZiRHqndePTokgDMdBlo/rDfzg7P4p4QIv9pUhuYobnu3R2NIFLCRghG0nwfo+s2sw+c1xZFeCmEAsw==}
    engines: {node: '>= 10'}
    cpu: [riscv64]
    os: [linux]
    libc: [glibc]

  '@napi-rs/canvas-linux-x64-gnu@1.0.9':
    resolution: {integrity: sha512-6kaz3w0QMy77PDWk6rJ1ksIihdad3qzEyX2o2oGT8GwCaypfT5mhjr8buOO5hstyLxcWXDScuz56RsINLtBPIQ==}
    engines: {node: '>= 10'}
    cpu: [x64]
    os: [linux]
    libc: [glibc]

  '@napi-rs/canvas-linux-x64-musl@1.0.9':
    resolution: {integrity: sha512-xrGvmS3v55hmZ86ls/kBLVNMUTYio3f6Ik0DireemG994VfPAwiA3ZXA0Uf1bByctkB3NQ1Sfb+H5bkdUnnzfQ==}
    engines: {node: '>= 10'}
    cpu: [x64]
    os: [linux]
    libc: [musl]

  '@napi-rs/canvas-win32-arm64-msvc@1.0.9':
    resolution: {integrity: sha512-yjmVS3ArZeRVCP7jqbPq4rpZa/BhTeI7ELE2XqJg3snICQBDevLZyArxswHkiTnT34KRic33/4fLirrHI+SY8A==}
    engines: {node: '>= 10'}
    cpu: [arm64]
    os: [win32]

  '@napi-rs/canvas-win32-x64-msvc@1.0.9':
    resolution: {integrity: sha512-QlSYQdMQslB81nlABo9wNfQ6npFhE7/O+saCZdqVGueGanyRk4jCogD5EwQenfP3kIq9e+mm6GreQBjX5MrA8g==}
    engines: {node: '>= 10'}
    cpu: [x64]
    os: [win32]

  '@napi-rs/canvas@1.0.9':
    resolution: {integrity: sha512-QviPdJImDi/jMAvBfqaw+19BndMd/sizXVW3NnpMd3VJGz++QXkOHcP9kWR/smHG0hNjHeyuHFyrx/5lD0oNcQ==}
    engines: {node: '>= 10'}

  '@octokit/auth-token@6.0.0':
    resolution: {integrity: sha512-P4YJBPdPSpWTQ1NU4XYdvHvXJJDxM6YwpS0FZHRgP7YFkdVxsWcpWGy/NVqlAA7PcPCnMacXlRm1y2PFZRWL/w==}
    engines: {node: '>= 20'}

  '@octokit/core@7.0.8':
    resolution: {integrity: sha512-L7y8eYc+AwxGr2PWI4WFt1VG4TiJ66c26BD16mXpYIlXxG0SMigM1+m4aTSlYyBr5BlQsGAlz8uDCoZN4SEMcg==}
    engines: {node: '>= 20'}

  '@octokit/endpoint@11.0.5':
    resolution: {integrity: sha512-iXa654H3yFafF/ieHkukfbgWo2rmXD2ceD0ZOtrPhw1bc3FDch1d9N/TNs0FQ1/cIbwb7kspUX8jzIs8nzb9DQ==}
    engines: {node: '>= 20'}

  '@octokit/graphql@9.0.5':
    resolution: {integrity: sha512-bt/hm03LeU6Vy7FwTrkkC9p3XGT/lBwClglMqxBSe5/q0E5CdJTXeAqEI0vlw89/LF/G6tryTIH8HirZ3prMVg==}
    engines: {node: '>= 20'}

  '@octokit/openapi-types@29.0.1':
    resolution: {integrity: sha512-9qWOMFNxxLokERcms42rU0PTLqQmVs7g5E41TI4mCOxmpFayD1rfC7XxOL55cG9MBZLFlC31BrR37myMKardwg==}

  '@octokit/request-error@7.1.2':
    resolution: {integrity: sha512-XZRuT3xZ84D3gYErI1DZvhJ33dCWVV6uzBtWkaBB4TvA/L6eOeTZodxLFVB44bBEEo3vEx7y00UfX1tBLrtLRg==}
    engines: {node: '>= 20'}

  '@octokit/request@10.0.16':
    resolution: {integrity: sha512-A0zWGjHzISIb+9ccG8s0dq7LKO5zVpJLRICjgUb+sJxEWqn8RUHB1rD3AE51+PECvXHIxqZ1VVvs4fHTSD9nUQ==}
    engines: {node: '>= 20'}

  '@octokit/types@18.0.0':
    resolution: {integrity: sha512-l6bAF43PNxkJp6g+W4PjoUSSkxHomXw2nOum5CTftJz1NlV3vu93NImgOYtLf6CbBUb5j+fiuzW0PPQ5JTSvZA==}

  '@openai/codex-darwin-arm64@0.154.0-darwin-arm64':
    resolution: {integrity: sha512-HP/vJCH/t2hB9Kg6hotN9UglClJ6/z584fal5lEP14C9gNAgAQS4/kTQC7l5V+BA3TqwDPwINSjul28cX8AYXg==}
    engines: {node: '>=16'}
    cpu: [arm64]
    os: [darwin]
    aliasOf: '@openai/codex'

  '@openai/codex-darwin-x64@0.154.0-darwin-x64':
    resolution: {integrity: sha512-2aqz+72Hop8PF2RYglQ4JnGjm3OlRIrTykJIT0hyLeUgM6NCFy09RgTmqRCoWliKQZjEn9jjZqUEp7QujAj77g==}
    engines: {node: '>=16'}
    cpu: [x64]
    os: [darwin]
    aliasOf: '@openai/codex'

  '@openai/codex-linux-arm64@0.154.0-linux-arm64':
    resolution: {integrity: sha512-KmTCB6ST484zeYlPpKP/K5P/gRaYmt6TihVD+zotoe6O9q0JSBP+FYvCz4A/zZXR7xDOHURTSjHp0sD8wWS0YQ==}
    engines: {node: '>=16'}
    cpu: [arm64]
    os: [linux]
    aliasOf: '@openai/codex'

  '@openai/codex-linux-x64@0.154.0-linux-x64':
    resolution: {integrity: sha512-a4FI3A8sGtwGrOqltrPbrS2hajrHQG591EwmRfiRoLMb10VxdBtUGW4gu6IJVYENiYGA7k3P4jlRHEoCZU/s9Q==}
    engines: {node: '>=16'}
    cpu: [x64]
    os: [linux]
    aliasOf: '@openai/codex'

  '@openai/codex-sdk@0.154.0':
    resolution: {integrity: sha512-TTQ2ItcqCRR8gkfgFc+0OAOIG3hJ7dTHezkvnLBYVA3Qd+JkD/kzWwM3MtlTFOgYa4zYBrQ7iStjO0dmvAz3Nw==}
    engines: {node: '>=18'}

  '@openai/codex-security@0.1.28':
    resolution: {integrity: sha512-siXnLzGIuAQHzM241PHFI7zA8H/gHu7nvnz7KOlZF4q0QixmuXOy1aFMzS7PGM9k2y+4dTIWbDHOXDskEI0bYA==}
    engines: {node: ^22.13.0 || ^24.0.0 || ^26.0.0}
    hasBin: true

  '@openai/codex-win32-arm64@0.154.0-win32-arm64':
    resolution: {integrity: sha512-CRUmZnE0Y/a8aLMrrA681EytOGaPaF659wJAiI4I3hsbQjaeYBSPV7PkCjy4Qn5LR/fmwIUORVH+6JaBNQL+tw==}
    engines: {node: '>=16'}
    cpu: [arm64]
    os: [win32]
    aliasOf: '@openai/codex'

  '@openai/codex-win32-x64@0.154.0-win32-x64':
    resolution: {integrity: sha512-Stg2KEJPIKVqPPR1wCverGOR4ey3RR3cvakR07w7FNKQUMzmHaOZomRsP2bR1qOT/67yHsks9rB+MCMfIWXcRA==}
    engines: {node: '>=16'}
    cpu: [x64]
    os: [win32]
    aliasOf: '@openai/codex'

  '@openai/codex@0.154.0':
    resolution: {integrity: sha512-FV/x1OHXYv/ifjf3mXj9ThTTAWcUZN6cGIRQRhRxkKNOPuImu1WW0c8ev1vUkE9XGH90dEnYG1tBjIkxRikg0w==}
    engines: {node: '>=16'}
    hasBin: true

  '@scalar/openapi-types@0.8.0':
    resolution: {integrity: sha512-WmaxVSfvY5K/TwcG2B2TU1WOe1As1uc2s7myswtP6dBlcjU3hM08SApxv/jmyGaCE8t4gO5BBhmHY4pDUfmr2g==}
    engines: {node: '>=22'}

  '@toon-format/toon@2.3.1':
    resolution: {integrity: sha512-sWqEMeAJGMda9qRrfPKrX3C4c33CO9SJuvJzzrcBEn5sbDB+k6pSLkDsfN0rVnLQwR97MV3sDgVbcxQNsq8xVw==}

  '@types/node@26.6.1':
    resolution: {integrity: sha512-VqGJBMCtdhqkBUCcBLvywI0NJ+KLuVzgNnlBUNFOQjqVxzo2lxLUNg1DSey8+u2u6ktswSAxg+s68QLzWHNOuA==}

  '@types/yauzl@2.10.3':
    resolution: {integrity: sha512-oJoftv0LSuaDZE3Le4DbKX+KS9G36NzOeSap90UIK0yMA/NhKJhqlSGtNDORNRaIbQfzjXDrQa0ytJ6mNRGz/Q==}

  ajv@8.20.0:
    resolution: {integrity: sha512-Thbli+OlOj+iMPYFBVBfJ3OmCAnaSyNn4M1vz9T6Gka5Jt9ba/HIR56joy65tY6kx/FCF5VXNB819Y7/GUrBGA==}

  ansi-escapes@7.3.0:
    resolution: {integrity: sha512-BvU8nYgGQBxcmMuEeUEmNTvrMVjJNSH7RgW24vXexN4Ven6qCvy4TntnvlnwnMLTVlcRQQdbRY8NKnaIoeWDNg==}
    engines: {node: '>=18'}

  ansi-regex@6.3.0:
    resolution: {integrity: sha512-WpDfL7NO6j7tH88IDBNVdUJxDh9nmCteAVW9dsep846XdwF4naCBK+/tGLX3KJgcpgMRXCFlTM2hKGoK9FsdrQ==}
    engines: {node: '>=12'}

  ansi-styles@6.2.3:
    resolution: {integrity: sha512-4Dj6M28JB+oAH8kFkTLUo+a2jwOFkuqb3yucU0CANcRRUbxS0cP0nZYCGjcc3BNXwRIsUVmDGgzawme7zvJHvg==}
    engines: {node: '>=12'}

  auto-bind@5.0.1:
    resolution: {integrity: sha512-ooviqdwwgfIfNmDwo94wlshcdzfO64XV0Cg6oDsDYBJfITDz1EngD2z7DkbvCWn+XIMsIqW27sEVF6qcpJrRcg==}
    engines: {node: ^12.20.0 || ^14.13.1 || >=16.0.0}

  base64-js@1.5.1:
    resolution: {integrity: sha512-AKpaYlHn8t4SVbOHCy+b5+KKgvR4vrsD8vbvrbiQJps7fKDTkjkDry6ji0rUJjC0kzbNePLwzxq8iypo41qeWA==}

  before-after-hook@4.0.0:
    resolution: {integrity: sha512-q6tR3RPqIB1pMiTRMFcZwuG5T8vwp+vUvEG0vuI6B+Rikh5BfPp2fQ82c925FOs+b0lcFQ8CFrL+KbilfZFhOQ==}

  buffer-crc32@0.2.13:
    resolution: {integrity: sha512-VO9Ht/+p3SN7SKWqcrgEzjGbRSJYTx+Q1pTQC0wrWqHx0vpJraQ6GtHx8tvcg1rlK1byhU5gccxgOgj7B0TDkQ==}

  chalk@5.6.2:
    resolution: {integrity: sha512-7NzBL0rN6fMUW+f7A6Io4h40qQlG+xGmtMxfbnH/K7TAtt8JQWVQK+6g0UXKMeVJoyV5EkkNsErQ8pVD3bLHbA==}
    engines: {node: ^12.17.0 || ^14.13 || >=16.0.0}

  chardet@2.2.0:
    resolution: {integrity: sha512-rddelWYNPRrXq6PtNEN2S3f6t9ILzvqaN5pVgi4kqt9jHQaXIial9PznB5iSPVlQSLNaaH22ItWz3EJtQ10+OA==}

  cli-boxes@4.0.1:
    resolution: {integrity: sha512-5IOn+jcCEHEraYolBPs/sT4BxYCe2nHg374OPiItB1O96KZFseS2gthU4twyYzeDcFew4DaUM/xwc5BQf08JJw==}
    engines: {node: '>=18.20 <19 || >=20.10'}

  cli-cursor@4.0.0:
    resolution: {integrity: sha512-VGtlMu3x/4DOtIUwEkRezxUZ2lBacNJCHash0N0WeZDBS+7Ux1dm3XWAgWYxLJFMMdOeXMHXorshEFhbMSGelg==}
    engines: {node: ^12.20.0 || ^14.13.1 || >=16.0.0}

  cli-truncate@6.1.1:
    resolution: {integrity: sha512-06p9vyLahLa4zkGcgsGxU6iEkSOiuI4fhCH6Emhe2lPAcoUv73n72DnODsnHA+5wwXGnV0n9M9/qOQJSjYhFhw==}
    engines: {node: '>=22'}

  cli-width@4.1.0:
    resolution: {integrity: sha512-ouuZd4/dm2Sw5Gmqy6bGyNNNe1qt9RpmxveLSO7KcgsTnU7RXfsw+/bukWGo1abgBiMAic068rclZsO4IWmmxQ==}
    engines: {node: '>= 12'}

  code-excerpt@4.0.0:
    resolution: {integrity: sha512-xxodCmBen3iy2i0WtAK8FlFNrRzjUqjRsMfho58xT/wvZU1YTM3fCnRjcy1gJPMepaRlgm/0e6w8SpWHpn3/cA==}
    engines: {node: ^12.20.0 || ^14.13.1 || >=16.0.0}

  content-type@3.1.0:
    resolution: {integrity: sha512-z26wZR7iXahgpSK7XgnB4IbRVmUNSODvsX9qC9TAru7AcWGiqn5YKy+OH3PLRrwyAnewykKhCqnD+VV3a8uT8Q==}
    engines: {node: '>=22'}

  convert-to-spaces@2.0.1:
    resolution: {integrity: sha512-rcQ1bsQO9799wq24uE5AM2tAILy4gXGIK/njFWcVQkGNZ96edlpY+A7bjwvzjYvLDyzmG1MmMLZhpcsb+klNMQ==}
    engines: {node: ^12.20.0 || ^14.13.1 || >=16.0.0}

  debug@4.4.3:
    resolution: {integrity: sha512-RGwwWnwQvkVfavKVt22FGLw+xYSdzARwm0ru6DhTVA3umU5hZc28V3kO4stgYryrTlLpuvgI9GiijltAjNbcqA==}
    engines: {node: '>=6.0'}
    peerDependencies:
      supports-color: '*'
    peerDependenciesMeta:
      supports-color:
        optional: true

  end-of-stream@1.4.5:
    resolution: {integrity: sha512-ooEGc6HP26xXq/N+GCGOT0JKCLDGrq2bQUZrQ7gyrJiZANJ/8YDTxTpQBXGMn+WbIQXNVpyWymm7KYVICQnyOg==}

  environment@1.1.0:
    resolution: {integrity: sha512-xUtoPkMggbz0MPyPiIWr1Kp4aeWJjDZ6SMvURhimjdZgsRuDplF5/s9hcgGhyXMhs+6vpnuoiZ2kFiu3FMnS8Q==}
    engines: {node: '>=18'}

  es-toolkit@1.52.0:
    resolution: {integrity: sha512-XTNEJQh1tY1ZJVcf6ayP/2n4ZPyaHlW2FWs7xvw5ddPuhUVjLD3olQVQS7kf58JbAB48iL0uL/jerTrjtV3lDA==}

  escape-string-regexp@2.0.0:
    resolution: {integrity: sha512-UpzcLCXolUWcNu5HtVMHYdXJjArjsF9C0aNnquZYY4uW/Vu0miy5YoWvbV345HauVvcAUnpRuhMMcqTcGOY2+w==}
    engines: {node: '>=8'}

  extract-zip@2.0.1:
    resolution: {integrity: sha512-GDhU9ntwuKyGXdZBUgTIe+vXnWj0fppUEtMDL0+idd5Sta8TGpHssn/eusA9mrPr9qNDym6SxAYZjNvCn/9RBg==}
    engines: {node: '>= 10.17.0'}
    hasBin: true

  fast-deep-equal@3.1.3:
    resolution: {integrity: sha512-f3qQ9oQy9j2AhBe/H9VC91wLmKBCCU/gDOnKNAYG5hswO7BLKj09Hc5HYNz9cGI++xlpDCIgDaitVs03ATR84Q==}

  fast-string-truncated-width@3.0.3:
    resolution: {integrity: sha512-0jjjIEL6+0jag3l2XWWizO64/aZVtpiGE3t0Zgqxv0DPuxiMjvB3M24fCyhZUO4KomJQPj3LTSUnDP3GpdwC0g==}

  fast-string-width@3.0.2:
    resolution: {integrity: sha512-gX8LrtNEI5hq8DVUfRQMbr5lpaS4nMIWV+7XEbXk2b8kiQIizgnlr12B4dA3ZEx3308ze0O4Q1R+cHts8kyUJg==}

  fast-uri@3.1.8:
    resolution: {integrity: sha512-GZMtZUTNRpOVIECoXwLNZS5xUGE+mVNbTB8h/7Rwh2TFWcBQiPzTgyZi05BF9UMZKkLJv8XBRJTlU7zg8+ZfMg==}

  fast-wrap-ansi@0.2.2:
    resolution: {integrity: sha512-7F2Fl+TjRSenLqlU3UjSH0iyqopqoZIu7eZVpEirP2g1GtWa2G/ecEmBdgz31+Mxr+ELclgg6sokpSFIQiZ02Q==}

  fd-slicer@1.1.0:
    resolution: {integrity: sha512-cE1qsB/VwyQozZ+q1dGxR8LBYNZeofhEdUNGSMbQD3Gw2lAzX9Zb3uIU6Ebc/Fmyjo9AWWfnn0AUCHqtevs/8g==}

  fflate@0.8.3:
    resolution: {integrity: sha512-tbZNuJrLwGUp3zshBtdy4W+ORxZuIh8a5ilyIEQDC5rY1f3U20JMry0Ll3WBzU58EZKsEuJFXhb5gwv8CsPvgA==}

  get-east-asian-width@1.7.0:
    resolution: {integrity: sha512-XjH1AECxf0giL2V1aU8vKyRR2ppRUb5c0EvT7zuJTokQ74bNo52zOtghqdWIqrhUD79fo3x0WfKZdOqxF6LG1Q==}
    engines: {node: '>=18'}

  get-stream@5.2.0:
    resolution: {integrity: sha512-nBF+F1rAZVCu/p7rjzgA+Yb4lfYXrpl7a6VmJrU8wF9I1CKvP/QwPNZHnOlwbTkY6dvtFIzFMSyQXbLoTQPRpA==}
    engines: {node: '>=8'}

  graphql@17.0.2:
    resolution: {integrity: sha512-FRWbddMxfkjiB7z+aQDWIR+E34xo9I8c9mtK2RPv8PmMzKRvrdsreHL/Ui/TmwHJfhHChEtsFPyMHKI+xuarQQ==}
    engines: {node: ^22.0.0 || ^24.0.0 || ^25.0.0 || >=26.0.0}

  iconv-lite@0.7.3:
    resolution: {integrity: sha512-IKXpvIzjnC9XTAUbVBcMfGS0EPaIXtW6v+zr+RRp+hqULEpo0owZax6wyRwPOJbWbzjYspQwusTsfVr0ifh4uQ==}
    engines: {node: '>=0.10.0'}

  incur@0.5.1:
    resolution: {integrity: sha512-gEwPg0Rwf+Oi8pwySLumYgWk//Xiv2wRJhwsOwVskt7ZHrfwFTR7oQmANnyDqudRYhqK3I5/dp489kPehPjIww==}
    engines: {node: '>=22'}
    hasBin: true

  indent-string@5.0.0:
    resolution: {integrity: sha512-m6FAo/spmsW2Ab2fU35JTYwtOKa2yAwXSwgjSv1TJzh4Mh7mC3lzAOVLBprb72XsTrgkEIsl7YrFNAiDiRhIGg==}
    engines: {node: '>=12'}

  ink@7.1.1:
    resolution: {integrity: sha512-Y43xxa1ZSPvpmfLHcN5o+OdP8Rf8ykkNJEuKYOUNZKT8wXVNLFTtEm1nSDMQkfBH+YANF4Xuu0hhZ4ejqAtN2w==}
    engines: {node: '>=22'}
    peerDependencies:
      '@types/react': '>=19.2.0'
      react: '>=19.2.0'
      react-devtools-core: '>=6.1.2'
    peerDependenciesMeta:
      '@types/react':
        optional: true
      react-devtools-core:
        optional: true

  is-fullwidth-code-point@5.1.0:
    resolution: {integrity: sha512-5XHYaSyiqADb4RnZ1Bdad6cPp8Toise4TzEjcOYDHZkTCbKgiUl7WTUCpNWHuxmDt91wnsZBc9xinNzopv3JMQ==}
    engines: {node: '>=18'}

  is-in-ci@2.0.0:
    resolution: {integrity: sha512-cFeerHriAnhrQSbpAxL37W1wcJKUUX07HyLWZCW1URJT/ra3GyUTzBgUnh24TMVfNTV2Hij2HLxkPHFZfOZy5w==}
    engines: {node: '>=20'}
    hasBin: true

  js-tiktoken@1.0.21:
    resolution: {integrity: sha512-biOj/6M5qdgx5TKjDnFT1ymSpM5tbd3ylwDtrQvFQSu0Z7bBYko2dF+W/aUkXUPuk6IVpRxk/3Q2sHOzGlS36g==}

  json-schema-traverse@1.0.0:
    resolution: {integrity: sha512-NM8/P9n3XjXhIZn1lLhkFaACTOURQXjWhV4BA/RnOv8xvgqtqpAX9IO4mRQxSx1Rlo4tqzeqb0sOlruaOy3dug==}

  json-with-bigint@3.5.12:
    resolution: {integrity: sha512-uwbF/wSSuOgC7qqlq27Xp5B6a2MHVug3t0idZdTqu0JnlFvgJuH7ju+KAk/J06C7GfhoYy2gnb9wz2INqcne7w==}

  mimic-fn@2.1.0:
    resolution: {integrity: sha512-OqbOk5oEQeAZ8WXWydlu9HJjz9WVdEIvamMCcXmuqUYjTknH/sqsWvhQ3vgwKFRR1HpjvNBKQ37nbJgYzGqGcg==}
    engines: {node: '>=6'}

  ms@2.1.3:
    resolution: {integrity: sha512-6FlzubTLZG3J2a/NVCAleEhjzq5oxgHyaCU9yYXvcLsvoVaHJq/s5xXI6/XXP6tz7R9xAOtHnSO/tXtF3WRTlA==}

  mute-stream@3.0.0:
    resolution: {integrity: sha512-dkEJPVvun4FryqBmZ5KhDo0K9iDXAwn08tMLDinNdRBNPcYEDiWYysLcc6k3mjTMlbP9KyylvRpd4wFtwrT9rw==}
    engines: {node: ^20.17.0 || >=22.9.0}

  once@1.4.0:
    resolution: {integrity: sha512-lNaJgI+2Q5URQBkccEKHTQOPaXdUxnZZElQTZY0MFUAuaEqe1E+Nyvgdz/aIyNi6Z9MzO5dv1H8n58/GELp3+w==}

  onetime@5.1.2:
    resolution: {integrity: sha512-kbpaSSGJTWdAY5KPVeMOKXSrPtr8C8C7wodJbcsd51jRnmD+GZu8Y0VoU6Dm5Z4vWr0Ig/1NKuWRKf7j5aaYSg==}
    engines: {node: '>=6'}

  papaparse@5.7.0:
    resolution: {integrity: sha512-qBGxg/7Q3Kl9Wfhrz2Z74UnvnHTXLNG6jmKJFeBvP2+y4lV7So+7SR62+Zd47JvdrCkX+nDcnr0ObPzek/+6RA==}

  patch-console@2.0.0:
    resolution: {integrity: sha512-0YNdUceMdaQwoKce1gatDScmMo5pu/tfABfnzEqeG0gtTmd7mh/WcwgUjtAeOU7N8nFFlbQBnFK2gXW5fGvmMA==}
    engines: {node: ^12.20.0 || ^14.13.1 || >=16.0.0}

  pdfjs-dist@6.3.289:
    resolution: {integrity: sha512-ZHjSVpDa3D6izMq8/04lvkhkATUmL9px6ChPaXc1k6nU2Mrhlg1/7F0bdUqCwUjw3NsPTfPZsMDUU6ZIcRaeQw==}
    engines: {node: '>=22.13.0 || >=24'}

  pend@1.2.0:
    resolution: {integrity: sha512-F3asv42UuXchdzt+xXqfW1OGlVBe+mxa2mqI0pg5yAHZPvFmY3Y6drSf/GQ1A86WgWEN9Kzh/WrgKa6iGcHXLg==}

  pump@3.0.4:
    resolution: {integrity: sha512-VS7sjc6KR7e1ukRFhQSY5LM2uBWAUPiOPa/A3mkKmiMwSmRFUITt0xuj+/lesgnCv+dPIEYlkzrcyXgquIHMcA==}

  react-reconciler@0.33.0:
    resolution: {integrity: sha512-KetWRytFv1epdpJc3J4G75I4WrplZE5jOL7Yq0p34+OVOKF4Se7WrdIdVC45XsSSmUTlht2FM/fM1FZb1mfQeA==}
    engines: {node: '>=0.10.0'}
    peerDependencies:
      react: ^19.2.0

  react@19.2.8:
    resolution: {integrity: sha512-PWaYA1L/q9u2u7xYQi+Y3L3Yfnie7XyLeaJICV1MGD6LprsBxcAqGjYyr0eY3p+QdsA+x/Irkt4Qif8D63+Sbw==}
    engines: {node: '>=0.10.0'}

  require-from-string@2.0.2:
    resolution: {integrity: sha512-Xf0nWe6RseziFMu+Ap9biiUbmplq6S9/p+7w7YXP/JBHhrUDDUhwa+vANyubuqfZWTveU//DYVGsDG7RKL/vEw==}
    engines: {node: '>=0.10.0'}

  restore-cursor@4.0.0:
    resolution: {integrity: sha512-I9fPXU9geO9bHOt9pHHOhOkYerIMsmVaWB0rA2AI9ERh/+x/i7MV5HKBNrg+ljO5eoPVgCcnFuRjJ9uH6I/3eg==}
    engines: {node: ^12.20.0 || ^14.13.1 || >=16.0.0}

  safer-buffer@2.1.2:
    resolution: {integrity: sha512-YZo3K82SD7Riyi0E1EQPojLz7kpepnSQI9IyPbHHg1XXXevb5dJI7tpyN2ADxGcQbHG7vcyRHk0cbwqcQriUtg==}

  scheduler@0.27.0:
    resolution: {integrity: sha512-eNv+WrVbKu1f3vbYJT/xtiF5syA5HPIMtf9IgY/nKg0sWqzAUEvqY/xm7OcZc/qafLx/iO9FgOmeSAp4v5ti/Q==}

  semver@7.8.5:
    resolution: {integrity: sha512-Y7/KDsb8LjooZpwaqGyulO6DQlksgCncchHGk+sZIY4SBvUocMBEFH5Ur1fI4dV+Jvl0w6cjvucaIi40puRioA==}
    engines: {node: '>=10'}
    hasBin: true

  signal-exit@3.0.7:
    resolution: {integrity: sha512-wnD2ZE+l+SPC/uoS0vXeE9L1+0wuaMqKlfz9AMUo38JsyLSBWSFcHR1Rri62LZc12vLr1gb3jl7iwQhgwpAbGQ==}

  signal-exit@4.1.0:
    resolution: {integrity: sha512-bzyZ1e88w9O1iNJbKnOlvYTrWPDl46O1bG0D3XInv+9tkPrxrN8jUUTiFlDkkmKWgn1M6CfIA13SuGqOa9Korw==}
    engines: {node: '>=14'}

  slice-ansi@9.0.0:
    resolution: {integrity: sha512-SO/3iYL5S3W57LLEniscOGPZgOqZUPCx6d3dB+52B80yJ0XstzsC/eV8gnA4tM3MHDrKz+OCFSLNjswdSC+/bA==}
    engines: {node: '>=22'}

  smol-toml@1.8.0:
    resolution: {integrity: sha512-kCZr2V3ch9i00x8zXRhjUNVcjG9ijES5dDudkXvUVCT5QlJNQWElSJdZqyPemffHoLNUYwOcou0Fy+ojN0uHSQ==}
    engines: {node: '>= 18'}

  stack-utils@2.0.6:
    resolution: {integrity: sha512-XlkWvfIm6RmsWtNJx+uqtKLS8eqFbxUg0ZzLXqY0caEy9l7hruX8IpiDnjsLavoBgqCCR71TqWO8MaXYheJ3RQ==}
    engines: {node: '>=10'}

  string-width@8.2.2:
    resolution: {integrity: sha512-GaPUh5gfdrYzqeVNZvUfT23vYYxXzKYidUcnMtJg/3rxRV63EFZy3k6xfKlmfeJD0176lnUV/Usr3XcwSvFzpg==}
    engines: {node: '>=20'}

  strip-ansi@7.2.0:
    resolution: {integrity: sha512-yDPMNjp4WyfYBkHnjIRLfca1i6KMyGCtsVgoKe/z1+6vukgaENdgGBZt+ZmKPc4gavvEZ5OgHfHdrazhgNyG7w==}
    engines: {node: '>=12'}

  tagged-tag@1.0.0:
    resolution: {integrity: sha512-yEFYrVhod+hdNyx7g5Bnkkb0G6si8HJurOoOEgC8B/O0uXLHlaey/65KRv6cuWBNhBgHKAROVpc7QyYqE5gFng==}
    engines: {node: '>=20'}

  terminal-size@4.0.1:
    resolution: {integrity: sha512-avMLDQpUI9I5XFrklECw1ZEUPJhqzcwSWsyyI8blhRLT+8N1jLJWLWWYQpB2q2xthq8xDvjZPISVh53T/+CLYQ==}
    engines: {node: '>=18'}

  tokenx@1.6.0:
    resolution: {integrity: sha512-CKTjk345ajvBAUp5xUI9a5KKN0zU0lBueVHQbCskH1Hp6WkUKsPW2qGCYNs0pxNyfzxfo+IIjdt2W4sMbw/qBw==}

  type-fest@5.10.0:
    resolution: {integrity: sha512-NoSdpq/WEiAg5sjmBkmV/hfxv6HJH4NqPNrqjtSO5CwRmpsDfaf4begxW34KdJykH/l1yHtwBWQkCRdoXO8mPA==}
    engines: {node: '>=20'}

  undici-types@8.9.0:
    resolution: {integrity: sha512-KTDyRTYX8sWmKXAikPHHSyc63CRPETMctyjKFupcC6OBLXT3xsN0e9aF7m+mIXutFWpUXuedtowG7iLOzp0kQg==}

  universal-user-agent@7.0.3:
    resolution: {integrity: sha512-TmnEAEAsBJVZM/AADELsK76llnwcf9vMKuPz8JflO1frO8Lchitr0fNaN9d+Ap0BjKtqWqd/J17qeDnXh8CL2A==}

  widest-line@6.0.0:
    resolution: {integrity: sha512-U89AsyEeAsyoF0zVJBkG9zBgekjgjK7yk9sje3F4IQpXBJ10TF6ByLlIfjMhcmHMJgHZI4KHt4rdNfktzxIAMA==}
    engines: {node: '>=20'}

  wrap-ansi@10.0.1:
    resolution: {integrity: sha512-M0N4xzyzosiIok3svYlEo1sdLZts/8FPgYH/GPC3wvlmPoRvnoManGMrE54waYj3tISA8w6lsdesfVv67qSr8Q==}
    engines: {node: '>=20'}

  wrappy@1.0.2:
    resolution: {integrity: sha512-l4Sp/DRseor9wL6EvV2+TuQn63dMkPjZ/sp9XkghTEbV9KlPS1xUsZ3u7/IQO4wxtcFB4bgpQPRcR3QCvezPcQ==}

  ws@8.21.3:
    resolution: {integrity: sha512-201TZ/kPWxoPr/OKWjquZR1SWKXcvxdH+e1xrx89b3YbmzLMFCLfnaG1HFIgWzJOEWZ7MvpK++odZufgYR50Rw==}
    engines: {node: '>=10.0.0'}
    peerDependencies:
      bufferutil: ^4.0.1
      utf-8-validate: '>=5.0.2'
    peerDependenciesMeta:
      bufferutil:
        optional: true
      utf-8-validate:
        optional: true

  yaml@2.9.0:
    resolution: {integrity: sha512-2AvhNX3mb8zd6Zy7INTtSpl1F15HW6Wnqj0srWlkKLcpYl/gMIMJiyuGq2KeI2YFxUPjdlB+3Lc10seMLtL4cA==}
    engines: {node: '>= 14.6'}
    hasBin: true

  yauzl@2.10.0:
    resolution: {integrity: sha512-p4a9I6X6nu6IhoGmBqAcbJy1mlC4j27vEPZX9F4L4/vZT3Lyq1VkFHw/V/PUcB9Buo+DG3iHkT0x3Qya58zc3g==}

  yoga-layout@3.2.1:
    resolution: {integrity: sha512-0LPOt3AxKqMdFBZA3HBAt/t/8vIKq7VaQYbuA8WxCgung+p9TVyKRYdpvCb80HcdTN2NkbIKbhNwKUfm3tQywQ==}

  zod@4.5.4:
    resolution: {integrity: sha512-sC95tT5iHHH9gtpj6A81kh+NEaRAUFN+qlUPDUbRfOMvNf5QCBqsb3WgvnpVtK5Y+4UfA6KqufotuTvMGiTlsA==}

snapshots:

  '@alcalzone/ansi-tokenize@0.3.1':
    dependencies:
      ansi-styles: 6.2.3
      is-fullwidth-code-point: 5.1.0

  '@cfworker/json-schema@4.1.1': {}

  '@graphql-typed-document-node/core@3.2.0(graphql@17.0.2)':
    dependencies:
      graphql: 17.0.2

  '@inquirer/ansi@2.0.8': {}

  '@inquirer/checkbox@5.2.5':
    dependencies:
      '@inquirer/ansi': 2.0.8
      '@inquirer/core': 12.0.3
      '@inquirer/figures': 2.0.9
      '@inquirer/type': 4.1.1
    transitivePeerDependencies:
      - '@types/node'

  '@inquirer/confirm@6.3.2':
    dependencies:
      '@inquirer/core': 12.0.3
      '@inquirer/type': 4.1.1
    transitivePeerDependencies:
      - '@types/node'

  '@inquirer/core@12.0.3':
    dependencies:
      '@inquirer/ansi': 2.0.8
      '@inquirer/figures': 2.0.9
      '@inquirer/type': 4.1.1
      cli-width: 4.1.0
      fast-wrap-ansi: 0.2.2
      mute-stream: 3.0.0
      signal-exit: 4.1.0
    transitivePeerDependencies:
      - '@types/node'

  '@inquirer/editor@5.3.3':
    dependencies:
      '@inquirer/core': 12.0.3
      '@inquirer/external-editor': 3.0.5
      '@inquirer/type': 4.1.1
    transitivePeerDependencies:
      - '@types/node'

  '@inquirer/expand@5.1.5':
    dependencies:
      '@inquirer/core': 12.0.3
      '@inquirer/type': 4.1.1
    transitivePeerDependencies:
      - '@types/node'

  '@inquirer/external-editor@3.0.5':
    dependencies:
      chardet: 2.2.0
      iconv-lite: 0.7.3

  '@inquirer/figures@2.0.9': {}

  '@inquirer/input@5.1.6':
    dependencies:
      '@inquirer/core': 12.0.3
      '@inquirer/type': 4.1.1
    transitivePeerDependencies:
      - '@types/node'

  '@inquirer/number@4.2.3':
    dependencies:
      '@inquirer/core': 12.0.3
      '@inquirer/type': 4.1.1
    transitivePeerDependencies:
      - '@types/node'

  '@inquirer/password@5.2.2':
    dependencies:
      '@inquirer/ansi': 2.0.8
      '@inquirer/core': 12.0.3
      '@inquirer/type': 4.1.1
    transitivePeerDependencies:
      - '@types/node'

  '@inquirer/prompts@8.7.2':
    dependencies:
      '@inquirer/checkbox': 5.2.5
      '@inquirer/confirm': 6.3.2
      '@inquirer/editor': 5.3.3
      '@inquirer/expand': 5.1.5
      '@inquirer/input': 5.1.6
      '@inquirer/number': 4.2.3
      '@inquirer/password': 5.2.2
      '@inquirer/rawlist': 5.3.5
      '@inquirer/search': 4.3.3
      '@inquirer/select': 5.2.5
    transitivePeerDependencies:
      - '@types/node'

  '@inquirer/rawlist@5.3.5':
    dependencies:
      '@inquirer/core': 12.0.3
      '@inquirer/type': 4.1.1
    transitivePeerDependencies:
      - '@types/node'

  '@inquirer/search@4.3.3':
    dependencies:
      '@inquirer/core': 12.0.3
      '@inquirer/figures': 2.0.9
      '@inquirer/type': 4.1.1
    transitivePeerDependencies:
      - '@types/node'

  '@inquirer/select@5.2.5':
    dependencies:
      '@inquirer/ansi': 2.0.8
      '@inquirer/core': 12.0.3
      '@inquirer/figures': 2.0.9
      '@inquirer/type': 4.1.1
    transitivePeerDependencies:
      - '@types/node'

  '@inquirer/type@4.1.1': {}

  '@linear/sdk@93.0.1(graphql@17.0.2)':
    dependencies:
      '@graphql-typed-document-node/core': 3.2.0(graphql@17.0.2)

  '@modelcontextprotocol/server@2.0.0-alpha.4':
    dependencies:
      zod: 4.5.4

  '@napi-rs/canvas-android-arm64@1.0.9':
    optional: true

  '@napi-rs/canvas-darwin-arm64@1.0.9':
    optional: true

  '@napi-rs/canvas-darwin-x64@1.0.9':
    optional: true

  '@napi-rs/canvas-linux-arm-gnueabihf@1.0.9':
    optional: true

  '@napi-rs/canvas-linux-arm64-gnu@1.0.9':
    optional: true

  '@napi-rs/canvas-linux-arm64-musl@1.0.9':
    optional: true

  '@napi-rs/canvas-linux-riscv64-gnu@1.0.9':
    optional: true

  '@napi-rs/canvas-linux-x64-gnu@1.0.9':
    optional: true

  '@napi-rs/canvas-linux-x64-musl@1.0.9':
    optional: true

  '@napi-rs/canvas-win32-arm64-msvc@1.0.9':
    optional: true

  '@napi-rs/canvas-win32-x64-msvc@1.0.9':
    optional: true

  '@napi-rs/canvas@1.0.9':
    optionalDependencies:
      '@napi-rs/canvas-android-arm64': 1.0.9
      '@napi-rs/canvas-darwin-arm64': 1.0.9
      '@napi-rs/canvas-darwin-x64': 1.0.9
      '@napi-rs/canvas-linux-arm-gnueabihf': 1.0.9
      '@napi-rs/canvas-linux-arm64-gnu': 1.0.9
      '@napi-rs/canvas-linux-arm64-musl': 1.0.9
      '@napi-rs/canvas-linux-riscv64-gnu': 1.0.9
      '@napi-rs/canvas-linux-x64-gnu': 1.0.9
      '@napi-rs/canvas-linux-x64-musl': 1.0.9
      '@napi-rs/canvas-win32-arm64-msvc': 1.0.9
      '@napi-rs/canvas-win32-x64-msvc': 1.0.9
    optional: true

  '@octokit/auth-token@6.0.0': {}

  '@octokit/core@7.0.8':
    dependencies:
      '@octokit/auth-token': 6.0.0
      '@octokit/graphql': 9.0.5
      '@octokit/request': 10.0.16
      '@octokit/request-error': 7.1.2
      '@octokit/types': 18.0.0
      before-after-hook: 4.0.0
      universal-user-agent: 7.0.3

  '@octokit/endpoint@11.0.5':
    dependencies:
      '@octokit/types': 18.0.0
      universal-user-agent: 7.0.3

  '@octokit/graphql@9.0.5':
    dependencies:
      '@octokit/request': 10.0.16
      '@octokit/types': 18.0.0
      universal-user-agent: 7.0.3

  '@octokit/openapi-types@29.0.1': {}

  '@octokit/request-error@7.1.2':
    dependencies:
      '@octokit/types': 18.0.0

  '@octokit/request@10.0.16':
    dependencies:
      '@octokit/endpoint': 11.0.5
      '@octokit/request-error': 7.1.2
      '@octokit/types': 18.0.0
      content-type: 3.1.0
      json-with-bigint: 3.5.12
      universal-user-agent: 7.0.3

  '@octokit/types@18.0.0':
    dependencies:
      '@octokit/openapi-types': 29.0.1

  '@openai/codex-darwin-arm64@0.154.0-darwin-arm64':
    optional: true

  '@openai/codex-darwin-x64@0.154.0-darwin-x64':
    optional: true

  '@openai/codex-linux-arm64@0.154.0-linux-arm64':
    optional: true

  '@openai/codex-linux-x64@0.154.0-linux-x64':
    optional: true

  '@openai/codex-sdk@0.154.0':
    dependencies:
      '@openai/codex': 0.154.0

  '@openai/codex-security@0.1.28(graphql@17.0.2)':
    dependencies:
      '@inquirer/prompts': 8.7.2
      '@linear/sdk': 93.0.1(graphql@17.0.2)
      '@octokit/core': 7.0.8
      '@openai/codex': 0.154.0
      '@openai/codex-sdk': 0.154.0
      ajv: 8.20.0
      extract-zip: 2.0.1
      fflate: 0.8.3
      incur: 0.5.1
      ink: 7.1.1(react@19.2.8)
      js-tiktoken: 1.0.21
      papaparse: 5.7.0
      pdfjs-dist: 6.3.289
      react: 19.2.8
      semver: 7.8.5
      smol-toml: 1.8.0
      yaml: 2.9.0
      zod: 4.5.4
    transitivePeerDependencies:
      - '@types/node'
      - '@types/react'
      - bufferutil
      - react-devtools-core
      - supports-color
      - utf-8-validate

  '@openai/codex-win32-arm64@0.154.0-win32-arm64':
    optional: true

  '@openai/codex-win32-x64@0.154.0-win32-x64':
    optional: true

  '@openai/codex@0.154.0':
    optionalDependencies:
      '@openai/codex-darwin-arm64': 0.154.0-darwin-arm64
      '@openai/codex-darwin-x64': 0.154.0-darwin-x64
      '@openai/codex-linux-arm64': 0.154.0-linux-arm64
      '@openai/codex-linux-x64': 0.154.0-linux-x64
      '@openai/codex-win32-arm64': 0.154.0-win32-arm64
      '@openai/codex-win32-x64': 0.154.0-win32-x64

  '@scalar/openapi-types@0.8.0': {}

  '@toon-format/toon@2.3.1': {}

  '@types/node@26.6.1':
    dependencies:
      undici-types: 8.9.0
    optional: true

  '@types/yauzl@2.10.3':
    dependencies:
      '@types/node': 26.6.1
    optional: true

  ajv@8.20.0:
    dependencies:
      fast-deep-equal: 3.1.3
      fast-uri: 3.1.8
      json-schema-traverse: 1.0.0
      require-from-string: 2.0.2

  ansi-escapes@7.3.0:
    dependencies:
      environment: 1.1.0

  ansi-regex@6.3.0: {}

  ansi-styles@6.2.3: {}

  auto-bind@5.0.1: {}

  base64-js@1.5.1: {}

  before-after-hook@4.0.0: {}

  buffer-crc32@0.2.13: {}

  chalk@5.6.2: {}

  chardet@2.2.0: {}

  cli-boxes@4.0.1: {}

  cli-cursor@4.0.0:
    dependencies:
      restore-cursor: 4.0.0

  cli-truncate@6.1.1:
    dependencies:
      slice-ansi: 9.0.0
      string-width: 8.2.2

  cli-width@4.1.0: {}

  code-excerpt@4.0.0:
    dependencies:
      convert-to-spaces: 2.0.1

  content-type@3.1.0: {}

  convert-to-spaces@2.0.1: {}

  debug@4.4.3:
    dependencies:
      ms: 2.1.3

  end-of-stream@1.4.5:
    dependencies:
      once: 1.4.0

  environment@1.1.0: {}

  es-toolkit@1.52.0: {}

  escape-string-regexp@2.0.0: {}

  extract-zip@2.0.1:
    dependencies:
      debug: 4.4.3
      get-stream: 5.2.0
      yauzl: 2.10.0
    optionalDependencies:
      '@types/yauzl': 2.10.3
    transitivePeerDependencies:
      - supports-color

  fast-deep-equal@3.1.3: {}

  fast-string-truncated-width@3.0.3: {}

  fast-string-width@3.0.2:
    dependencies:
      fast-string-truncated-width: 3.0.3

  fast-uri@3.1.8: {}

  fast-wrap-ansi@0.2.2:
    dependencies:
      fast-string-width: 3.0.2

  fd-slicer@1.1.0:
    dependencies:
      pend: 1.2.0

  fflate@0.8.3: {}

  get-east-asian-width@1.7.0: {}

  get-stream@5.2.0:
    dependencies:
      pump: 3.0.4

  graphql@17.0.2: {}

  iconv-lite@0.7.3:
    dependencies:
      safer-buffer: 2.1.2

  incur@0.5.1:
    dependencies:
      '@cfworker/json-schema': 4.1.1
      '@modelcontextprotocol/server': 2.0.0-alpha.4
      '@scalar/openapi-types': 0.8.0
      '@toon-format/toon': 2.3.1
      tokenx: 1.6.0
      yaml: 2.9.0
      zod: 4.5.4

  indent-string@5.0.0: {}

  ink@7.1.1(react@19.2.8):
    dependencies:
      '@alcalzone/ansi-tokenize': 0.3.1
      ansi-escapes: 7.3.0
      ansi-styles: 6.2.3
      auto-bind: 5.0.1
      chalk: 5.6.2
      cli-boxes: 4.0.1
      cli-cursor: 4.0.0
      cli-truncate: 6.1.1
      code-excerpt: 4.0.0
      es-toolkit: 1.52.0
      indent-string: 5.0.0
      is-in-ci: 2.0.0
      patch-console: 2.0.0
      react: 19.2.8
      react-reconciler: 0.33.0(react@19.2.8)
      scheduler: 0.27.0
      signal-exit: 3.0.7
      slice-ansi: 9.0.0
      stack-utils: 2.0.6
      string-width: 8.2.2
      terminal-size: 4.0.1
      type-fest: 5.10.0
      widest-line: 6.0.0
      wrap-ansi: 10.0.1
      ws: 8.21.3
      yoga-layout: 3.2.1
    transitivePeerDependencies:
      - bufferutil
      - utf-8-validate

  is-fullwidth-code-point@5.1.0:
    dependencies:
      get-east-asian-width: 1.7.0

  is-in-ci@2.0.0: {}

  js-tiktoken@1.0.21:
    dependencies:
      base64-js: 1.5.1

  json-schema-traverse@1.0.0: {}

  json-with-bigint@3.5.12: {}

  mimic-fn@2.1.0: {}

  ms@2.1.3: {}

  mute-stream@3.0.0: {}

  once@1.4.0:
    dependencies:
      wrappy: 1.0.2

  onetime@5.1.2:
    dependencies:
      mimic-fn: 2.1.0

  papaparse@5.7.0: {}

  patch-console@2.0.0: {}

  pdfjs-dist@6.3.289:
    optionalDependencies:
      '@napi-rs/canvas': 1.0.9

  pend@1.2.0: {}

  pump@3.0.4:
    dependencies:
      end-of-stream: 1.4.5
      once: 1.4.0

  react-reconciler@0.33.0(react@19.2.8):
    dependencies:
      react: 19.2.8
      scheduler: 0.27.0

  react@19.2.8: {}

  require-from-string@2.0.2: {}

  restore-cursor@4.0.0:
    dependencies:
      onetime: 5.1.2
      signal-exit: 3.0.7

  safer-buffer@2.1.2: {}

  scheduler@0.27.0: {}

  semver@7.8.5: {}

  signal-exit@3.0.7: {}

  signal-exit@4.1.0: {}

  slice-ansi@9.0.0:
    dependencies:
      ansi-styles: 6.2.3
      is-fullwidth-code-point: 5.1.0

  smol-toml@1.8.0: {}

  stack-utils@2.0.6:
    dependencies:
      escape-string-regexp: 2.0.0

  string-width@8.2.2:
    dependencies:
      get-east-asian-width: 1.7.0
      strip-ansi: 7.2.0

  strip-ansi@7.2.0:
    dependencies:
      ansi-regex: 6.3.0

  tagged-tag@1.0.0: {}

  terminal-size@4.0.1: {}

  tokenx@1.6.0: {}

  type-fest@5.10.0:
    dependencies:
      tagged-tag: 1.0.0

  undici-types@8.9.0:
    optional: true

  universal-user-agent@7.0.3: {}

  widest-line@6.0.0:
    dependencies:
      string-width: 8.2.2

  wrap-ansi@10.0.1:
    dependencies:
      ansi-styles: 6.2.3
      string-width: 8.2.2

  wrappy@1.0.2: {}

  ws@8.21.3: {}

  yaml@2.9.0: {}

  yauzl@2.10.0:
    dependencies:
      buffer-crc32: 0.2.13
      fd-slicer: 1.1.0

  yoga-layout@3.2.1: {}

  zod@4.5.4: {}
