lockfileVersion: '9.0'

settings:
  autoInstallPeers: true
  excludeLinksFromLockfile: false

importers:

  .:
    dependencies:
      yarn:
        specifier: 1.22.22
        version: 1.22.22

packages:

  yarn@1.22.22:
    resolution: {integrity: sha512-prL3kGtyG7o9Z9Sv8IPfBNrWTDmXB4Qbes8A9rEzt6wkJV8mUvoirjU0Mp3GGAU06Y0XQyA3/2/RQFVuK7MTfg==}
    engines: {node: '>=4.0.0'}
    hasBin: true

snapshots:

  yarn@1.22.22: {}
