lockfileVersion: '9.0'

settings:
  autoInstallPeers: true
  excludeLinksFromLockfile: false

importers:

  .:
    dependencies:
      agent-browser:
        specifier: 0.38.1
        version: 0.38.1

packages:

  agent-browser@0.38.1:
    resolution: {integrity: sha512-k58FCz0yUOCANoNkMiqJe+H2y6r6sUZazqXsWF+MYq1iRC42PjtLcBoag6SSTOD/FRQppvPDvE5HDYEhclvnhw==}
    engines: {node: '>=24.0.0', pnpm: '>=11.0.0'}
    hasBin: true

snapshots:

  agent-browser@0.38.1: {}
